<?xml version="1.0" encoding="utf-8"?>
<Project ToolsVersion="4.0" xmlns="http://schemas.microsoft.com/developer/msbuild/2003">
  <ItemGroup>
    <Filter Include="Header Files">
      <UniqueIdentifier>{93995380-89BD-4b04-88EB-625FBE52EBFB}</UniqueIdentifier>
      <Extensions>h;hpp;hxx;hm;inl;inc;xsd</Extensions>
    </Filter>
    <Filter Include="Resource Files">
      <UniqueIdentifier>{67DA6AB6-F800-4c08-8B7A-83BB121AAD01}</UniqueIdentifier>
      <Extensions>rc;ico;cur;bmp;dlg;rc2;rct;bin;rgs;gif;jpg;jpeg;jpe;resx;tiff;tif;png;wav;mfcribbon-ms</Extensions>
    </Filter>
    <Filter Include="Resource Files\Shaders">
      <UniqueIdentifier>{e0f84799-9fed-4e2a-8dc2-73c7cbafece5}</UniqueIdentifier>
    </Filter>
    <Filter Include="Header Files\Engine">
      <UniqueIdentifier>{1fa40977-5af4-4b4b-adf5-1fd56320d21e}</UniqueIdentifier>
    </Filter>
    <Filter Include="Resource Files\Shaders\ForwardRendering">
      <UniqueIdentifier>{3449af22-024a-420d-a07b-d99f8da2eec1}</UniqueIdentifier>
    </Filter>
    <Filter Include="Source Files">
      <UniqueIdentifier>{4FC737F1-C7A5-4376-A066-2A32D752A2FF}</UniqueIdentifier>
      <Extensions>cpp;c;cc;cxx;def;odl;idl;hpj;bat;asm;asmx</Extensions>
    </Filter>
    <Filter Include="Source Files\Engine">
      <UniqueIdentifier>{7168ad54-1c5f-4245-b720-04bc4cb816bf}</UniqueIdentifier>
    </Filter>
    <Filter Include="Source Files\Engine\Objects">
      <UniqueIdentifier>{e30d7ba1-932e-40bc-b395-39b473e2b9f8}</UniqueIdentifier>
    </Filter>
    <Filter Include="Header Files\Engine\Objects">
      <UniqueIdentifier>{5abb8f18-0356-4634-9735-228221637c9a}</UniqueIdentifier>
    </Filter>
    <Filter Include="Resource Files\Shaders\ForwardRendering\AtmopshericScattering">
      <UniqueIdentifier>{9482e4ed-522e-4fe0-b336-5a2cc2814377}</UniqueIdentifier>
    </Filter>
    <Filter Include="Header Files\Game">
      <UniqueIdentifier>{3f40b499-c23f-4f0d-8e66-2af89ecc0fd4}</UniqueIdentifier>
    </Filter>
    <Filter Include="Source Files\Engine\Rendering">
      <UniqueIdentifier>{445d46fd-3b43-47ff-abec-53ef9754382a}</UniqueIdentifier>
    </Filter>
    <Filter Include="Source Files\Engine\Engine_Physics">
      <UniqueIdentifier>{3a2e7bad-5480-4d3f-ac97-ba47fa346f19}</UniqueIdentifier>
    </Filter>
    <Filter Include="Source Files\Engine\Engine_Renderer">
      <UniqueIdentifier>{d529601b-d679-4638-8aae-fc2429ce4691}</UniqueIdentifier>
    </Filter>
    <Filter Include="Source Files\Engine\Engine_Math">
      <UniqueIdentifier>{c568e9d7-2000-4077-93df-48cd2e59fa8c}</UniqueIdentifier>
    </Filter>
    <Filter Include="Source Files\Engine\Engine_Events">
      <UniqueIdentifier>{620d7c82-669b-4f83-b649-4b75621f5150}</UniqueIdentifier>
    </Filter>
    <Filter Include="Source Files\Engine\Engine_Resources">
      <UniqueIdentifier>{2f4fa588-bf8e-4b29-aa14-95dc93c5a1d4}</UniqueIdentifier>
    </Filter>
    <Filter Include="Source Files\Engine\Engine_Sounds">
      <UniqueIdentifier>{d5080043-c92e-4001-af0a-1a27236d37ea}</UniqueIdentifier>
    </Filter>
    <Filter Include="Header Files\Engine\Engine_Events">
      <UniqueIdentifier>{ee1964bf-1312-47ec-833d-9e38c51aad1e}</UniqueIdentifier>
    </Filter>
    <Filter Include="Header Files\Engine\Engine_Math">
      <UniqueIdentifier>{8aeedacf-411b-41a7-b8a8-b0149a690779}</UniqueIdentifier>
    </Filter>
    <Filter Include="Header Files\Engine\Engine_Physics">
      <UniqueIdentifier>{9820b271-cdad-405e-a893-39d83e18a5f3}</UniqueIdentifier>
    </Filter>
    <Filter Include="Header Files\Engine\Engine_Renderer">
      <UniqueIdentifier>{d57a90f3-d121-4412-b97f-245021f8d522}</UniqueIdentifier>
    </Filter>
    <Filter Include="Header Files\Engine\Engine_Resources">
      <UniqueIdentifier>{dbaccab7-f3ae-4526-9729-c7e44b96dec9}</UniqueIdentifier>
    </Filter>
    <Filter Include="Header Files\Engine\Engine_Sounds">
      <UniqueIdentifier>{07d88ca6-17f1-4dec-9f36-86551628c236}</UniqueIdentifier>
    </Filter>
    <Filter Include="Header Files\Engine\Engine_Core">
      <UniqueIdentifier>{ac5d78b3-752a-4ed2-82fe-e3cd4035a453}</UniqueIdentifier>
    </Filter>
    <Filter Include="Source Files\Engine\Engine_Core">
      <UniqueIdentifier>{649f9f71-2a39-41c2-ac03-16a3c954441d}</UniqueIdentifier>
    </Filter>
    <Filter Include="Header Files\Engine\Rendering">
      <UniqueIdentifier>{47cfec7d-f190-4be3-827b-cb70d658ea58}</UniqueIdentifier>
    </Filter>
    <Filter Include="Source Files\Game">
      <UniqueIdentifier>{9abb022b-e50f-4975-b26b-f67845d85b53}</UniqueIdentifier>
    </Filter>
    <Filter Include="Header Files\Engine\Engine_Networking">
      <UniqueIdentifier>{41cf311b-9a48-4508-bbfd-4a908fc6ed7b}</UniqueIdentifier>
    </Filter>
    <Filter Include="Source Files\Engine\Engine_Networking">
      <UniqueIdentifier>{3a0af9fb-1f3d-4fd1-8b53-94401a2059f1}</UniqueIdentifier>
    </Filter>
    <Filter Include="Header Files\Engine\Rendering\BuiltInShaders">
      <UniqueIdentifier>{0cd400f9-fbaa-4da1-ad78-7f6737adf5b3}</UniqueIdentifier>
    </Filter>
    <Filter Include="Source Files\Engine\Rendering\BuiltInShaders">
      <UniqueIdentifier>{1c8c44f9-8af0-406e-8975-9a88ecb0f866}</UniqueIdentifier>
    </Filter>
  </ItemGroup>
  <ItemGroup>
    <ClCompile Include="Camera.cpp">
      <Filter>Source Files\Engine\Objects</Filter>
    </ClCompile>
    <ClCompile Include="Object.cpp">
      <Filter>Source Files\Engine\Objects</Filter>
    </ClCompile>
    <ClCompile Include="ObjectDynamic.cpp">
      <Filter>Source Files\Engine\Objects</Filter>
    </ClCompile>
    <ClCompile Include="Skybox.cpp">
      <Filter>Source Files\Engine\Objects</Filter>
    </ClCompile>
    <ClCompile Include="Material.cpp">
      <Filter>Source Files\Engine\Rendering</Filter>
    </ClCompile>
    <ClCompile Include="ShaderProgram.cpp">
      <Filter>Source Files\Engine\Rendering</Filter>
    </ClCompile>
    <ClCompile Include="Mesh.cpp">
      <Filter>Source Files\Engine\Objects</Filter>
    </ClCompile>
    <ClCompile Include="Main.cpp">
      <Filter>Source Files\Engine</Filter>
    </ClCompile>
    <ClCompile Include="Light.cpp">
      <Filter>Source Files\Engine\Objects</Filter>
    </ClCompile>
    <ClCompile Include="Game.cpp">
      <Filter>Source Files\Game</Filter>
    </ClCompile>
    <ClCompile Include="Planet.cpp">
      <Filter>Source Files\Game</Filter>
    </ClCompile>
    <ClCompile Include="SolarSystem.cpp">
      <Filter>Source Files\Game</Filter>
    </ClCompile>
    <ClCompile Include="GameCamera.cpp">
      <Filter>Source Files\Game</Filter>
    </ClCompile>
    <ClCompile Include="Ship.cpp">
      <Filter>Source Files\Game</Filter>
    </ClCompile>
    <ClCompile Include="Font.cpp">
      <Filter>Source Files\Engine\Objects</Filter>
    </ClCompile>
    <ClCompile Include="Scene.cpp">
      <Filter>Source Files\Engine\Objects</Filter>
    </ClCompile>
    <ClCompile Include="Texture.cpp">
      <Filter>Source Files\Engine\Rendering</Filter>
    </ClCompile>
    <ClCompile Include="HUD.cpp">
      <Filter>Source Files\Game</Filter>
    </ClCompile>
    <ClCompile Include="ObjectDisplay.cpp">
      <Filter>Source Files\Engine\Objects</Filter>
    </ClCompile>
    <ClCompile Include="Lagrange.cpp">
      <Filter>Source Files\Game</Filter>
    </ClCompile>
    <ClCompile Include="Math.cpp">
      <Filter>Source Files\Game</Filter>
    </ClCompile>
    <ClCompile Include="CapsuleSpace.cpp">
      <Filter>Source Files\Game</Filter>
    </ClCompile>
    <ClCompile Include="GBuffer.cpp">
      <Filter>Source Files\Engine\Rendering</Filter>
    </ClCompile>
    <ClCompile Include="GameSkybox.cpp">
      <Filter>Source Files\Game</Filter>
    </ClCompile>
    <ClCompile Include="Engine_Physics.cpp">
      <Filter>Source Files\Engine\Engine_Physics</Filter>
    </ClCompile>
    <ClCompile Include="Engine_Renderer.cpp">
      <Filter>Source Files\Engine\Engine_Renderer</Filter>
    </ClCompile>
    <ClCompile Include="Engine_Math.cpp">
      <Filter>Source Files\Engine\Engine_Math</Filter>
    </ClCompile>
    <ClCompile Include="Engine_Events.cpp">
      <Filter>Source Files\Engine\Engine_Events</Filter>
    </ClCompile>
    <ClCompile Include="Engine_Resources.cpp">
      <Filter>Source Files\Engine\Engine_Resources</Filter>
    </ClCompile>
    <ClCompile Include="Engine_Sounds.cpp">
      <Filter>Source Files\Engine\Engine_Sounds</Filter>
    </ClCompile>
    <ClCompile Include="Engine.cpp">
      <Filter>Source Files\Engine\Engine_Core</Filter>
    </ClCompile>
    <ClCompile Include="Engine_Window.cpp">
      <Filter>Source Files\Engine\Engine_Core</Filter>
    </ClCompile>
    <ClCompile Include="Terrain.cpp">
      <Filter>Source Files\Engine\Objects</Filter>
    </ClCompile>
    <ClCompile Include="Vehicle.cpp">
      <Filter>Source Files\Engine\Objects</Filter>
    </ClCompile>
    <ClCompile Include="Atmosphere.cpp">
      <Filter>Source Files\Engine\Objects</Filter>
    </ClCompile>
    <ClCompile Include="Engine_Noise.cpp">
      <Filter>Source Files\Engine\Engine_Math</Filter>
    </ClCompile>
    <ClCompile Include="Engine_MeshLoader.cpp">
      <Filter>Source Files\Engine\Engine_Resources</Filter>
    </ClCompile>
    <ClCompile Include="Engine_ResourceBasic.cpp">
      <Filter>Source Files\Engine\Engine_Resources</Filter>
    </ClCompile>
    <ClCompile Include="BindableResource.cpp">
      <Filter>Source Files\Engine\Rendering</Filter>
    </ClCompile>
    <ClCompile Include="Engine_AnimationProcessor.cpp">
      <Filter>Source Files\Engine\Engine_Renderer</Filter>
    </ClCompile>
    <ClCompile Include="Constraint.cpp">
      <Filter>Source Files\Engine\Engine_Physics</Filter>
    </ClCompile>
    <ClCompile Include="Engine_Networking.cpp">
      <Filter>Source Files\Engine\Engine_Networking</Filter>
    </ClCompile>
    <ClCompile Include="MeshInstance.cpp">
      <Filter>Source Files\Engine\Rendering</Filter>
    </ClCompile>
    <ClCompile Include="Engine_BuiltInShaders.cpp">
      <Filter>Source Files\Engine\Rendering\BuiltInShaders</Filter>
    </ClCompile>
    <ClCompile Include="FramebufferObject.cpp">
      <Filter>Source Files\Engine\Rendering</Filter>
    </ClCompile>
    <ClCompile Include="GLImageConstants.cpp">
      <Filter>Source Files\Engine\Rendering</Filter>
    </ClCompile>
  </ItemGroup>
  <ItemGroup>
    <ClInclude Include="Camera.h">
      <Filter>Header Files\Engine\Objects</Filter>
    </ClInclude>
    <ClInclude Include="Object.h">
      <Filter>Header Files\Engine\Objects</Filter>
    </ClInclude>
    <ClInclude Include="ObjectDynamic.h">
      <Filter>Header Files\Engine\Objects</Filter>
    </ClInclude>
    <ClInclude Include="Skybox.h">
      <Filter>Header Files\Engine\Objects</Filter>
    </ClInclude>
    <ClInclude Include="Light.h">
      <Filter>Header Files\Engine\Objects</Filter>
    </ClInclude>
    <ClInclude Include="Material.h">
      <Filter>Header Files\Engine\Rendering</Filter>
    </ClInclude>
    <ClInclude Include="ShaderProgram.h">
      <Filter>Header Files\Engine\Rendering</Filter>
    </ClInclude>
    <ClInclude Include="Mesh.h">
      <Filter>Header Files\Engine\Objects</Filter>
    </ClInclude>
    <ClInclude Include="SolarSystem.h">
      <Filter>Header Files\Game</Filter>
    </ClInclude>
    <ClInclude Include="Planet.h">
      <Filter>Header Files\Game</Filter>
    </ClInclude>
    <ClInclude Include="GameCamera.h">
      <Filter>Header Files\Game</Filter>
    </ClInclude>
    <ClInclude Include="Ship.h">
      <Filter>Header Files\Game</Filter>
    </ClInclude>
    <ClInclude Include="Font.h">
      <Filter>Header Files\Engine\Objects</Filter>
    </ClInclude>
    <ClInclude Include="Scene.h">
      <Filter>Header Files\Engine\Objects</Filter>
    </ClInclude>
    <ClInclude Include="Texture.h">
      <Filter>Header Files\Engine\Rendering</Filter>
    </ClInclude>
    <ClInclude Include="HUD.h">
      <Filter>Header Files\Game</Filter>
    </ClInclude>
    <ClInclude Include="ObjectDisplay.h">
      <Filter>Header Files\Engine\Objects</Filter>
    </ClInclude>
    <ClInclude Include="Lagrange.h">
      <Filter>Header Files\Game</Filter>
    </ClInclude>
    <ClInclude Include="Math.h">
      <Filter>Header Files\Game</Filter>
    </ClInclude>
    <ClInclude Include="CapsuleSpace.h">
      <Filter>Header Files\Game</Filter>
    </ClInclude>
    <ClInclude Include="GBuffer.h">
      <Filter>Header Files\Engine\Rendering</Filter>
    </ClInclude>
    <ClInclude Include="GameSkybox.h">
      <Filter>Header Files\Game</Filter>
    </ClInclude>
    <ClInclude Include="Engine_Events.h">
      <Filter>Header Files\Engine\Engine_Events</Filter>
    </ClInclude>
    <ClInclude Include="Engine_Math.h">
      <Filter>Header Files\Engine\Engine_Math</Filter>
    </ClInclude>
    <ClInclude Include="Engine_Physics.h">
      <Filter>Header Files\Engine\Engine_Physics</Filter>
    </ClInclude>
    <ClInclude Include="Engine_Renderer.h">
      <Filter>Header Files\Engine\Engine_Renderer</Filter>
    </ClInclude>
    <ClInclude Include="Engine_Resources.h">
      <Filter>Header Files\Engine\Engine_Resources</Filter>
    </ClInclude>
    <ClInclude Include="Engine_Sounds.h">
      <Filter>Header Files\Engine\Engine_Sounds</Filter>
    </ClInclude>
    <ClInclude Include="Engine.h">
      <Filter>Header Files\Engine\Engine_Core</Filter>
    </ClInclude>
    <ClInclude Include="Engine_Window.h">
      <Filter>Header Files\Engine\Engine_Core</Filter>
    </ClInclude>
    <ClInclude Include="Terrain.h">
      <Filter>Header Files\Engine\Objects</Filter>
    </ClInclude>
    <ClInclude Include="Vehicle.h">
      <Filter>Header Files\Engine\Objects</Filter>
    </ClInclude>
    <ClInclude Include="Atmosphere.h">
      <Filter>Header Files\Engine\Objects</Filter>
    </ClInclude>
    <ClInclude Include="Engine_Noise.h">
      <Filter>Header Files\Engine\Engine_Math</Filter>
    </ClInclude>
    <ClInclude Include="Engine_MeshLoader.h">
      <Filter>Header Files\Engine\Engine_Resources</Filter>
    </ClInclude>
    <ClInclude Include="Engine_ResourceBasic.h">
      <Filter>Header Files\Engine\Engine_Resources</Filter>
    </ClInclude>
    <ClInclude Include="BindableResource.h">
      <Filter>Header Files\Engine\Rendering</Filter>
    </ClInclude>
    <ClInclude Include="Engine_AnimationProcessor.h">
      <Filter>Header Files\Engine\Engine_Renderer</Filter>
    </ClInclude>
    <ClInclude Include="Constraint.h">
      <Filter>Header Files\Engine\Engine_Physics</Filter>
    </ClInclude>
    <ClInclude Include="Engine_Networking.h">
      <Filter>Header Files\Engine\Engine_Networking</Filter>
    </ClInclude>
    <ClInclude Include="MeshInstance.h">
      <Filter>Header Files\Engine\Rendering</Filter>
    </ClInclude>
    <ClInclude Include="Engine_BuiltInShaders.h">
      <Filter>Header Files\Engine\Rendering\BuiltInShaders</Filter>
    </ClInclude>
    <ClInclude Include="FramebufferObject.h">
      <Filter>Header Files\Engine\Rendering</Filter>
    </ClInclude>
    <ClInclude Include="GLImageConstants.h">
      <Filter>Header Files\Engine\Rendering</Filter>
    </ClInclude>
    <ClInclude Include="SMAA_LUT.h">
      <Filter>Header Files\Engine\Rendering\BuiltInShaders</Filter>
    </ClInclude>
  </ItemGroup>
  <ItemGroup>
    <None Include="data\Shaders\AS_skyFromSpace_vert.glsl">
      <Filter>Resource Files\Shaders\ForwardRendering\AtmopshericScattering</Filter>
    </None>
    <None Include="data\Shaders\AS_skyFromSpace_frag.glsl">
      <Filter>Resource Files\Shaders\ForwardRendering\AtmopshericScattering</Filter>
    </None>
    <None Include="data\Shaders\AS_skyFromAtmosphere_vert.glsl">
      <Filter>Resource Files\Shaders\ForwardRendering\AtmopshericScattering</Filter>
    </None>
    <None Include="data\Shaders\AS_skyFromAtmosphere_frag.glsl">
      <Filter>Resource Files\Shaders\ForwardRendering\AtmopshericScattering</Filter>
    </None>
    <None Include="data\Shaders\AS_groundFromSpace_vert.glsl">
      <Filter>Resource Files\Shaders\ForwardRendering\AtmopshericScattering</Filter>
    </None>
    <None Include="data\Shaders\AS_groundFromSpace_frag.glsl">
      <Filter>Resource Files\Shaders\ForwardRendering\AtmopshericScattering</Filter>
    </None>
    <None Include="data\Shaders\AS_groundFromAtmosphere_frag.glsl">
      <Filter>Resource Files\Shaders\ForwardRendering\AtmopshericScattering</Filter>
    </None>
    <None Include="data\Shaders\AS_groundFromAtmosphere_vert.glsl">
      <Filter>Resource Files\Shaders\ForwardRendering\AtmopshericScattering</Filter>
    </None>
  </ItemGroup>
</Project>