<?xml version="1.0" encoding="utf-8"?>
<Project ToolsVersion="4.0" xmlns="http://schemas.microsoft.com/developer/msbuild/2003">
  <ItemGroup>
    <Filter Include="Source Files">
      <UniqueIdentifier>{4FC737F1-C7A5-4376-A066-2A32D752A2FF}</UniqueIdentifier>
      <Extensions>cpp;c;cc;cxx;def;odl;idl;hpj;bat;asm;asmx</Extensions>
    </Filter>
    <Filter Include="Header Files">
      <UniqueIdentifier>{93995380-89BD-4b04-88EB-625FBE52EBFB}</UniqueIdentifier>
      <Extensions>h;hh;hpp;hxx;hm;inl;inc;ipp;xsd</Extensions>
    </Filter>
    <Filter Include="Resource Files">
      <UniqueIdentifier>{67DA6AB6-F800-4c08-8B7A-83BB121AAD01}</UniqueIdentifier>
      <Extensions>rc;ico;cur;bmp;dlg;rc2;rct;bin;rgs;gif;jpg;jpeg;jpe;resx;tiff;tif;png;wav;mfcribbon-ms</Extensions>
    </Filter>
    <Filter Include="Header Files\Engine">
      <UniqueIdentifier>{e20c3a90-fe93-460f-9eea-553facf9b167}</UniqueIdentifier>
    </Filter>
    <Filter Include="Header Files\Engine\Core">
      <UniqueIdentifier>{5e060ca8-a4de-4a87-9a48-ee48de6be752}</UniqueIdentifier>
    </Filter>
    <Filter Include="Header Files\Engine\Objects">
      <UniqueIdentifier>{99151080-55fb-4b4b-87e2-b6d145abd29b}</UniqueIdentifier>
    </Filter>
    <Filter Include="Header Files\Game">
      <UniqueIdentifier>{45f170ea-0e29-47c0-bee1-81bcf7f250b9}</UniqueIdentifier>
    </Filter>
    <Filter Include="Resource Files\Shaders">
      <UniqueIdentifier>{91c46bb7-c072-483f-ab53-75077d1d0797}</UniqueIdentifier>
    </Filter>
    <Filter Include="Source Files\Engine">
      <UniqueIdentifier>{e8b59c44-c3a0-482d-be68-174bca72d38a}</UniqueIdentifier>
    </Filter>
    <Filter Include="Source Files\Game">
      <UniqueIdentifier>{ef44bf60-ff14-44fb-a4f7-768bfa61aadd}</UniqueIdentifier>
    </Filter>
    <Filter Include="Source Files\Engine\Core">
      <UniqueIdentifier>{2ea50782-d9a6-4046-bcfa-4e2c45254861}</UniqueIdentifier>
    </Filter>
    <Filter Include="Source Files\Engine\Objects">
      <UniqueIdentifier>{5c3b2925-225b-4cad-8e38-f49affdfd7f7}</UniqueIdentifier>
    </Filter>
    <Filter Include="Header Files\Engine\Core\ECS">
      <UniqueIdentifier>{ef4803df-7cc4-4f62-8467-cc0306e2f6da}</UniqueIdentifier>
    </Filter>
    <Filter Include="Source Files\Engine\Core\ECS">
      <UniqueIdentifier>{6a0389db-2099-432c-8284-234f6e518100}</UniqueIdentifier>
    </Filter>
    <Filter Include="Header Files\Engine\Core\ECS\Components">
      <UniqueIdentifier>{97c2c27e-7de9-48f9-9f03-6effe66ac518}</UniqueIdentifier>
    </Filter>
    <Filter Include="Source Files\Engine\Core\ECS\Components">
      <UniqueIdentifier>{e877f0fd-85bd-4d3e-94b9-63ba56e5c250}</UniqueIdentifier>
    </Filter>
    <Filter Include="Header Files\Engine\Core\Mesh">
      <UniqueIdentifier>{14e2a4e5-b5a6-4652-a768-ed67448184cb}</UniqueIdentifier>
    </Filter>
    <Filter Include="Source Files\Engine\Core\Mesh">
      <UniqueIdentifier>{bff1fa72-d8ff-4da2-9cc0-fbf10be17520}</UniqueIdentifier>
    </Filter>
    <Filter Include="Header Files\Engine\Core\Renderer">
      <UniqueIdentifier>{3e889c77-515b-4c81-8382-4554fec471cc}</UniqueIdentifier>
    </Filter>
    <Filter Include="Source Files\Engine\Core\Renderer">
      <UniqueIdentifier>{0efad51b-6f86-4536-a697-e8bfe4d90cab}</UniqueIdentifier>
    </Filter>
    <Filter Include="Header Files\Engine\Core\Events">
      <UniqueIdentifier>{fd85c72c-1e63-4939-ba05-548e53915151}</UniqueIdentifier>
    </Filter>
    <Filter Include="Source Files\Engine\Core\Events">
      <UniqueIdentifier>{04128a29-0212-46bd-9b22-a8780346f799}</UniqueIdentifier>
    </Filter>
    <Filter Include="Header Files\Engine\Core\Textures">
      <UniqueIdentifier>{364114db-6380-4e1d-8f22-0b8e4cd444b6}</UniqueIdentifier>
    </Filter>
    <Filter Include="Source Files\Engine\Core\Textures">
      <UniqueIdentifier>{8adcffc1-757d-45c7-ad34-0210af7b51f7}</UniqueIdentifier>
    </Filter>
    <Filter Include="Source Files\Engine\Core\Lights">
      <UniqueIdentifier>{4525d351-162f-4e32-be9c-ea95db7b7876}</UniqueIdentifier>
    </Filter>
    <Filter Include="Header Files\Engine\Core\Lights">
      <UniqueIdentifier>{84e14886-9402-4978-98ce-dc664cf7cf4d}</UniqueIdentifier>
    </Filter>
    <Filter Include="Header Files\Engine\Core\Resources">
      <UniqueIdentifier>{22744d0e-fc64-41ba-bd5f-c9caefc1f892}</UniqueIdentifier>
    </Filter>
    <Filter Include="Source Files\Engine\Core\Resources">
      <UniqueIdentifier>{70ddb5e4-89b8-4c28-b0e7-830d8458e566}</UniqueIdentifier>
    </Filter>
  </ItemGroup>
  <ItemGroup>
    <None Include="Engine\data\Shaders\AS_groundFromSpace_frag.glsl">
      <Filter>Resource Files\Shaders</Filter>
    </None>
    <None Include="Engine\data\Shaders\AS_groundFromSpace_vert.glsl">
      <Filter>Resource Files\Shaders</Filter>
    </None>
    <None Include="Engine\data\Shaders\AS_skyFromAtmosphere_frag.glsl">
      <Filter>Resource Files\Shaders</Filter>
    </None>
    <None Include="Engine\data\Shaders\AS_skyFromAtmosphere_vert.glsl">
      <Filter>Resource Files\Shaders</Filter>
    </None>
    <None Include="Engine\data\Shaders\AS_skyFromSpace_frag.glsl">
      <Filter>Resource Files\Shaders</Filter>
    </None>
    <None Include="Engine\data\Shaders\AS_skyFromSpace_vert.glsl">
      <Filter>Resource Files\Shaders</Filter>
    </None>
  </ItemGroup>
  <ItemGroup>
    <ClCompile Include="Engine\src\ecs\ComponentBody.cpp">
      <Filter>Source Files\Engine\Core\ECS\Components</Filter>
    </ClCompile>
    <ClCompile Include="Engine\src\ecs\ComponentModel.cpp">
      <Filter>Source Files\Engine\Core\ECS\Components</Filter>
    </ClCompile>
    <ClCompile Include="Engine\src\ecs\ComponentCamera.cpp">
      <Filter>Source Files\Engine\Core\ECS\Components</Filter>
    </ClCompile>
    <ClCompile Include="Engine\src\ecs\Entity.cpp">
      <Filter>Source Files\Engine\Core\ECS</Filter>
    </ClCompile>
    <ClCompile Include="Engine\src\ecs\ECSRegistry.cpp">
      <Filter>Source Files\Engine\Core\ECS</Filter>
    </ClCompile>
    <ClCompile Include="Engine\src\core\engine\Engine.cpp">
      <Filter>Source Files\Engine\Core</Filter>
    </ClCompile>
    <ClCompile Include="Engine\src\core\engine\Engine_FullscreenItems.cpp">
      <Filter>Source Files\Engine\Core</Filter>
    </ClCompile>
    <ClCompile Include="Engine\src\core\engine\Engine_GLStateMachine.cpp">
      <Filter>Source Files\Engine\Core</Filter>
    </ClCompile>
    <ClCompile Include="Engine\src\core\engine\Engine_Math.cpp">
      <Filter>Source Files\Engine\Core</Filter>
    </ClCompile>
    <ClCompile Include="Engine\src\core\engine\Engine_Networking.cpp">
      <Filter>Source Files\Engine\Core</Filter>
    </ClCompile>
    <ClCompile Include="Engine\src\core\engine\Engine_Noise.cpp">
      <Filter>Source Files\Engine\Core</Filter>
    </ClCompile>
    <ClCompile Include="Engine\src\core\engine\Engine_Physics.cpp">
      <Filter>Source Files\Engine\Core</Filter>
    </ClCompile>
    <ClCompile Include="Engine\src\core\engine\Engine_Sounds.cpp">
      <Filter>Source Files\Engine\Core</Filter>
    </ClCompile>
    <ClCompile Include="Engine\src\core\engine\Engine_ThreadManager.cpp">
      <Filter>Source Files\Engine\Core</Filter>
    </ClCompile>
    <ClCompile Include="Engine\src\core\engine\Engine_Window.cpp">
      <Filter>Source Files\Engine\Core</Filter>
    </ClCompile>
    <ClCompile Include="Engine\src\core\Camera.cpp">
      <Filter>Source Files\Engine\Objects</Filter>
    </ClCompile>
    <ClCompile Include="Engine\src\core\Constraint.cpp">
      <Filter>Source Files\Engine\Objects</Filter>
    </ClCompile>
    <ClCompile Include="Engine\src\core\Font.cpp">
      <Filter>Source Files\Engine\Objects</Filter>
    </ClCompile>
    <ClCompile Include="Engine\src\core\Material.cpp">
      <Filter>Source Files\Engine\Objects</Filter>
    </ClCompile>
    <ClCompile Include="Engine\src\core\MeshInstance.cpp">
      <Filter>Source Files\Engine\Objects</Filter>
    </ClCompile>
    <ClCompile Include="Engine\src\core\Scene.cpp">
      <Filter>Source Files\Engine\Objects</Filter>
    </ClCompile>
    <ClCompile Include="Engine\src\core\ShaderProgram.cpp">
      <Filter>Source Files\Engine\Objects</Filter>
    </ClCompile>
    <ClCompile Include="Engine\src\core\Skybox.cpp">
      <Filter>Source Files\Engine\Objects</Filter>
    </ClCompile>
    <ClCompile Include="Engine\src\core\engine\BindableResource.cpp">
      <Filter>Source Files\Engine\Core</Filter>
    </ClCompile>
    <ClCompile Include="Engine\src\CapsuleSpace.cpp">
      <Filter>Source Files\Game</Filter>
    </ClCompile>
    <ClCompile Include="Engine\src\Game.cpp">
      <Filter>Source Files\Game</Filter>
    </ClCompile>
    <ClCompile Include="Engine\src\GameCamera.cpp">
      <Filter>Source Files\Game</Filter>
    </ClCompile>
    <ClCompile Include="Engine\src\GameSkybox.cpp">
      <Filter>Source Files\Game</Filter>
    </ClCompile>
    <ClCompile Include="Engine\src\HUD.cpp">
      <Filter>Source Files\Game</Filter>
    </ClCompile>
    <ClCompile Include="Engine\src\Planet.cpp">
      <Filter>Source Files\Game</Filter>
    </ClCompile>
    <ClCompile Include="Engine\src\ResourceManifest.cpp">
      <Filter>Source Files\Game</Filter>
    </ClCompile>
    <ClCompile Include="Engine\src\Ship.cpp">
      <Filter>Source Files\Game</Filter>
    </ClCompile>
    <ClCompile Include="Engine\src\SolarSystem.cpp">
      <Filter>Source Files\Game</Filter>
    </ClCompile>
    <ClCompile Include="Engine\src\ecs\ComponentName.cpp">
      <Filter>Source Files\Engine\Core\ECS\Components</Filter>
    </ClCompile>
    <ClCompile Include="Engine\src\ecs\EntitySerialization.cpp">
      <Filter>Source Files\Engine\Core\ECS</Filter>
    </ClCompile>
    <ClCompile Include="Engine\src\ecs\ComponentLogic.cpp">
      <Filter>Source Files\Engine\Core\ECS\Components</Filter>
    </ClCompile>
    <ClCompile Include="Engine\src\ecs\ComponentLogic1.cpp">
      <Filter>Source Files\Engine\Core\ECS\Components</Filter>
    </ClCompile>
    <ClCompile Include="Engine\src\ecs\ComponentLogic2.cpp">
      <Filter>Source Files\Engine\Core\ECS\Components</Filter>
    </ClCompile>
    <ClCompile Include="Engine\src\ecs\ComponentLogic3.cpp">
      <Filter>Source Files\Engine\Core\ECS\Components</Filter>
    </ClCompile>
    <ClCompile Include="Engine\src\core\engine\mesh\VertexDataFormat.cpp">
      <Filter>Source Files\Engine\Core\Mesh</Filter>
    </ClCompile>
    <ClCompile Include="Engine\src\core\engine\mesh\VertexBufferObject.cpp">
      <Filter>Source Files\Engine\Core\Mesh</Filter>
    </ClCompile>
    <ClCompile Include="Engine\src\core\engine\Engine_Debugging.cpp">
      <Filter>Source Files\Engine\Core</Filter>
    </ClCompile>
    <ClCompile Include="Engine\src\core\engine\renderer\RenderGraph.cpp">
      <Filter>Source Files\Engine\Core\Renderer</Filter>
    </ClCompile>
    <ClCompile Include="Engine\src\core\engine\renderer\GBuffer.cpp">
      <Filter>Source Files\Engine\Core\Renderer</Filter>
    </ClCompile>
    <ClCompile Include="Engine\src\core\engine\renderer\Engine_Renderer.cpp">
      <Filter>Source Files\Engine\Core\Renderer</Filter>
    </ClCompile>
    <ClCompile Include="Engine\src\core\engine\events\Engine_EventDispatcher.cpp">
      <Filter>Source Files\Engine\Core\Events</Filter>
    </ClCompile>
    <ClCompile Include="Engine\src\core\engine\events\Engine_EventObject.cpp">
      <Filter>Source Files\Engine\Core\Events</Filter>
    </ClCompile>
    <ClCompile Include="Engine\src\core\engine\events\Engine_Events.cpp">
      <Filter>Source Files\Engine\Core\Events</Filter>
    </ClCompile>
    <ClCompile Include="Engine\src\core\engine\renderer\FramebufferObject.cpp">
      <Filter>Source Files\Engine\Core\Renderer</Filter>
    </ClCompile>
    <ClCompile Include="Engine\src\core\engine\textures\Texture.cpp">
      <Filter>Source Files\Engine\Core\Textures</Filter>
    </ClCompile>
    <ClCompile Include="Engine\src\core\engine\mesh\Mesh.cpp">
      <Filter>Source Files\Engine\Core\Mesh</Filter>
    </ClCompile>
    <ClCompile Include="Engine\src\core\engine\lights\SunLight.cpp">
      <Filter>Source Files\Engine\Core\Lights</Filter>
    </ClCompile>
    <ClCompile Include="Engine\src\core\engine\lights\DirectionalLight.cpp">
      <Filter>Source Files\Engine\Core\Lights</Filter>
    </ClCompile>
    <ClCompile Include="Engine\src\core\engine\lights\PointLight.cpp">
      <Filter>Source Files\Engine\Core\Lights</Filter>
    </ClCompile>
    <ClCompile Include="Engine\src\core\engine\lights\SpotLight.cpp">
      <Filter>Source Files\Engine\Core\Lights</Filter>
    </ClCompile>
    <ClCompile Include="Engine\src\core\engine\lights\RodLight.cpp">
      <Filter>Source Files\Engine\Core\Lights</Filter>
    </ClCompile>
    <ClCompile Include="Engine\src\core\engine\mesh\Skeleton.cpp">
      <Filter>Source Files\Engine\Core\Mesh</Filter>
    </ClCompile>
    <ClCompile Include="Engine\src\core\engine\textures\TextureIncludes.cpp">
      <Filter>Source Files\Engine\Core\Textures</Filter>
    </ClCompile>
    <ClCompile Include="Engine\src\core\engine\mesh\VertexData.cpp">
      <Filter>Source Files\Engine\Core\Mesh</Filter>
    </ClCompile>
    <ClCompile Include="Engine\src\core\engine\mesh\MeshLoading.cpp">
      <Filter>Source Files\Engine\Core\Mesh</Filter>
    </ClCompile>
    <ClCompile Include="Engine\src\core\engine\mesh\MeshImportedData.cpp">
      <Filter>Source Files\Engine\Core\Mesh</Filter>
    </ClCompile>
    <ClCompile Include="Engine\src\core\engine\mesh\MeshImpl.cpp">
      <Filter>Source Files\Engine\Core\Mesh</Filter>
    </ClCompile>
    <ClCompile Include="Engine\src\core\engine\mesh\MeshCollisionFactory.cpp">
      <Filter>Source Files\Engine\Core\Mesh</Filter>
    </ClCompile>
    <ClCompile Include="Engine\src\core\engine\resources\Handle.cpp">
      <Filter>Source Files\Engine\Core\Resources</Filter>
    </ClCompile>
    <ClCompile Include="Engine\src\core\engine\resources\Engine_BuiltInShaders.cpp">
      <Filter>Source Files\Engine\Core\Resources</Filter>
    </ClCompile>
    <ClCompile Include="Engine\src\core\engine\resources\Engine_ResourceBasic.cpp">
      <Filter>Source Files\Engine\Core\Resources</Filter>
    </ClCompile>
    <ClCompile Include="Engine\src\core\engine\resources\Engine_Resources.cpp">
      <Filter>Source Files\Engine\Core\Resources</Filter>
    </ClCompile>
    <ClCompile Include="Engine\src\core\engine\mesh\MeshRequest.cpp">
      <Filter>Source Files\Engine\Core\Mesh</Filter>
    </ClCompile>
  </ItemGroup>
  <ItemGroup>
    <ClInclude Include="Engine\src\ecs\ComponentBody.h">
      <Filter>Header Files\Engine\Core\ECS\Components</Filter>
    </ClInclude>
    <ClInclude Include="Engine\src\ecs\ComponentModel.h">
      <Filter>Header Files\Engine\Core\ECS\Components</Filter>
    </ClInclude>
    <ClInclude Include="Engine\src\ecs\ComponentCamera.h">
      <Filter>Header Files\Engine\Core\ECS\Components</Filter>
    </ClInclude>
    <ClInclude Include="Engine\src\ecs\ComponentBaseClass.h">
      <Filter>Header Files\Engine\Core\ECS</Filter>
    </ClInclude>
    <ClInclude Include="Engine\src\ecs\ECS.h">
      <Filter>Header Files\Engine\Core\ECS</Filter>
    </ClInclude>
    <ClInclude Include="Engine\src\ecs\ECSComponentPool.h">
      <Filter>Header Files\Engine\Core\ECS</Filter>
    </ClInclude>
    <ClInclude Include="Engine\src\ecs\ECSEntityPool.h">
      <Filter>Header Files\Engine\Core\ECS</Filter>
    </ClInclude>
    <ClInclude Include="Engine\src\ecs\ECSRegistry.h">
      <Filter>Header Files\Engine\Core\ECS</Filter>
    </ClInclude>
    <ClInclude Include="Engine\src\ecs\Entity.h">
      <Filter>Header Files\Engine\Core\ECS</Filter>
    </ClInclude>
    <ClInclude Include="Engine\src\core\engine\Engine.h">
      <Filter>Header Files\Engine\Core</Filter>
    </ClInclude>
    <ClInclude Include="Engine\src\core\engine\Engine_FullscreenItems.h">
      <Filter>Header Files\Engine\Core</Filter>
    </ClInclude>
    <ClInclude Include="Engine\src\core\engine\Engine_GLStateMachine.h">
      <Filter>Header Files\Engine\Core</Filter>
    </ClInclude>
    <ClInclude Include="Engine\src\core\engine\Engine_Math.h">
      <Filter>Header Files\Engine\Core</Filter>
    </ClInclude>
    <ClInclude Include="Engine\src\core\engine\Engine_Networking.h">
      <Filter>Header Files\Engine\Core</Filter>
    </ClInclude>
    <ClInclude Include="Engine\src\core\engine\Engine_Noise.h">
      <Filter>Header Files\Engine\Core</Filter>
    </ClInclude>
    <ClInclude Include="Engine\src\core\engine\Engine_ObjectPool.h">
      <Filter>Header Files\Engine\Core</Filter>
    </ClInclude>
    <ClInclude Include="Engine\src\core\engine\Engine_Physics.h">
      <Filter>Header Files\Engine\Core</Filter>
    </ClInclude>
    <ClInclude Include="Engine\src\core\engine\Engine_Sounds.h">
      <Filter>Header Files\Engine\Core</Filter>
    </ClInclude>
    <ClInclude Include="Engine\src\core\engine\Engine_ThreadManager.h">
      <Filter>Header Files\Engine\Core</Filter>
    </ClInclude>
    <ClInclude Include="Engine\src\core\engine\Engine_Utils.h">
      <Filter>Header Files\Engine\Core</Filter>
    </ClInclude>
    <ClInclude Include="Engine\src\core\engine\Engine_Window.h">
      <Filter>Header Files\Engine\Core</Filter>
    </ClInclude>
    <ClInclude Include="Engine\src\core\Camera.h">
      <Filter>Header Files\Engine\Objects</Filter>
    </ClInclude>
    <ClInclude Include="Engine\src\core\Constraint.h">
      <Filter>Header Files\Engine\Objects</Filter>
    </ClInclude>
    <ClInclude Include="Engine\src\core\Font.h">
      <Filter>Header Files\Engine\Objects</Filter>
    </ClInclude>
    <ClInclude Include="Engine\src\core\Material.h">
      <Filter>Header Files\Engine\Objects</Filter>
    </ClInclude>
    <ClInclude Include="Engine\src\core\MeshInstance.h">
      <Filter>Header Files\Engine\Objects</Filter>
    </ClInclude>
    <ClInclude Include="Engine\src\core\Scene.h">
      <Filter>Header Files\Engine\Objects</Filter>
    </ClInclude>
    <ClInclude Include="Engine\src\core\ShaderProgram.h">
      <Filter>Header Files\Engine\Objects</Filter>
    </ClInclude>
    <ClInclude Include="Engine\src\core\Skybox.h">
      <Filter>Header Files\Engine\Objects</Filter>
    </ClInclude>
    <ClInclude Include="Engine\src\CapsuleSpace.h">
      <Filter>Header Files\Game</Filter>
    </ClInclude>
    <ClInclude Include="Engine\src\GameCamera.h">
      <Filter>Header Files\Game</Filter>
    </ClInclude>
    <ClInclude Include="Engine\src\GameSkybox.h">
      <Filter>Header Files\Game</Filter>
    </ClInclude>
    <ClInclude Include="Engine\src\HUD.h">
      <Filter>Header Files\Game</Filter>
    </ClInclude>
    <ClInclude Include="Engine\src\Planet.h">
      <Filter>Header Files\Game</Filter>
    </ClInclude>
    <ClInclude Include="Engine\src\ResourceManifest.h">
      <Filter>Header Files\Game</Filter>
    </ClInclude>
    <ClInclude Include="Engine\src\Ship.h">
      <Filter>Header Files\Game</Filter>
    </ClInclude>
    <ClInclude Include="Engine\src\SolarSystem.h">
      <Filter>Header Files\Game</Filter>
    </ClInclude>
    <ClInclude Include="Engine\src\core\engine\BindableResource.h">
      <Filter>Header Files\Engine\Core</Filter>
    </ClInclude>
    <ClInclude Include="Engine\src\ecs\SparseSet.h">
      <Filter>Header Files\Engine\Core\ECS</Filter>
    </ClInclude>
    <ClInclude Include="Engine\src\ecs\ComponentName.h">
      <Filter>Header Files\Engine\Core\ECS\Components</Filter>
    </ClInclude>
    <ClInclude Include="Engine\src\ecs\EntitySerialization.h">
      <Filter>Header Files\Engine\Core\ECS</Filter>
    </ClInclude>
    <ClInclude Include="Engine\src\ecs\ECSSystem.h">
      <Filter>Header Files\Engine\Core\ECS</Filter>
    </ClInclude>
    <ClInclude Include="Engine\src\ecs\ComponentLogic.h">
      <Filter>Header Files\Engine\Core\ECS\Components</Filter>
    </ClInclude>
    <ClInclude Include="Engine\src\ecs\ComponentLogic1.h">
      <Filter>Header Files\Engine\Core\ECS\Components</Filter>
    </ClInclude>
    <ClInclude Include="Engine\src\ecs\ComponentLogic2.h">
      <Filter>Header Files\Engine\Core\ECS\Components</Filter>
    </ClInclude>
    <ClInclude Include="Engine\src\ecs\ComponentLogic3.h">
      <Filter>Header Files\Engine\Core\ECS\Components</Filter>
    </ClInclude>
    <ClInclude Include="Engine\src\ecs\Components.h">
      <Filter>Header Files\Engine\Core\ECS\Components</Filter>
    </ClInclude>
    <ClInclude Include="Engine\src\core\engine\mesh\VertexAttribute.h">
      <Filter>Header Files\Engine\Core\Mesh</Filter>
    </ClInclude>
    <ClInclude Include="Engine\src\core\engine\mesh\VertexData.h">
      <Filter>Header Files\Engine\Core\Mesh</Filter>
    </ClInclude>
    <ClInclude Include="Engine\src\core\engine\mesh\VertexBufferObject.h">
      <Filter>Header Files\Engine\Core\Mesh</Filter>
    </ClInclude>
    <ClInclude Include="Engine\src\core\engine\mesh\VertexDataFormat.h">
      <Filter>Header Files\Engine\Core\Mesh</Filter>
    </ClInclude>
    <ClInclude Include="Engine\src\core\engine\Engine_Debugging.h">
      <Filter>Header Files\Engine\Core</Filter>
    </ClInclude>
    <ClInclude Include="Engine\src\core\engine\renderer\RenderGraph.h">
      <Filter>Header Files\Engine\Core\Renderer</Filter>
    </ClInclude>
    <ClInclude Include="Engine\src\core\engine\renderer\GBuffer.h">
      <Filter>Header Files\Engine\Core\Renderer</Filter>
    </ClInclude>
    <ClInclude Include="Engine\src\core\engine\renderer\Engine_Renderer.h">
      <Filter>Header Files\Engine\Core\Renderer</Filter>
    </ClInclude>
    <ClInclude Include="Engine\src\core\engine\events\Engine_EventDispatcher.h">
      <Filter>Header Files\Engine\Core\Events</Filter>
    </ClInclude>
    <ClInclude Include="Engine\src\core\engine\events\Engine_EventEnums.h">
      <Filter>Header Files\Engine\Core\Events</Filter>
    </ClInclude>
    <ClInclude Include="Engine\src\core\engine\events\Engine_EventObject.h">
      <Filter>Header Files\Engine\Core\Events</Filter>
    </ClInclude>
    <ClInclude Include="Engine\src\core\engine\events\Engine_Events.h">
      <Filter>Header Files\Engine\Core\Events</Filter>
    </ClInclude>
    <ClInclude Include="Engine\src\core\engine\renderer\SMAA_LUT.h">
      <Filter>Header Files\Engine\Core\Renderer</Filter>
    </ClInclude>
    <ClInclude Include="Engine\src\core\engine\renderer\FramebufferObject.h">
      <Filter>Header Files\Engine\Core\Renderer</Filter>
    </ClInclude>
    <ClInclude Include="Engine\src\core\engine\renderer\GLImageConstants.h">
      <Filter>Header Files\Engine\Core\Renderer</Filter>
    </ClInclude>
    <ClInclude Include="Engine\src\core\engine\textures\Texture.h">
      <Filter>Header Files\Engine\Core\Textures</Filter>
    </ClInclude>
    <ClInclude Include="Engine\src\core\engine\textures\DDS.h">
      <Filter>Header Files\Engine\Core\Textures</Filter>
    </ClInclude>
    <ClInclude Include="Engine\src\core\engine\mesh\Mesh.h">
      <Filter>Header Files\Engine\Core\Mesh</Filter>
    </ClInclude>
    <ClInclude Include="Engine\src\core\engine\lights\Light.h">
      <Filter>Header Files\Engine\Core\Lights</Filter>
    </ClInclude>
    <ClInclude Include="Engine\src\core\engine\lights\SunLight.h">
      <Filter>Header Files\Engine\Core\Lights</Filter>
    </ClInclude>
    <ClInclude Include="Engine\src\core\engine\lights\DirectionalLight.h">
      <Filter>Header Files\Engine\Core\Lights</Filter>
    </ClInclude>
    <ClInclude Include="Engine\src\core\engine\lights\PointLight.h">
      <Filter>Header Files\Engine\Core\Lights</Filter>
    </ClInclude>
    <ClInclude Include="Engine\src\core\engine\lights\SpotLight.h">
      <Filter>Header Files\Engine\Core\Lights</Filter>
    </ClInclude>
    <ClInclude Include="Engine\src\core\engine\lights\RodLight.h">
      <Filter>Header Files\Engine\Core\Lights</Filter>
    </ClInclude>
    <ClInclude Include="Engine\src\core\engine\lights\LightIncludes.h">
      <Filter>Header Files\Engine\Core\Lights</Filter>
    </ClInclude>
    <ClInclude Include="Engine\src\core\engine\mesh\Skeleton.h">
      <Filter>Header Files\Engine\Core\Mesh</Filter>
    </ClInclude>
    <ClInclude Include="Engine\src\core\engine\mesh\MeshIncludes.h">
      <Filter>Header Files\Engine\Core\Mesh</Filter>
    </ClInclude>
    <ClInclude Include="Engine\src\core\engine\textures\TextureIncludes.h">
      <Filter>Header Files\Engine\Core\Textures</Filter>
    </ClInclude>
    <ClInclude Include="Engine\src\core\engine\mesh\MeshLoading.h">
      <Filter>Header Files\Engine\Core\Mesh</Filter>
    </ClInclude>
    <ClInclude Include="Engine\src\core\engine\mesh\MeshImportedData.h">
      <Filter>Header Files\Engine\Core\Mesh</Filter>
    </ClInclude>
    <ClInclude Include="Engine\src\core\engine\mesh\MeshImpl.h">
      <Filter>Header Files\Engine\Core\Mesh</Filter>
    </ClInclude>
    <ClInclude Include="Engine\src\core\engine\mesh\MeshCollisionFactory.h">
      <Filter>Header Files\Engine\Core\Mesh</Filter>
    </ClInclude>
    <ClInclude Include="Engine\src\core\engine\mesh\MeshRequest.h">
      <Filter>Header Files\Engine\Core\Mesh</Filter>
    </ClInclude>
    <ClInclude Include="Engine\src\core\engine\resources\Handle.h">
      <Filter>Header Files\Engine\Core\Resources</Filter>
    </ClInclude>
    <ClInclude Include="Engine\src\core\engine\resources\Engine_BuiltInResources.h">
      <Filter>Header Files\Engine\Core\Resources</Filter>
    </ClInclude>
    <ClInclude Include="Engine\src\core\engine\resources\Engine_BuiltInShaders.h">
      <Filter>Header Files\Engine\Core\Resources</Filter>
    </ClInclude>
    <ClInclude Include="Engine\src\core\engine\resources\Engine_ResourceBasic.h">
      <Filter>Header Files\Engine\Core\Resources</Filter>
    </ClInclude>
    <ClInclude Include="Engine\src\core\engine\resources\Engine_Resources.h">
      <Filter>Header Files\Engine\Core\Resources</Filter>
    </ClInclude>
  </ItemGroup>
</Project>