<?xml version="1.0" encoding="utf-8"?>
<Project ToolsVersion="4.0" xmlns="http://schemas.microsoft.com/developer/msbuild/2003">
  <ItemGroup>
    <Filter Include="Source Files">
      <UniqueIdentifier>{4FC737F1-C7A5-4376-A066-2A32D752A2FF}</UniqueIdentifier>
      <Extensions>cpp;c;cc;cxx;def;odl;idl;hpj;bat;asm;asmx</Extensions>
    </Filter>
    <Filter Include="Header Files">
      <UniqueIdentifier>{93995380-89BD-4b04-88EB-625FBE52EBFB}</UniqueIdentifier>
      <Extensions>h;hh;hpp;hxx;hm;inl;inc;ipp;xsd</Extensions>
    </Filter>
    <Filter Include="Resource Files">
      <UniqueIdentifier>{67DA6AB6-F800-4c08-8B7A-83BB121AAD01}</UniqueIdentifier>
      <Extensions>rc;ico;cur;bmp;dlg;rc2;rct;bin;rgs;gif;jpg;jpeg;jpe;resx;tiff;tif;png;wav;mfcribbon-ms</Extensions>
    </Filter>
    <Filter Include="Source Files\Game">
      <UniqueIdentifier>{001e0362-71c8-4767-8abb-cd5272a08d44}</UniqueIdentifier>
    </Filter>
    <Filter Include="Header Files\Game">
      <UniqueIdentifier>{7933f429-4a91-4a33-98bb-cd82cb17a11b}</UniqueIdentifier>
    </Filter>
    <Filter Include="Resource Files\Shaders">
      <UniqueIdentifier>{8c5614cf-653a-4519-861a-eac0be93d768}</UniqueIdentifier>
    </Filter>
    <Filter Include="Header Files\Game\GUI">
      <UniqueIdentifier>{66ab070d-eff2-4fe0-88c6-e2112ea2e08d}</UniqueIdentifier>
    </Filter>
    <Filter Include="Source Files\Game\GUI">
      <UniqueIdentifier>{7c90a2c4-9f65-4d39-83f4-3b192acbc9d3}</UniqueIdentifier>
    </Filter>
    <Filter Include="Header Files\Game\GUI\Specifics">
      <UniqueIdentifier>{81080f28-8832-40dd-84d5-04dedb852889}</UniqueIdentifier>
    </Filter>
    <Filter Include="Source Files\Game\GUI\Specifics">
      <UniqueIdentifier>{a5c94478-92a8-49b2-9ab9-bc6750f0414c}</UniqueIdentifier>
    </Filter>
    <Filter Include="Header Files\Game\Map">
      <UniqueIdentifier>{05c7b727-cd23-4134-ab2c-5641550ec48c}</UniqueIdentifier>
    </Filter>
    <Filter Include="Source Files\Game\Map">
      <UniqueIdentifier>{bc377900-df58-45fe-935a-28893b7115ab}</UniqueIdentifier>
    </Filter>
  </ItemGroup>
  <ItemGroup>
    <ClInclude Include="game\GameCamera.h">
      <Filter>Header Files\Game</Filter>
    </ClInclude>
    <ClInclude Include="game\GameSkybox.h">
      <Filter>Header Files\Game</Filter>
    </ClInclude>
    <ClInclude Include="game\HUD.h">
      <Filter>Header Files\Game</Filter>
    </ClInclude>
    <ClInclude Include="game\Planet.h">
      <Filter>Header Files\Game</Filter>
    </ClInclude>
    <ClInclude Include="game\ResourceManifest.h">
      <Filter>Header Files\Game</Filter>
    </ClInclude>
    <ClInclude Include="game\Ship.h">
      <Filter>Header Files\Game</Filter>
    </ClInclude>
    <ClInclude Include="game\Server.h">
      <Filter>Header Files\Game</Filter>
    </ClInclude>
    <ClInclude Include="game\Client.h">
      <Filter>Header Files\Game</Filter>
    </ClInclude>
    <ClInclude Include="game\Packet.h">
      <Filter>Header Files\Game</Filter>
    </ClInclude>
    <ClInclude Include="game\Core.h">
      <Filter>Header Files\Game</Filter>
    </ClInclude>
    <ClInclude Include="game\GameState.h">
      <Filter>Header Files\Game</Filter>
    </ClInclude>
    <ClInclude Include="game\gui\WidgetInterface.h">
      <Filter>Header Files\Game\GUI</Filter>
    </ClInclude>
    <ClInclude Include="game\gui\Widget.h">
      <Filter>Header Files\Game\GUI</Filter>
    </ClInclude>
    <ClInclude Include="game\gui\Button.h">
      <Filter>Header Files\Game\GUI</Filter>
    </ClInclude>
    <ClInclude Include="game\gui\TextBox.h">
      <Filter>Header Files\Game\GUI</Filter>
    </ClInclude>
    <ClInclude Include="game\gui\ScrollBar.h">
      <Filter>Header Files\Game\GUI</Filter>
    </ClInclude>
    <ClInclude Include="game\gui\ScrollWindow.h">
      <Filter>Header Files\Game\GUI</Filter>
    </ClInclude>
    <ClInclude Include="game\gui\Text.h">
      <Filter>Header Files\Game\GUI</Filter>
    </ClInclude>
    <ClInclude Include="game\gui\specifics\ServerLobbyChatWindow.h">
      <Filter>Header Files\Game\GUI\Specifics</Filter>
    </ClInclude>
    <ClInclude Include="game\gui\specifics\ServerLobbyConnectedPlayersWindow.h">
      <Filter>Header Files\Game\GUI\Specifics</Filter>
    </ClInclude>
    <ClInclude Include="game\gui\specifics\ServerLobbyShipSelectorWindow.h">
      <Filter>Header Files\Game\GUI\Specifics</Filter>
    </ClInclude>
    <ClInclude Include="game\gui\specifics\ServerHostingMapSelectorWindow.h">
      <Filter>Header Files\Game\GUI\Specifics</Filter>
    </ClInclude>
    <ClInclude Include="game\Helper.h">
      <Filter>Header Files\Game</Filter>
    </ClInclude>
    <ClInclude Include="game\map\Map.h">
      <Filter>Header Files\Game\Map</Filter>
    </ClInclude>
  </ItemGroup>
  <ItemGroup>
    <ClCompile Include="game\main.cpp">
      <Filter>Source Files</Filter>
    </ClCompile>
    <ClCompile Include="game\HUD.cpp">
      <Filter>Source Files\Game</Filter>
    </ClCompile>
    <ClCompile Include="game\Game.cpp">
      <Filter>Source Files\Game</Filter>
    </ClCompile>
    <ClCompile Include="game\GameCamera.cpp">
      <Filter>Source Files\Game</Filter>
    </ClCompile>
    <ClCompile Include="game\GameSkybox.cpp">
      <Filter>Source Files\Game</Filter>
    </ClCompile>
    <ClCompile Include="game\Planet.cpp">
      <Filter>Source Files\Game</Filter>
    </ClCompile>
    <ClCompile Include="game\ResourceManifest.cpp">
      <Filter>Source Files\Game</Filter>
    </ClCompile>
    <ClCompile Include="game\Ship.cpp">
      <Filter>Source Files\Game</Filter>
    </ClCompile>
    <ClCompile Include="game\Server.cpp">
      <Filter>Source Files\Game</Filter>
    </ClCompile>
    <ClCompile Include="game\Client.cpp">
      <Filter>Source Files\Game</Filter>
    </ClCompile>
    <ClCompile Include="game\Packet.cpp">
      <Filter>Source Files\Game</Filter>
    </ClCompile>
    <ClCompile Include="game\Core.cpp">
      <Filter>Source Files\Game</Filter>
    </ClCompile>
    <ClCompile Include="game\gui\Widget.cpp">
      <Filter>Source Files\Game\GUI</Filter>
    </ClCompile>
    <ClCompile Include="game\gui\Button.cpp">
      <Filter>Source Files\Game\GUI</Filter>
    </ClCompile>
    <ClCompile Include="game\gui\TextBox.cpp">
      <Filter>Source Files\Game\GUI</Filter>
    </ClCompile>
    <ClCompile Include="game\gui\ScrollBar.cpp">
      <Filter>Source Files\Game\GUI</Filter>
    </ClCompile>
    <ClCompile Include="game\gui\ScrollWindow.cpp">
      <Filter>Source Files\Game\GUI</Filter>
    </ClCompile>
    <ClCompile Include="game\gui\Text.cpp">
      <Filter>Source Files\Game\GUI</Filter>
    </ClCompile>
    <ClCompile Include="game\gui\specifics\ServerLobbyChatWindow.cpp">
      <Filter>Source Files\Game\GUI\Specifics</Filter>
    </ClCompile>
    <ClCompile Include="game\gui\specifics\ServerLobbyConnectedPlayersWindow.cpp">
      <Filter>Source Files\Game\GUI\Specifics</Filter>
    </ClCompile>
    <ClCompile Include="game\gui\specifics\ServerLobbyShipSelectorWindow.cpp">
      <Filter>Source Files\Game\GUI\Specifics</Filter>
    </ClCompile>
    <ClCompile Include="game\gui\specifics\ServerHostingMapSelectorWindow.cpp">
      <Filter>Source Files\Game\GUI\Specifics</Filter>
    </ClCompile>
    <ClCompile Include="game\map\Map.cpp">
      <Filter>Source Files\Game\Map</Filter>
    </ClCompile>
  </ItemGroup>
  <ItemGroup>
    <None Include="..\..\Engine\data\Shaders\AS_groundFromSpace_frag.glsl">
      <Filter>Resource Files\Shaders</Filter>
    </None>
    <None Include="..\..\Engine\data\Shaders\AS_groundFromSpace_vert.glsl">
      <Filter>Resource Files\Shaders</Filter>
    </None>
    <None Include="..\..\Engine\data\Shaders\AS_skyFromAtmosphere_frag.glsl">
      <Filter>Resource Files\Shaders</Filter>
    </None>
    <None Include="..\..\Engine\data\Shaders\AS_skyFromAtmosphere_vert.glsl">
      <Filter>Resource Files\Shaders</Filter>
    </None>
    <None Include="..\..\Engine\data\Shaders\AS_skyFromSpace_frag.glsl">
      <Filter>Resource Files\Shaders</Filter>
    </None>
    <None Include="..\..\Engine\data\Shaders\AS_skyFromSpace_vert.glsl">
      <Filter>Resource Files\Shaders</Filter>
    </None>
  </ItemGroup>
</Project>