<?xml version="1.0" encoding="utf-8"?>
<Project ToolsVersion="4.0" xmlns="http://schemas.microsoft.com/developer/msbuild/2003">
  <ItemGroup>
    <Filter Include="Source Files">
      <UniqueIdentifier>{4FC737F1-C7A5-4376-A066-2A32D752A2FF}</UniqueIdentifier>
      <Extensions>cpp;c;cc;cxx;def;odl;idl;hpj;bat;asm;asmx</Extensions>
    </Filter>
    <Filter Include="Header Files">
      <UniqueIdentifier>{93995380-89BD-4b04-88EB-625FBE52EBFB}</UniqueIdentifier>
      <Extensions>h;hh;hpp;hxx;hm;inl;inc;ipp;xsd</Extensions>
    </Filter>
    <Filter Include="Resource Files">
      <UniqueIdentifier>{67DA6AB6-F800-4c08-8B7A-83BB121AAD01}</UniqueIdentifier>
      <Extensions>rc;ico;cur;bmp;dlg;rc2;rct;bin;rgs;gif;jpg;jpeg;jpe;resx;tiff;tif;png;wav;mfcribbon-ms</Extensions>
    </Filter>
    <Filter Include="Source Files\Game">
      <UniqueIdentifier>{001e0362-71c8-4767-8abb-cd5272a08d44}</UniqueIdentifier>
    </Filter>
    <Filter Include="Header Files\Game">
      <UniqueIdentifier>{7933f429-4a91-4a33-98bb-cd82cb17a11b}</UniqueIdentifier>
    </Filter>
    <Filter Include="Resource Files\Shaders">
      <UniqueIdentifier>{8c5614cf-653a-4519-861a-eac0be93d768}</UniqueIdentifier>
    </Filter>
    <Filter Include="Header Files\Game\GUI">
      <UniqueIdentifier>{66ab070d-eff2-4fe0-88c6-e2112ea2e08d}</UniqueIdentifier>
    </Filter>
    <Filter Include="Source Files\Game\GUI">
      <UniqueIdentifier>{7c90a2c4-9f65-4d39-83f4-3b192acbc9d3}</UniqueIdentifier>
    </Filter>
    <Filter Include="Header Files\Game\GUI\Specifics">
      <UniqueIdentifier>{81080f28-8832-40dd-84d5-04dedb852889}</UniqueIdentifier>
    </Filter>
    <Filter Include="Source Files\Game\GUI\Specifics">
      <UniqueIdentifier>{a5c94478-92a8-49b2-9ab9-bc6750f0414c}</UniqueIdentifier>
    </Filter>
    <Filter Include="Header Files\Game\Map">
      <UniqueIdentifier>{05c7b727-cd23-4134-ab2c-5641550ec48c}</UniqueIdentifier>
    </Filter>
    <Filter Include="Source Files\Game\Map">
      <UniqueIdentifier>{bc377900-df58-45fe-935a-28893b7115ab}</UniqueIdentifier>
    </Filter>
    <Filter Include="Source Files\Game\Ships">
      <UniqueIdentifier>{b9c9e18b-ce93-4fbd-9f0b-20c1babc9630}</UniqueIdentifier>
    </Filter>
    <Filter Include="Source Files\Game\Ships\ShipSystems">
      <UniqueIdentifier>{71ba2db8-941a-4213-bc82-bb741ed8f432}</UniqueIdentifier>
    </Filter>
    <Filter Include="Header Files\Game\Ships">
      <UniqueIdentifier>{7a8478e5-34a2-41e8-b172-8e573b7ffd5a}</UniqueIdentifier>
    </Filter>
    <Filter Include="Header Files\Game\Ships\ShipSystems">
      <UniqueIdentifier>{d9b3450d-a028-4ad7-a18e-f9436526c10c}</UniqueIdentifier>
    </Filter>
    <Filter Include="Source Files\Game\Ships\Brel">
      <UniqueIdentifier>{dbb9aad7-e59d-4cba-bcaf-8b16a37f39f1}</UniqueIdentifier>
    </Filter>
    <Filter Include="Source Files\Game\Ships\Defiant">
      <UniqueIdentifier>{645e8885-2310-44e2-8c95-011819dde33d}</UniqueIdentifier>
    </Filter>
    <Filter Include="Source Files\Game\Ships\Shrike">
      <UniqueIdentifier>{fd803371-0171-4d60-b0c6-7657fb65ea7b}</UniqueIdentifier>
    </Filter>
    <Filter Include="Header Files\Game\Ships\Defiant">
      <UniqueIdentifier>{399effbb-cfe0-4ac8-bec9-b6adf13601d5}</UniqueIdentifier>
    </Filter>
    <Filter Include="Header Files\Game\Ships\Brel">
      <UniqueIdentifier>{b3034c43-ea90-4ec7-ac21-afe07c6ffeda}</UniqueIdentifier>
    </Filter>
    <Filter Include="Header Files\Game\Ships\Shrike">
      <UniqueIdentifier>{d3e0e06b-d1c3-4826-a2ef-6476291c0dfe}</UniqueIdentifier>
    </Filter>
    <Filter Include="Source Files\Game\Weapons">
      <UniqueIdentifier>{031877ad-b00a-4d79-a214-36a57520f1b7}</UniqueIdentifier>
    </Filter>
    <Filter Include="Header Files\Game\Weapons">
      <UniqueIdentifier>{d482a783-1345-44ae-bfa6-1dd9397c5485}</UniqueIdentifier>
    </Filter>
    <Filter Include="Header Files\Game\Ships\Excelsior">
      <UniqueIdentifier>{064bb267-d768-4f88-affb-0227b1e619c8}</UniqueIdentifier>
    </Filter>
    <Filter Include="Header Files\Game\Ships\Constitution">
      <UniqueIdentifier>{5071123b-138f-48fe-9ed3-008e0c5f494a}</UniqueIdentifier>
    </Filter>
    <Filter Include="Header Files\Game\Ships\Miranda">
      <UniqueIdentifier>{60cac23f-3a51-4258-b652-639c3240e6a5}</UniqueIdentifier>
    </Filter>
    <Filter Include="Header Files\Game\Ships\Nova">
      <UniqueIdentifier>{ae40a0d0-f3dc-4541-a07d-99f8aef9e8e4}</UniqueIdentifier>
    </Filter>
    <Filter Include="Source Files\Game\Ships\Excelsior">
      <UniqueIdentifier>{23735dca-db04-4433-88f5-14d13a7b4c45}</UniqueIdentifier>
    </Filter>
    <Filter Include="Source Files\Game\Ships\Constitution">
      <UniqueIdentifier>{1aab5a36-64e4-46c2-b5c4-76630830ed11}</UniqueIdentifier>
    </Filter>
    <Filter Include="Source Files\Game\Ships\Miranda">
      <UniqueIdentifier>{a7203985-8344-486b-a186-540d9cf8b4fd}</UniqueIdentifier>
    </Filter>
    <Filter Include="Source Files\Game\Ships\Nova">
      <UniqueIdentifier>{ca4e54bc-c61b-4e20-bdd6-a07a96fcf463}</UniqueIdentifier>
    </Filter>
    <Filter Include="Header Files\Game\Ships\Cube">
      <UniqueIdentifier>{6cf2f2fc-a202-4303-9cc4-a10602c51c83}</UniqueIdentifier>
    </Filter>
    <Filter Include="Source Files\Game\Ships\Cube">
      <UniqueIdentifier>{2b188553-0110-4b28-a559-c9cb5c509e56}</UniqueIdentifier>
    </Filter>
    <Filter Include="Header Files\Game\Ships\Sphere">
      <UniqueIdentifier>{9b32c78d-1e68-4427-a6eb-24ebfeaeef69}</UniqueIdentifier>
    </Filter>
    <Filter Include="Source Files\Game\Ships\Sphere">
      <UniqueIdentifier>{2ef7162a-6b1c-4aed-aedb-c6aac2110472}</UniqueIdentifier>
    </Filter>
    <Filter Include="Header Files\Game\Ships\Diamond">
      <UniqueIdentifier>{1eb623e9-5e33-450f-81ed-55a99544a063}</UniqueIdentifier>
    </Filter>
    <Filter Include="Source Files\Game\Ships\Diamond">
      <UniqueIdentifier>{e53cff7b-5ecc-45af-9330-c2337bfe4fe7}</UniqueIdentifier>
    </Filter>
    <Filter Include="Header Files\Game\Ships\Probe">
      <UniqueIdentifier>{15aa8a63-3f93-40e4-8cac-233d6d80d55e}</UniqueIdentifier>
    </Filter>
    <Filter Include="Source Files\Game\Ships\Probe">
      <UniqueIdentifier>{d811d360-cb0b-4be5-b659-662b05db040f}</UniqueIdentifier>
    </Filter>
    <Filter Include="Source Files\Game\Ships\Akira">
      <UniqueIdentifier>{21a85047-561c-423c-8800-ff281a4d070f}</UniqueIdentifier>
    </Filter>
    <Filter Include="Header Files\Game\Ships\Akira">
      <UniqueIdentifier>{382fc284-0591-4cad-bfa4-aa5e7515709d}</UniqueIdentifier>
    </Filter>
    <Filter Include="Source Files\Game\Ships\Norway">
      <UniqueIdentifier>{4860a158-2d16-4dc6-956a-9b40492290f1}</UniqueIdentifier>
    </Filter>
    <Filter Include="Source Files\Game\Ships\Intrepid">
      <UniqueIdentifier>{08ca1385-6317-4abf-92c6-ac6fecc8c87a}</UniqueIdentifier>
    </Filter>
    <Filter Include="Header Files\Game\Ships\Norway">
      <UniqueIdentifier>{5d7af936-4f95-4bec-80ff-96b191804d5b}</UniqueIdentifier>
    </Filter>
    <Filter Include="Header Files\Game\Ships\Intrepid">
      <UniqueIdentifier>{84398728-f33f-4c85-9af1-cfbf379e937d}</UniqueIdentifier>
    </Filter>
    <Filter Include="Source Files\Game\Factions">
      <UniqueIdentifier>{b5a13637-ba69-43e0-bb06-0d4b5614c3e0}</UniqueIdentifier>
    </Filter>
    <Filter Include="Header Files\Game\Factions">
      <UniqueIdentifier>{eb7ef79f-5bc5-4a64-a96d-4f88c599d27a}</UniqueIdentifier>
    </Filter>
    <Filter Include="Header Files\Game\HUD">
      <UniqueIdentifier>{a6181730-e754-4cb5-ba40-c21ba683fbbb}</UniqueIdentifier>
    </Filter>
    <Filter Include="Source Files\Game\HUD">
      <UniqueIdentifier>{72c5341f-54ba-4d71-974f-cbf9a80063fe}</UniqueIdentifier>
    </Filter>
    <Filter Include="Source Files\Game\Ships\Vorcha">
      <UniqueIdentifier>{9c3c9ebf-c42c-4dea-8221-9f4bb8c45976}</UniqueIdentifier>
    </Filter>
    <Filter Include="Header Files\Game\Ships\Vorcha">
      <UniqueIdentifier>{9593531f-107a-4391-8e8b-a51abf1b3681}</UniqueIdentifier>
    </Filter>
    <Filter Include="Header Files\Game\Teams">
      <UniqueIdentifier>{9d06c78d-4910-4591-b872-264b0cf88e41}</UniqueIdentifier>
    </Filter>
    <Filter Include="Source Files\Game\Teams">
      <UniqueIdentifier>{8baa5680-a8da-4a1b-ba91-5b2af5350dff}</UniqueIdentifier>
    </Filter>
    <Filter Include="Source Files\Game\Modes">
      <UniqueIdentifier>{c5042b0f-de67-41fa-9a71-92bb971ded53}</UniqueIdentifier>
    </Filter>
    <Filter Include="Header Files\Game\Modes">
      <UniqueIdentifier>{f73a75dd-d5f6-4974-84fb-25a2b99de32f}</UniqueIdentifier>
    </Filter>
    <Filter Include="Source Files\Game\AI">
      <UniqueIdentifier>{612e872c-1f24-4215-af09-72eec14bbed5}</UniqueIdentifier>
    </Filter>
    <Filter Include="Header Files\Game\AI">
      <UniqueIdentifier>{e7284934-72c9-420c-9fae-4a9e663ce98f}</UniqueIdentifier>
    </Filter>
    <Filter Include="Header Files\Game\Networking">
      <UniqueIdentifier>{2042dce0-3a1b-41d6-aaca-f417094835fe}</UniqueIdentifier>
    </Filter>
    <Filter Include="Source Files\Game\Networking">
      <UniqueIdentifier>{4445c16d-5c02-4df2-8a08-40e3a212770c}</UniqueIdentifier>
    </Filter>
    <Filter Include="Header Files\Game\Particles">
      <UniqueIdentifier>{ba45c06e-cdae-47d2-8526-a827ba1907ff}</UniqueIdentifier>
    </Filter>
    <Filter Include="Source Files\Game\Particles">
      <UniqueIdentifier>{c75f8cb2-b378-427a-b412-ce1e335a8dcc}</UniqueIdentifier>
    </Filter>
    <Filter Include="Header Files\Game\Ships\Sovereign">
      <UniqueIdentifier>{2e5ec781-39a6-4c52-a14d-1de38e95a236}</UniqueIdentifier>
    </Filter>
    <Filter Include="Source Files\Game\Ships\Sovereign">
      <UniqueIdentifier>{a59b2147-2b59-4ceb-9c94-095729f2ef4b}</UniqueIdentifier>
    </Filter>
    <Filter Include="Header Files\Game\AI\Logic">
      <UniqueIdentifier>{bd38b115-1bc8-41cf-8c9c-7beb28f6a386}</UniqueIdentifier>
    </Filter>
    <Filter Include="Source Files\Game\AI\Logic">
      <UniqueIdentifier>{006da8f0-9526-4d61-bbba-a9ec95362760}</UniqueIdentifier>
    </Filter>
    <Filter Include="Header Files\Game\Ships\FedDefPlatform">
      <UniqueIdentifier>{cad339f9-7b1c-4780-a977-6d431d20910a}</UniqueIdentifier>
    </Filter>
    <Filter Include="Source Files\Game\Ships\FedDefPlatform">
      <UniqueIdentifier>{e2b03480-e9bc-4ca5-8a6e-f3459cee9dab}</UniqueIdentifier>
    </Filter>
    <Filter Include="Header Files\Game\Ships\FedStarbaseMushroom">
      <UniqueIdentifier>{dc2c467a-8494-45d2-bf39-eebfe4caf577}</UniqueIdentifier>
    </Filter>
    <Filter Include="Source Files\Game\Ships\FedStarbaseMushroom">
      <UniqueIdentifier>{982ef486-7262-4fe1-aa2d-d113992d4045}</UniqueIdentifier>
    </Filter>
    <Filter Include="Header Files\Game\Networking\Server">
      <UniqueIdentifier>{bfb6d132-6461-48d1-8436-a846c4cc4620}</UniqueIdentifier>
    </Filter>
    <Filter Include="Source Files\Game\Networking\Server">
      <UniqueIdentifier>{90e4d854-ac7a-45ab-82f3-367e1b799e31}</UniqueIdentifier>
    </Filter>
    <Filter Include="Source Files\Game\Networking\Client">
      <UniqueIdentifier>{7a709f03-ed6e-4250-b20e-5f93f5075178}</UniqueIdentifier>
    </Filter>
    <Filter Include="Header Files\Game\Networking\Client">
      <UniqueIdentifier>{dd860982-cade-41ca-be7d-fe69cdee1682}</UniqueIdentifier>
    </Filter>
    <Filter Include="Header Files\Game\Config">
      <UniqueIdentifier>{0748b440-adc2-4439-8525-3f288db25b46}</UniqueIdentifier>
    </Filter>
    <Filter Include="Source Files\Game\Config">
      <UniqueIdentifier>{16ac1320-127c-4652-990a-b74bb011adc7}</UniqueIdentifier>
    </Filter>
    <Filter Include="Header Files\Game\Weapons\Beams">
      <UniqueIdentifier>{a2c254e3-f7c6-44e6-9d49-54fe8f011c02}</UniqueIdentifier>
    </Filter>
    <Filter Include="Header Files\Game\Weapons\Cannons">
      <UniqueIdentifier>{4f08b54c-022f-4a8a-9ae1-ac8c34a7736f}</UniqueIdentifier>
    </Filter>
    <Filter Include="Header Files\Game\Weapons\Torpedos">
      <UniqueIdentifier>{e10183f2-de46-49bc-8f8b-9f09cebe9ad5}</UniqueIdentifier>
    </Filter>
    <Filter Include="Header Files\Game\Weapons\Other">
      <UniqueIdentifier>{082f7dba-dd94-40f3-a2be-568216748e11}</UniqueIdentifier>
    </Filter>
    <Filter Include="Source Files\Game\Weapons\Beams">
      <UniqueIdentifier>{ec071fc6-b6e2-4a1a-b876-6120646720ee}</UniqueIdentifier>
    </Filter>
    <Filter Include="Source Files\Game\Weapons\Cannons">
      <UniqueIdentifier>{6b7c5480-9533-4777-b021-c12c7e288f38}</UniqueIdentifier>
    </Filter>
    <Filter Include="Source Files\Game\Weapons\Torpedos">
      <UniqueIdentifier>{dc82b2df-af59-4101-a4f4-dc6399f5f6fb}</UniqueIdentifier>
    </Filter>
    <Filter Include="Source Files\Game\Weapons\Other">
      <UniqueIdentifier>{46bd5aee-f9c7-4a20-bddd-23eb3f09cb90}</UniqueIdentifier>
    </Filter>
    <Filter Include="Source Files\Game\Networking\Packets">
      <UniqueIdentifier>{c2cb7993-e41e-48b6-9b21-b9496d5fecf2}</UniqueIdentifier>
    </Filter>
    <Filter Include="Header Files\Game\Networking\Packets">
      <UniqueIdentifier>{b4edf77a-58ce-4068-8a6b-8e3bdf6f3993}</UniqueIdentifier>
    </Filter>
    <Filter Include="Source Files\Game\Ships\Dderidex">
      <UniqueIdentifier>{31ae95f1-f97a-4133-a8ed-fe9bab3bc44b}</UniqueIdentifier>
    </Filter>
    <Filter Include="Header Files\Game\Ships\Dderidex">
      <UniqueIdentifier>{6e8ef897-ada0-4771-8316-1fa84105f371}</UniqueIdentifier>
    </Filter>
    <Filter Include="Source Files\Game\Ships\Neghvar">
      <UniqueIdentifier>{7018d508-f74e-4c4e-acb0-9e5d0803de8c}</UniqueIdentifier>
    </Filter>
    <Filter Include="Header Files\Game\Ships\Neghvar">
      <UniqueIdentifier>{fc662e44-b3a8-4c21-9a04-801387319ff6}</UniqueIdentifier>
    </Filter>
    <Filter Include="Header Files\Game\Ships\Venerex">
      <UniqueIdentifier>{af604479-8386-40fd-b8cc-9e7702fbcd92}</UniqueIdentifier>
    </Filter>
    <Filter Include="Source Files\Game\Ships\Venerex">
      <UniqueIdentifier>{657dfcdc-5920-46de-91c5-4db29a099069}</UniqueIdentifier>
    </Filter>
    <Filter Include="Source Files\Game\GUI\Specifics\MainMenu">
      <UniqueIdentifier>{4f9a721b-a113-467c-88dc-7c5597e10a07}</UniqueIdentifier>
    </Filter>
    <Filter Include="Header Files\Game\GUI\Specifics\MainMenu">
      <UniqueIdentifier>{be8d1ca2-665c-4bf8-90a8-22c67ac26fc7}</UniqueIdentifier>
    </Filter>
    <Filter Include="Header Files\Game\GUI\Specifics\Templates">
      <UniqueIdentifier>{62e68024-5beb-4a36-8a93-3c57c3d12e5e}</UniqueIdentifier>
    </Filter>
    <Filter Include="Source Files\Game\GUI\Specifics\Templates">
      <UniqueIdentifier>{ceefa009-b252-44bc-b3e1-d1b9691a46a8}</UniqueIdentifier>
    </Filter>
    <Filter Include="Header Files\Game\GUI\Specifics\HostScreen2">
      <UniqueIdentifier>{3c158d33-8556-4f48-b57e-8813cc98464e}</UniqueIdentifier>
    </Filter>
    <Filter Include="Source Files\Game\GUI\Specifics\HostScreen2">
      <UniqueIdentifier>{416785f2-0d0b-491b-b9c8-4e8f049cafbc}</UniqueIdentifier>
    </Filter>
    <Filter Include="Resource Files\Icon">
      <UniqueIdentifier>{5441b9fc-7235-422d-83bd-3ad808f7130d}</UniqueIdentifier>
    </Filter>
    <Filter Include="Header Files\Game\GUI\Specifics\HostScreen2\FFA">
      <UniqueIdentifier>{33a83fd4-e5bf-4257-abc2-945221d5adbd}</UniqueIdentifier>
    </Filter>
    <Filter Include="Header Files\Game\GUI\Specifics\HostScreen2\TeamDeathmatch">
      <UniqueIdentifier>{7637b07b-ba52-417b-b639-f8f6addec90d}</UniqueIdentifier>
    </Filter>
    <Filter Include="Header Files\Game\GUI\Specifics\HostScreen2\HomelandSecurity">
      <UniqueIdentifier>{2b7983a7-7dcc-4dc2-aeed-ed93af9647be}</UniqueIdentifier>
    </Filter>
    <Filter Include="Source Files\Game\GUI\Specifics\HostScreen2\FFA">
      <UniqueIdentifier>{23c154a0-bafb-4b01-ab28-39c5a765d791}</UniqueIdentifier>
    </Filter>
    <Filter Include="Source Files\Game\GUI\Specifics\HostScreen2\TeamDeathmatch">
      <UniqueIdentifier>{c0c3c96c-9714-4324-bc99-4d0f6745bd47}</UniqueIdentifier>
    </Filter>
    <Filter Include="Source Files\Game\GUI\Specifics\HostScreen2\HomelandSecurity">
      <UniqueIdentifier>{5ac4b0c1-8123-4a73-95f3-4b735cdbc427}</UniqueIdentifier>
    </Filter>
    <Filter Include="Header Files\Game\GUI\Specifics\LobbyTeamDeathmatch">
      <UniqueIdentifier>{edabf9e1-f3fd-45ce-babe-5ecc379acab0}</UniqueIdentifier>
    </Filter>
    <Filter Include="Header Files\Game\GUI\Specifics\LobbyHomelandSecurity">
      <UniqueIdentifier>{d2ec0720-df96-4c43-8cda-a1dce279bd52}</UniqueIdentifier>
    </Filter>
    <Filter Include="Source Files\Game\GUI\Specifics\LobbyFFA">
      <UniqueIdentifier>{7711606c-c848-46d6-af9e-318947e54399}</UniqueIdentifier>
    </Filter>
    <Filter Include="Source Files\Game\GUI\Specifics\LobbyTeamDeathmatch">
      <UniqueIdentifier>{2371e4a3-1417-41f9-ae1f-cb2f7acc956e}</UniqueIdentifier>
    </Filter>
    <Filter Include="Source Files\Game\GUI\Specifics\LobbyHomelandSecurity">
      <UniqueIdentifier>{1f8787a8-71ca-4d39-b2e1-97dbc77c0938}</UniqueIdentifier>
    </Filter>
    <Filter Include="Header Files\Game\Database">
      <UniqueIdentifier>{a8615d53-a460-40bb-baf8-2b9793d25844}</UniqueIdentifier>
    </Filter>
    <Filter Include="Source Files\Game\Database">
      <UniqueIdentifier>{4469edce-87fe-4600-977d-f4a4e1118aa5}</UniqueIdentifier>
    </Filter>
    <Filter Include="Header Files\Game\GUI\Specifics\HostScreen0">
      <UniqueIdentifier>{96f0e7a6-e08a-432c-bbfb-5ea09579195c}</UniqueIdentifier>
    </Filter>
    <Filter Include="Header Files\Game\GUI\Specifics\HostScreen1">
      <UniqueIdentifier>{9d2cccb0-a635-4024-8dc4-778d78b5b6de}</UniqueIdentifier>
    </Filter>
    <Filter Include="Source Files\Game\GUI\Specifics\HostScreen0">
      <UniqueIdentifier>{befe9af2-cb8a-49d8-964b-962aa830f641}</UniqueIdentifier>
    </Filter>
    <Filter Include="Source Files\Game\GUI\Specifics\HostScreen1">
      <UniqueIdentifier>{132a1b30-beb7-4c60-810f-434b4d413b39}</UniqueIdentifier>
    </Filter>
    <Filter Include="Header Files\Game\GUI\Specifics\LobbyFFA">
      <UniqueIdentifier>{e61428f5-cef6-4271-87e5-48458eaf62ca}</UniqueIdentifier>
    </Filter>
    <Filter Include="Source Files\Game\GUI\Specifics\HostScreen1Persistent">
      <UniqueIdentifier>{182eeb85-5c59-4c64-9c99-b015c5c1d04c}</UniqueIdentifier>
    </Filter>
    <Filter Include="Header Files\Game\GUI\Specifics\HostScreen1Persistent">
      <UniqueIdentifier>{c11b05c5-870a-44dc-af51-164d62af3972}</UniqueIdentifier>
    </Filter>
    <Filter Include="Header Files\Game\Security">
      <UniqueIdentifier>{e6022332-3a89-4bcf-b477-2048a03b7f42}</UniqueIdentifier>
    </Filter>
    <Filter Include="Source Files\Game\Security">
      <UniqueIdentifier>{e33d519d-f37e-4488-90a6-bff39b207b6e}</UniqueIdentifier>
    </Filter>
    <Filter Include="Header Files\Game\Networking\Authentication">
      <UniqueIdentifier>{4e9619e5-66c2-44cc-88c2-78f8fd423c43}</UniqueIdentifier>
    </Filter>
    <Filter Include="Source Files\Game\Networking\Authentication">
      <UniqueIdentifier>{ed442898-abb0-40eb-91c3-acbaa81cee11}</UniqueIdentifier>
    </Filter>
    <Filter Include="Header Files\Game\Networking\Packets\Authentication">
      <UniqueIdentifier>{7df0ebb2-dc3b-4713-ac96-57da48f984f3}</UniqueIdentifier>
    </Filter>
    <Filter Include="Source Files\Game\Networking\Packets\Authentication">
      <UniqueIdentifier>{1633f0ac-ed9b-4b62-98d1-5d4b4ff4846e}</UniqueIdentifier>
    </Filter>
    <Filter Include="Header Files\Game\GUI\Specifics\JoinScreen0">
      <UniqueIdentifier>{8736f15a-8987-4255-8a1c-9a729125a947}</UniqueIdentifier>
    </Filter>
    <Filter Include="Source Files\Game\GUI\Specifics\JoinScreen0">
      <UniqueIdentifier>{0cffcf96-3a4e-4044-a0ff-9700778d2ae9}</UniqueIdentifier>
    </Filter>
    <Filter Include="Header Files\Game\Account">
      <UniqueIdentifier>{f65d8821-a2a8-4ee8-8d16-637bb5a5de9c}</UniqueIdentifier>
    </Filter>
    <Filter Include="Source Files\Game\Account">
      <UniqueIdentifier>{25677723-864c-4b3f-8962-18c722ffd54c}</UniqueIdentifier>
    </Filter>
    <Filter Include="Source Files\Game\GUI\Specifics\LoadingScreen">
      <UniqueIdentifier>{7db753a6-8da9-4a2a-a2d9-e094db9d7fc1}</UniqueIdentifier>
    </Filter>
    <Filter Include="Header Files\Game\GUI\Specifics\LoadingScreen">
      <UniqueIdentifier>{92640450-9e8a-41d8-815c-12a379238cbe}</UniqueIdentifier>
    </Filter>
  </ItemGroup>
  <ItemGroup>
    <ClInclude Include="game\GameCamera.h">
      <Filter>Header Files\Game</Filter>
    </ClInclude>
    <ClInclude Include="game\GameSkybox.h">
      <Filter>Header Files\Game</Filter>
    </ClInclude>
    <ClInclude Include="game\Planet.h">
      <Filter>Header Files\Game</Filter>
    </ClInclude>
    <ClInclude Include="game\ResourceManifest.h">
      <Filter>Header Files\Game</Filter>
    </ClInclude>
    <ClInclude Include="game\Ship.h">
      <Filter>Header Files\Game</Filter>
    </ClInclude>
    <ClInclude Include="game\Core.h">
      <Filter>Header Files\Game</Filter>
    </ClInclude>
    <ClInclude Include="game\GameState.h">
      <Filter>Header Files\Game</Filter>
    </ClInclude>
    <ClInclude Include="game\gui\WidgetInterface.h">
      <Filter>Header Files\Game\GUI</Filter>
    </ClInclude>
    <ClInclude Include="game\gui\Widget.h">
      <Filter>Header Files\Game\GUI</Filter>
    </ClInclude>
    <ClInclude Include="game\gui\Button.h">
      <Filter>Header Files\Game\GUI</Filter>
    </ClInclude>
    <ClInclude Include="game\gui\TextBox.h">
      <Filter>Header Files\Game\GUI</Filter>
    </ClInclude>
    <ClInclude Include="game\gui\ScrollBar.h">
      <Filter>Header Files\Game\GUI</Filter>
    </ClInclude>
    <ClInclude Include="game\gui\Text.h">
      <Filter>Header Files\Game\GUI</Filter>
    </ClInclude>
    <ClInclude Include="game\gui\specifics\ServerLobbyChatWindow.h">
      <Filter>Header Files\Game\GUI\Specifics</Filter>
    </ClInclude>
    <ClInclude Include="game\gui\specifics\ServerLobbyConnectedPlayersWindow.h">
      <Filter>Header Files\Game\GUI\Specifics</Filter>
    </ClInclude>
    <ClInclude Include="game\Helper.h">
      <Filter>Header Files\Game</Filter>
    </ClInclude>
    <ClInclude Include="game\map\Map.h">
      <Filter>Header Files\Game\Map</Filter>
    </ClInclude>
    <ClInclude Include="game\map\Anchor.h">
      <Filter>Header Files\Game\Map</Filter>
    </ClInclude>
    <ClInclude Include="game\ships\shipSystems\ShipSystemBaseClass.h">
      <Filter>Header Files\Game\Ships\ShipSystems</Filter>
    </ClInclude>
    <ClInclude Include="game\ships\shipSystems\ShipSystemReactor.h">
      <Filter>Header Files\Game\Ships\ShipSystems</Filter>
    </ClInclude>
    <ClInclude Include="game\ships\shipSystems\ShipSystemMainThrusters.h">
      <Filter>Header Files\Game\Ships\ShipSystems</Filter>
    </ClInclude>
    <ClInclude Include="game\ships\shipSystems\ShipSystemShields.h">
      <Filter>Header Files\Game\Ships\ShipSystems</Filter>
    </ClInclude>
    <ClInclude Include="game\ships\shipSystems\ShipSystemPitchThrusters.h">
      <Filter>Header Files\Game\Ships\ShipSystems</Filter>
    </ClInclude>
    <ClInclude Include="game\ships\shipSystems\ShipSystemYawThrusters.h">
      <Filter>Header Files\Game\Ships\ShipSystems</Filter>
    </ClInclude>
    <ClInclude Include="game\ships\shipSystems\ShipSystemRollThrusters.h">
      <Filter>Header Files\Game\Ships\ShipSystems</Filter>
    </ClInclude>
    <ClInclude Include="game\ships\shipSystems\ShipSystemCloakingDevice.h">
      <Filter>Header Files\Game\Ships\ShipSystems</Filter>
    </ClInclude>
    <ClInclude Include="game\ships\shipSystems\ShipSystemWarpDrive.h">
      <Filter>Header Files\Game\Ships\ShipSystems</Filter>
    </ClInclude>
    <ClInclude Include="game\ships\shipSystems\ShipSystemSensors.h">
      <Filter>Header Files\Game\Ships\ShipSystems</Filter>
    </ClInclude>
    <ClInclude Include="game\ships\defiant\Defiant.h">
      <Filter>Header Files\Game\Ships\Defiant</Filter>
    </ClInclude>
    <ClInclude Include="game\ships\brel\Brel.h">
      <Filter>Header Files\Game\Ships\Brel</Filter>
    </ClInclude>
    <ClInclude Include="game\ships\shrike\Shrike.h">
      <Filter>Header Files\Game\Ships\Shrike</Filter>
    </ClInclude>
    <ClInclude Include="game\ships\shipSystems\ShipSystemWeapons.h">
      <Filter>Header Files\Game\Ships\ShipSystems</Filter>
    </ClInclude>
    <ClInclude Include="game\ships\Ships.h">
      <Filter>Header Files\Game\Ships</Filter>
    </ClInclude>
    <ClInclude Include="game\ships\constitution\Constitution.h">
      <Filter>Header Files\Game\Ships\Constitution</Filter>
    </ClInclude>
    <ClInclude Include="game\ships\miranda\Miranda.h">
      <Filter>Header Files\Game\Ships\Miranda</Filter>
    </ClInclude>
    <ClInclude Include="game\ships\nova\Nova.h">
      <Filter>Header Files\Game\Ships\Nova</Filter>
    </ClInclude>
    <ClInclude Include="game\ships\shipSystems\ShipSystemHull.h">
      <Filter>Header Files\Game\Ships\ShipSystems</Filter>
    </ClInclude>
    <ClInclude Include="game\ships\cube\Cube.h">
      <Filter>Header Files\Game\Ships\Cube</Filter>
    </ClInclude>
    <ClInclude Include="game\ships\diamond\Diamond.h">
      <Filter>Header Files\Game\Ships\Diamond</Filter>
    </ClInclude>
    <ClInclude Include="game\ships\probe\Probe.h">
      <Filter>Header Files\Game\Ships\Probe</Filter>
    </ClInclude>
    <ClInclude Include="game\ships\sphere\Sphere.h">
      <Filter>Header Files\Game\Ships\Sphere</Filter>
    </ClInclude>
    <ClInclude Include="game\ships\akira\Akira.h">
      <Filter>Header Files\Game\Ships\Akira</Filter>
    </ClInclude>
    <ClInclude Include="game\map\Freelist.h">
      <Filter>Header Files\Game\Map</Filter>
    </ClInclude>
    <ClInclude Include="game\ships\intrepid\Intrepid.h">
      <Filter>Header Files\Game\Ships\Intrepid</Filter>
    </ClInclude>
    <ClInclude Include="game\ships\norway\Norway.h">
      <Filter>Header Files\Game\Ships\Norway</Filter>
    </ClInclude>
    <ClInclude Include="game\weapons\Weapons.h">
      <Filter>Header Files\Game\Weapons</Filter>
    </ClInclude>
    <ClInclude Include="game\weapons\WeaponIncludes.h">
      <Filter>Header Files\Game\Weapons</Filter>
    </ClInclude>
    <ClInclude Include="game\factions\Faction.h">
      <Filter>Header Files\Game\Factions</Filter>
    </ClInclude>
    <ClInclude Include="game\hud\ShipStatusDisplay.h">
      <Filter>Header Files\Game\HUD</Filter>
    </ClInclude>
    <ClInclude Include="game\hud\SensorStatusDisplay.h">
      <Filter>Header Files\Game\HUD</Filter>
    </ClInclude>
    <ClInclude Include="game\hud\HUD.h">
      <Filter>Header Files\Game\HUD</Filter>
    </ClInclude>
    <ClInclude Include="game\Menu.h">
      <Filter>Header Files\Game</Filter>
    </ClInclude>
    <ClInclude Include="game\ships\vorcha\Vorcha.h">
      <Filter>Header Files\Game\Ships\Vorcha</Filter>
    </ClInclude>
    <ClInclude Include="game\modes\GameplayMode.h">
      <Filter>Header Files\Game\Modes</Filter>
    </ClInclude>
    <ClInclude Include="game\teams\TeamIncludes.h">
      <Filter>Header Files\Game\Teams</Filter>
    </ClInclude>
    <ClInclude Include="game\teams\Team.h">
      <Filter>Header Files\Game\Teams</Filter>
    </ClInclude>
    <ClInclude Include="game\ai\AI.h">
      <Filter>Header Files\Game\AI</Filter>
    </ClInclude>
    <ClInclude Include="game\ai\AIIncludes.h">
      <Filter>Header Files\Game\AI</Filter>
    </ClInclude>
    <ClInclude Include="game\ai\FireAtWill.h">
      <Filter>Header Files\Game\AI</Filter>
    </ClInclude>
    <ClInclude Include="game\hud\TargetRedicule.h">
      <Filter>Header Files\Game\HUD</Filter>
    </ClInclude>
    <ClInclude Include="game\particles\Fire.h">
      <Filter>Header Files\Game\Particles</Filter>
    </ClInclude>
    <ClInclude Include="game\particles\Sparks.h">
      <Filter>Header Files\Game\Particles</Filter>
    </ClInclude>
    <ClInclude Include="game\ships\sovereign\Sovereign.h">
      <Filter>Header Files\Game\Ships\Sovereign</Filter>
    </ClInclude>
    <ClInclude Include="game\ai\AIStationaryNPC.h">
      <Filter>Header Files\Game\AI</Filter>
    </ClInclude>
    <ClInclude Include="game\ai\ThreatTable.h">
      <Filter>Header Files\Game\AI</Filter>
    </ClInclude>
    <ClInclude Include="game\ai\AINPC.h">
      <Filter>Header Files\Game\AI</Filter>
    </ClInclude>
    <ClInclude Include="game\ai\logic\GunneryBaseClass.h">
      <Filter>Header Files\Game\AI\Logic</Filter>
    </ClInclude>
    <ClInclude Include="game\ships\fed_def_platform\FedDefPlatform.h">
      <Filter>Header Files\Game\Ships\FedDefPlatform</Filter>
    </ClInclude>
    <ClInclude Include="game\ships\fed_starbase_mushroom\FedStarbaseMushroom.h">
      <Filter>Header Files\Game\Ships\FedStarbaseMushroom</Filter>
    </ClInclude>
    <ClInclude Include="game\networking\server\Server.h">
      <Filter>Header Files\Game\Networking\Server</Filter>
    </ClInclude>
    <ClInclude Include="game\networking\client\Client.h">
      <Filter>Header Files\Game\Networking\Client</Filter>
    </ClInclude>
    <ClInclude Include="game\networking\server\ServerMapSpecificData.h">
      <Filter>Header Files\Game\Networking\Server</Filter>
    </ClInclude>
    <ClInclude Include="game\networking\client\ClientMapSpecificData.h">
      <Filter>Header Files\Game\Networking\Client</Filter>
    </ClInclude>
    <ClInclude Include="game\config\Keybinds.h">
      <Filter>Header Files\Game\Config</Filter>
    </ClInclude>
    <ClInclude Include="game\weapons\beams\BorgBeam.h">
      <Filter>Header Files\Game\Weapons\Beams</Filter>
    </ClInclude>
    <ClInclude Include="game\weapons\beams\BorgCuttingBeam.h">
      <Filter>Header Files\Game\Weapons\Beams</Filter>
    </ClInclude>
    <ClInclude Include="game\weapons\beams\DisruptorBeam.h">
      <Filter>Header Files\Game\Weapons\Beams</Filter>
    </ClInclude>
    <ClInclude Include="game\weapons\beams\PhaserBeam.h">
      <Filter>Header Files\Game\Weapons\Beams</Filter>
    </ClInclude>
    <ClInclude Include="game\weapons\beams\PlasmaBeam.h">
      <Filter>Header Files\Game\Weapons\Beams</Filter>
    </ClInclude>
    <ClInclude Include="game\weapons\cannons\DisruptorCannon.h">
      <Filter>Header Files\Game\Weapons\Cannons</Filter>
    </ClInclude>
    <ClInclude Include="game\weapons\cannons\PlasmaCannon.h">
      <Filter>Header Files\Game\Weapons\Cannons</Filter>
    </ClInclude>
    <ClInclude Include="game\weapons\cannons\PulsePhaser.h">
      <Filter>Header Files\Game\Weapons\Cannons</Filter>
    </ClInclude>
    <ClInclude Include="game\weapons\torpedos\BorgTorpedo.h">
      <Filter>Header Files\Game\Weapons\Torpedos</Filter>
    </ClInclude>
    <ClInclude Include="game\weapons\torpedos\KlingonPhotonTorpedo.h">
      <Filter>Header Files\Game\Weapons\Torpedos</Filter>
    </ClInclude>
    <ClInclude Include="game\weapons\torpedos\PhotonTorpedo.h">
      <Filter>Header Files\Game\Weapons\Torpedos</Filter>
    </ClInclude>
    <ClInclude Include="game\weapons\torpedos\PhotonTorpedoOld.h">
      <Filter>Header Files\Game\Weapons\Torpedos</Filter>
    </ClInclude>
    <ClInclude Include="game\weapons\torpedos\PlasmaTorpedo.h">
      <Filter>Header Files\Game\Weapons\Torpedos</Filter>
    </ClInclude>
    <ClInclude Include="game\weapons\torpedos\QuantumTorpedo.h">
      <Filter>Header Files\Game\Weapons\Torpedos</Filter>
    </ClInclude>
    <ClInclude Include="game\networking\packets\Packet.h">
      <Filter>Header Files\Game\Networking\Packets</Filter>
    </ClInclude>
    <ClInclude Include="game\networking\packets\Packets.h">
      <Filter>Header Files\Game\Networking\Packets</Filter>
    </ClInclude>
    <ClInclude Include="game\networking\packets\PacketProjectileImpact.h">
      <Filter>Header Files\Game\Networking\Packets</Filter>
    </ClInclude>
    <ClInclude Include="game\networking\packets\PacketHealthUpdate.h">
      <Filter>Header Files\Game\Networking\Packets</Filter>
    </ClInclude>
    <ClInclude Include="game\networking\packets\PacketPhysicsUpdate.h">
      <Filter>Header Files\Game\Networking\Packets</Filter>
    </ClInclude>
    <ClInclude Include="game\networking\packets\PacketCloakUpdate.h">
      <Filter>Header Files\Game\Networking\Packets</Filter>
    </ClInclude>
    <ClInclude Include="game\networking\packets\PacketCollisionEvent.h">
      <Filter>Header Files\Game\Networking\Packets</Filter>
    </ClInclude>
    <ClInclude Include="game\networking\packets\PacketClientRequestConnectionToServer.h">
      <Filter>Header Files\Game\Networking\Packets</Filter>
    </ClInclude>
    <ClInclude Include="game\networking\packets\PacketMessage.h">
      <Filter>Header Files\Game\Networking\Packets</Filter>
    </ClInclude>
    <ClInclude Include="game\networking\packets\PacketShipRespawned.h">
      <Filter>Header Files\Game\Networking\Packets</Filter>
    </ClInclude>
    <ClInclude Include="game\networking\packets\PacketGameplayModeInfo.h">
      <Filter>Header Files\Game\Networking\Packets</Filter>
    </ClInclude>
    <ClInclude Include="game\networking\packets\PacketShipInfoRequest.h">
      <Filter>Header Files\Game\Networking\Packets</Filter>
    </ClInclude>
    <ClInclude Include="game\gui\GUIRenderElement.h">
      <Filter>Header Files\Game\GUI</Filter>
    </ClInclude>
    <ClInclude Include="game\ForcedGameInclude.h">
      <Filter>Header Files\Game</Filter>
    </ClInclude>
    <ClInclude Include="game\ships\dderidex\Dderidex.h">
      <Filter>Header Files\Game\Ships\Dderidex</Filter>
    </ClInclude>
    <ClInclude Include="game\ships\excelsior\Excelsior.h">
      <Filter>Header Files\Game\Ships\Excelsior</Filter>
    </ClInclude>
    <ClInclude Include="game\ships\neghvar\Neghvar.h">
      <Filter>Header Files\Game\Ships\Neghvar</Filter>
    </ClInclude>
    <ClInclude Include="game\ships\venerex\Venerex.h">
      <Filter>Header Files\Game\Ships\Venerex</Filter>
    </ClInclude>
    <ClInclude Include="game\gui\specifics\MainMenu.h">
      <Filter>Header Files\Game\GUI\Specifics\MainMenu</Filter>
    </ClInclude>
    <ClInclude Include="game\gui\specifics\MapDescriptionWindow.h">
      <Filter>Header Files\Game\GUI\Specifics\HostScreen1</Filter>
    </ClInclude>
    <ClInclude Include="game\map\MapEntry.h">
      <Filter>Header Files\Game\Map</Filter>
    </ClInclude>
    <ClInclude Include="game\gui\RoundedWindow.h">
      <Filter>Header Files\Game\GUI\Specifics\Templates</Filter>
    </ClInclude>
    <ClInclude Include="game\gui\specifics\MapSelectionWindow.h">
      <Filter>Header Files\Game\GUI\Specifics\HostScreen1</Filter>
    </ClInclude>
    <ClInclude Include="game\gui\ScrollFrame.h">
      <Filter>Header Files\Game\GUI</Filter>
    </ClInclude>
    <ClInclude Include="resource.h">
      <Filter>Header Files</Filter>
    </ClInclude>
    <ClInclude Include="game\gui\specifics\HostScreenFFA2.h">
      <Filter>Header Files\Game\GUI\Specifics\HostScreen2\FFA</Filter>
    </ClInclude>
    <ClInclude Include="game\gui\specifics\HostScreenHomelandSecurity2.h">
      <Filter>Header Files\Game\GUI\Specifics\HostScreen2\HomelandSecurity</Filter>
    </ClInclude>
    <ClInclude Include="game\gui\specifics\HostScreenTeamDeathmatch2.h">
      <Filter>Header Files\Game\GUI\Specifics\HostScreen2\TeamDeathmatch</Filter>
    </ClInclude>
    <ClInclude Include="game\gui\specifics\FFAShipSelector.h">
      <Filter>Header Files\Game\GUI\Specifics\HostScreen2\FFA</Filter>
    </ClInclude>
    <ClInclude Include="game\gui\specifics\FFAServerInfo.h">
      <Filter>Header Files\Game\GUI\Specifics\HostScreen2\FFA</Filter>
    </ClInclude>
    <ClInclude Include="game\gui\specifics\ShipToken.h">
      <Filter>Header Files\Game\GUI\Specifics\Templates</Filter>
    </ClInclude>
    <ClInclude Include="game\config\ConfigFile.h">
      <Filter>Header Files\Game\Config</Filter>
    </ClInclude>
    <ClInclude Include="game\config\ConfigDataStruct.h">
      <Filter>Header Files\Game\Config</Filter>
    </ClInclude>
    <ClInclude Include="game\gui\specifics\LobbyFFA.h">
      <Filter>Header Files\Game\GUI\Specifics\LobbyFFA</Filter>
    </ClInclude>
    <ClInclude Include="game\map\MapDatabase.h">
      <Filter>Header Files\Game\Map</Filter>
    </ClInclude>
    <ClInclude Include="game\gui\specifics\FFALobbyShipSelector.h">
      <Filter>Header Files\Game\GUI\Specifics\LobbyFFA</Filter>
    </ClInclude>
    <ClInclude Include="game\networking\packets\PacketConnectionAccepted.h">
      <Filter>Header Files\Game\Networking\Packets</Filter>
    </ClInclude>
    <ClInclude Include="game\gui\specifics\Ship3DViewer.h">
      <Filter>Header Files\Game\GUI\Specifics\Templates</Filter>
    </ClInclude>
    <ClInclude Include="game\gui\specifics\ShipDescription.h">
      <Filter>Header Files\Game\GUI\Specifics\Templates</Filter>
    </ClInclude>
    <ClInclude Include="game\database\Database.h">
      <Filter>Header Files\Game\Database</Filter>
    </ClInclude>
    <ClInclude Include="game\gui\specifics\HostScreen1.h">
      <Filter>Header Files\Game\GUI\Specifics\HostScreen1</Filter>
    </ClInclude>
    <ClInclude Include="game\gui\specifics\HostScreen0.h">
      <Filter>Header Files\Game\GUI\Specifics\HostScreen0</Filter>
    </ClInclude>
    <ClInclude Include="game\gui\specifics\MessageWithArrow.h">
      <Filter>Header Files\Game\GUI\Specifics\Templates</Filter>
    </ClInclude>
    <ClInclude Include="game\gui\specifics\HostScreen1Persistent.h">
      <Filter>Header Files\Game\GUI\Specifics\HostScreen1Persistent</Filter>
    </ClInclude>
    <ClInclude Include="game\networking\packets\PacketUpdateLobbyTimeLeft.h">
      <Filter>Header Files\Game\Networking\Packets</Filter>
    </ClInclude>
    <ClInclude Include="game\gui\specifics\OwnedServersSelectionWindow.h">
      <Filter>Header Files\Game\GUI\Specifics\HostScreen1Persistent</Filter>
    </ClInclude>
    <ClInclude Include="game\gui\specifics\CreateServerWindow.h">
      <Filter>Header Files\Game\GUI\Specifics\HostScreen1Persistent</Filter>
    </ClInclude>
    <ClInclude Include="game\security\Security.h">
      <Filter>Header Files\Game\Security</Filter>
    </ClInclude>
    <ClInclude Include="game\networking\auth\AuthenticationLayer.h">
      <Filter>Header Files\Game\Networking\Authentication</Filter>
    </ClInclude>
    <ClInclude Include="game\networking\packets\PacketAuthStep1.h">
      <Filter>Header Files\Game\Networking\Packets\Authentication</Filter>
    </ClInclude>
    <ClInclude Include="game\networking\packets\PacketAuthStep2.h">
      <Filter>Header Files\Game\Networking\Packets\Authentication</Filter>
    </ClInclude>
    <ClInclude Include="game\gui\specifics\JoinScreen0.h">
      <Filter>Header Files\Game\GUI\Specifics\JoinScreen0</Filter>
    </ClInclude>
    <ClInclude Include="game\gui\specifics\LoadingScreen.h">
      <Filter>Header Files\Game\GUI\Specifics\LoadingScreen</Filter>
    </ClInclude>
  </ItemGroup>
  <ItemGroup>
    <ClCompile Include="game\main.cpp">
      <Filter>Source Files</Filter>
    </ClCompile>
    <ClCompile Include="game\Game.cpp">
      <Filter>Source Files\Game</Filter>
    </ClCompile>
    <ClCompile Include="game\GameCamera.cpp">
      <Filter>Source Files\Game</Filter>
    </ClCompile>
    <ClCompile Include="game\GameSkybox.cpp">
      <Filter>Source Files\Game</Filter>
    </ClCompile>
    <ClCompile Include="game\Planet.cpp">
      <Filter>Source Files\Game</Filter>
    </ClCompile>
    <ClCompile Include="game\ResourceManifest.cpp">
      <Filter>Source Files\Game</Filter>
    </ClCompile>
    <ClCompile Include="game\Ship.cpp">
      <Filter>Source Files\Game</Filter>
    </ClCompile>
    <ClCompile Include="game\Core.cpp">
      <Filter>Source Files\Game</Filter>
    </ClCompile>
    <ClCompile Include="game\gui\Widget.cpp">
      <Filter>Source Files\Game\GUI</Filter>
    </ClCompile>
    <ClCompile Include="game\gui\Button.cpp">
      <Filter>Source Files\Game\GUI</Filter>
    </ClCompile>
    <ClCompile Include="game\gui\TextBox.cpp">
      <Filter>Source Files\Game\GUI</Filter>
    </ClCompile>
    <ClCompile Include="game\gui\ScrollBar.cpp">
      <Filter>Source Files\Game\GUI</Filter>
    </ClCompile>
    <ClCompile Include="game\gui\Text.cpp">
      <Filter>Source Files\Game\GUI</Filter>
    </ClCompile>
    <ClCompile Include="game\gui\specifics\ServerLobbyChatWindow.cpp">
      <Filter>Source Files\Game\GUI\Specifics</Filter>
    </ClCompile>
    <ClCompile Include="game\gui\specifics\ServerLobbyConnectedPlayersWindow.cpp">
      <Filter>Source Files\Game\GUI\Specifics</Filter>
    </ClCompile>
    <ClCompile Include="game\map\Map.cpp">
      <Filter>Source Files\Game\Map</Filter>
    </ClCompile>
    <ClCompile Include="game\map\Anchor.cpp">
      <Filter>Source Files\Game\Map</Filter>
    </ClCompile>
    <ClCompile Include="game\ships\shipSystems\ShipSystemBaseClass.cpp">
      <Filter>Source Files\Game\Ships\ShipSystems</Filter>
    </ClCompile>
    <ClCompile Include="game\ships\shipSystems\ShipSystemReactor.cpp">
      <Filter>Source Files\Game\Ships\ShipSystems</Filter>
    </ClCompile>
    <ClCompile Include="game\ships\shipSystems\ShipSystemMainThusters.cpp">
      <Filter>Source Files\Game\Ships\ShipSystems</Filter>
    </ClCompile>
    <ClCompile Include="game\ships\shipSystems\ShipSystemShields.cpp">
      <Filter>Source Files\Game\Ships\ShipSystems</Filter>
    </ClCompile>
    <ClCompile Include="game\ships\shipSystems\ShipSystemPitchThrusters.cpp">
      <Filter>Source Files\Game\Ships\ShipSystems</Filter>
    </ClCompile>
    <ClCompile Include="game\ships\shipSystems\ShipSystemYawThrusters.cpp">
      <Filter>Source Files\Game\Ships\ShipSystems</Filter>
    </ClCompile>
    <ClCompile Include="game\ships\shipSystems\ShipSystemRollThrusters.cpp">
      <Filter>Source Files\Game\Ships\ShipSystems</Filter>
    </ClCompile>
    <ClCompile Include="game\ships\shipSystems\ShipSystemCloakingDevice.cpp">
      <Filter>Source Files\Game\Ships\ShipSystems</Filter>
    </ClCompile>
    <ClCompile Include="game\ships\shipSystems\ShipSystemWarpDrive.cpp">
      <Filter>Source Files\Game\Ships\ShipSystems</Filter>
    </ClCompile>
    <ClCompile Include="game\ships\shipSystems\ShipSystemSensors.cpp">
      <Filter>Source Files\Game\Ships\ShipSystems</Filter>
    </ClCompile>
    <ClCompile Include="game\ships\defiant\Defiant.cpp">
      <Filter>Source Files\Game\Ships\Defiant</Filter>
    </ClCompile>
    <ClCompile Include="game\ships\brel\Brel.cpp">
      <Filter>Source Files\Game\Ships\Brel</Filter>
    </ClCompile>
    <ClCompile Include="game\ships\shrike\Shrike.cpp">
      <Filter>Source Files\Game\Ships\Shrike</Filter>
    </ClCompile>
    <ClCompile Include="game\ships\shipSystems\ShipSystemWeapons.cpp">
      <Filter>Source Files\Game\Ships\ShipSystems</Filter>
    </ClCompile>
    <ClCompile Include="game\ships\excelsior\Excelsior.cpp">
      <Filter>Source Files\Game\Ships\Excelsior</Filter>
    </ClCompile>
    <ClCompile Include="game\ships\constitution\Constitution.cpp">
      <Filter>Source Files\Game\Ships\Constitution</Filter>
    </ClCompile>
    <ClCompile Include="game\ships\miranda\Miranda.cpp">
      <Filter>Source Files\Game\Ships\Miranda</Filter>
    </ClCompile>
    <ClCompile Include="game\ships\nova\Nova.cpp">
      <Filter>Source Files\Game\Ships\Nova</Filter>
    </ClCompile>
    <ClCompile Include="game\ships\shipSystems\ShipSystemHull.cpp">
      <Filter>Source Files\Game\Ships\ShipSystems</Filter>
    </ClCompile>
    <ClCompile Include="game\ships\sphere\Sphere.cpp">
      <Filter>Source Files\Game\Ships\Sphere</Filter>
    </ClCompile>
    <ClCompile Include="game\ships\probe\Probe.cpp">
      <Filter>Source Files\Game\Ships\Probe</Filter>
    </ClCompile>
    <ClCompile Include="game\ships\diamond\Diamond.cpp">
      <Filter>Source Files\Game\Ships\Diamond</Filter>
    </ClCompile>
    <ClCompile Include="game\ships\cube\Cube.cpp">
      <Filter>Source Files\Game\Ships\Cube</Filter>
    </ClCompile>
    <ClCompile Include="game\ships\akira\Akira.cpp">
      <Filter>Source Files\Game\Ships\Akira</Filter>
    </ClCompile>
    <ClCompile Include="game\ships\intrepid\Intrepid.cpp">
      <Filter>Source Files\Game\Ships\Intrepid</Filter>
    </ClCompile>
    <ClCompile Include="game\ships\norway\Norway.cpp">
      <Filter>Source Files\Game\Ships\Norway</Filter>
    </ClCompile>
    <ClCompile Include="game\ships\Ships.cpp">
      <Filter>Source Files\Game\Ships</Filter>
    </ClCompile>
    <ClCompile Include="game\factions\Faction.cpp">
      <Filter>Source Files\Game\Factions</Filter>
    </ClCompile>
    <ClCompile Include="game\hud\ShipStatusDisplay.cpp">
      <Filter>Source Files\Game\HUD</Filter>
    </ClCompile>
    <ClCompile Include="game\hud\SensorStatusDisplay.cpp">
      <Filter>Source Files\Game\HUD</Filter>
    </ClCompile>
    <ClCompile Include="game\hud\HUD.cpp">
      <Filter>Source Files\Game\HUD</Filter>
    </ClCompile>
    <ClCompile Include="game\Menu.cpp">
      <Filter>Source Files\Game</Filter>
    </ClCompile>
    <ClCompile Include="game\ships\vorcha\Vorcha.cpp">
      <Filter>Source Files\Game\Ships\Vorcha</Filter>
    </ClCompile>
    <ClCompile Include="game\modes\GameplayMode.cpp">
      <Filter>Source Files\Game\Modes</Filter>
    </ClCompile>
    <ClCompile Include="game\teams\Team.cpp">
      <Filter>Source Files\Game\Teams</Filter>
    </ClCompile>
    <ClCompile Include="game\ai\AI.cpp">
      <Filter>Source Files\Game\AI</Filter>
    </ClCompile>
    <ClCompile Include="game\ai\FireAtWill.cpp">
      <Filter>Source Files\Game\AI</Filter>
    </ClCompile>
    <ClCompile Include="game\hud\TargetRedicule.cpp">
      <Filter>Source Files\Game\HUD</Filter>
    </ClCompile>
    <ClCompile Include="game\particles\Fire.cpp">
      <Filter>Source Files\Game\Particles</Filter>
    </ClCompile>
    <ClCompile Include="game\particles\Sparks.cpp">
      <Filter>Source Files\Game\Particles</Filter>
    </ClCompile>
    <ClCompile Include="game\Helper.cpp">
      <Filter>Source Files\Game</Filter>
    </ClCompile>
    <ClCompile Include="game\ships\sovereign\Sovereign.cpp">
      <Filter>Source Files\Game\Ships\Sovereign</Filter>
    </ClCompile>
    <ClCompile Include="game\ai\AIStationaryNPC.cpp">
      <Filter>Source Files\Game\AI</Filter>
    </ClCompile>
    <ClCompile Include="game\ai\ThreatTable.cpp">
      <Filter>Source Files\Game\AI</Filter>
    </ClCompile>
    <ClCompile Include="game\ai\AINPC.cpp">
      <Filter>Source Files\Game\AI</Filter>
    </ClCompile>
    <ClCompile Include="game\ai\logic\GunneryBaseClass.cpp">
      <Filter>Source Files\Game\AI\Logic</Filter>
    </ClCompile>
    <ClCompile Include="game\ships\fed_def_platform\FedDefPlatform.cpp">
      <Filter>Source Files\Game\Ships\FedDefPlatform</Filter>
    </ClCompile>
    <ClCompile Include="game\ships\fed_starbase_mushroom\FedStarbaseMushroom.cpp">
      <Filter>Source Files\Game\Ships\FedStarbaseMushroom</Filter>
    </ClCompile>
    <ClCompile Include="game\networking\client\Client.cpp">
      <Filter>Source Files\Game\Networking\Client</Filter>
    </ClCompile>
    <ClCompile Include="game\networking\server\Server.cpp">
      <Filter>Source Files\Game\Networking\Server</Filter>
    </ClCompile>
    <ClCompile Include="game\networking\server\ServerMapSpecificData.cpp">
      <Filter>Source Files\Game\Networking\Server</Filter>
    </ClCompile>
    <ClCompile Include="game\networking\client\ClientMapSpecificData.cpp">
      <Filter>Source Files\Game\Networking\Client</Filter>
    </ClCompile>
    <ClCompile Include="game\config\Keybinds.cpp">
      <Filter>Source Files\Game\Config</Filter>
    </ClCompile>
    <ClCompile Include="game\weapons\beams\BorgBeam.cpp">
      <Filter>Source Files\Game\Weapons\Beams</Filter>
    </ClCompile>
    <ClCompile Include="game\weapons\beams\BorgCuttingBeam.cpp">
      <Filter>Source Files\Game\Weapons\Beams</Filter>
    </ClCompile>
    <ClCompile Include="game\weapons\beams\DisruptorBeam.cpp">
      <Filter>Source Files\Game\Weapons\Beams</Filter>
    </ClCompile>
    <ClCompile Include="game\weapons\beams\PhaserBeam.cpp">
      <Filter>Source Files\Game\Weapons\Beams</Filter>
    </ClCompile>
    <ClCompile Include="game\weapons\beams\PlasmaBeam.cpp">
      <Filter>Source Files\Game\Weapons\Beams</Filter>
    </ClCompile>
    <ClCompile Include="game\weapons\cannons\DisruptorCannon.cpp">
      <Filter>Source Files\Game\Weapons\Cannons</Filter>
    </ClCompile>
    <ClCompile Include="game\weapons\cannons\PlasmaCannon.cpp">
      <Filter>Source Files\Game\Weapons\Cannons</Filter>
    </ClCompile>
    <ClCompile Include="game\weapons\cannons\PulsePhaser.cpp">
      <Filter>Source Files\Game\Weapons\Cannons</Filter>
    </ClCompile>
    <ClCompile Include="game\weapons\torpedos\BorgTorpedo.cpp">
      <Filter>Source Files\Game\Weapons\Torpedos</Filter>
    </ClCompile>
    <ClCompile Include="game\weapons\torpedos\KlingonPhotonTorpedo.cpp">
      <Filter>Source Files\Game\Weapons\Torpedos</Filter>
    </ClCompile>
    <ClCompile Include="game\weapons\torpedos\PhotonTorpedo.cpp">
      <Filter>Source Files\Game\Weapons\Torpedos</Filter>
    </ClCompile>
    <ClCompile Include="game\weapons\torpedos\PhotonTorpedoOld.cpp">
      <Filter>Source Files\Game\Weapons\Torpedos</Filter>
    </ClCompile>
    <ClCompile Include="game\weapons\torpedos\PlasmaTorpedo.cpp">
      <Filter>Source Files\Game\Weapons\Torpedos</Filter>
    </ClCompile>
    <ClCompile Include="game\weapons\torpedos\QuantumTorpedo.cpp">
      <Filter>Source Files\Game\Weapons\Torpedos</Filter>
    </ClCompile>
    <ClCompile Include="game\networking\packets\Packet.cpp">
      <Filter>Source Files\Game\Networking\Packets</Filter>
    </ClCompile>
    <ClCompile Include="game\networking\packets\PacketProjectileImpact.cpp">
      <Filter>Source Files\Game\Networking\Packets</Filter>
    </ClCompile>
    <ClCompile Include="game\networking\packets\PacketHealthUpdate.cpp">
      <Filter>Source Files\Game\Networking\Packets</Filter>
    </ClCompile>
    <ClCompile Include="game\networking\packets\PacketPhysicsUpdate.cpp">
      <Filter>Source Files\Game\Networking\Packets</Filter>
    </ClCompile>
    <ClCompile Include="game\networking\packets\PacketCloakUpdate.cpp">
      <Filter>Source Files\Game\Networking\Packets</Filter>
    </ClCompile>
    <ClCompile Include="game\networking\packets\PacketCollisionEvent.cpp">
      <Filter>Source Files\Game\Networking\Packets</Filter>
    </ClCompile>
    <ClCompile Include="game\networking\packets\PacketClientRequestConnectionToServer.cpp">
      <Filter>Source Files\Game\Networking\Packets</Filter>
    </ClCompile>
    <ClCompile Include="game\networking\packets\PacketMessage.cpp">
      <Filter>Source Files\Game\Networking\Packets</Filter>
    </ClCompile>
    <ClCompile Include="game\networking\packets\PacketShipRespawned.cpp">
      <Filter>Source Files\Game\Networking\Packets</Filter>
    </ClCompile>
    <ClCompile Include="game\networking\packets\PacketGameplayModeInfo.cpp">
      <Filter>Source Files\Game\Networking\Packets</Filter>
    </ClCompile>
    <ClCompile Include="game\networking\packets\PacketShipInfoRequest.cpp">
      <Filter>Source Files\Game\Networking\Packets</Filter>
    </ClCompile>
    <ClCompile Include="game\gui\GUIRenderElement.cpp">
      <Filter>Source Files\Game\GUI\Specifics</Filter>
    </ClCompile>
    <ClCompile Include="game\ships\dderidex\Dderidex.cpp">
      <Filter>Source Files\Game\Ships\Dderidex</Filter>
    </ClCompile>
    <ClCompile Include="game\ships\venerex\Venerex.cpp">
      <Filter>Source Files\Game\Ships\Venerex</Filter>
    </ClCompile>
    <ClCompile Include="game\ships\neghvar\Neghvar.cpp">
      <Filter>Source Files\Game\Ships\Neghvar</Filter>
    </ClCompile>
    <ClCompile Include="game\gui\specifics\MainMenu.cpp">
      <Filter>Source Files\Game\GUI\Specifics\MainMenu</Filter>
    </ClCompile>
    <ClCompile Include="game\gui\specifics\MapDescriptionWindow.cpp">
      <Filter>Source Files\Game\GUI\Specifics\HostScreen1</Filter>
    </ClCompile>
    <ClCompile Include="game\gui\RoundedWindow.cpp">
      <Filter>Source Files\Game\GUI\Specifics\Templates</Filter>
    </ClCompile>
    <ClCompile Include="game\gui\specifics\MapSelectionWindow.cpp">
      <Filter>Source Files\Game\GUI\Specifics\HostScreen1</Filter>
    </ClCompile>
    <ClCompile Include="game\gui\ScrollFrame.cpp">
      <Filter>Source Files\Game\GUI</Filter>
    </ClCompile>
    <ClCompile Include="game\gui\specifics\HostScreenFFA2.cpp">
      <Filter>Source Files\Game\GUI\Specifics\HostScreen2\FFA</Filter>
    </ClCompile>
    <ClCompile Include="game\gui\specifics\HostScreenHomelandSecurity2.cpp">
      <Filter>Source Files\Game\GUI\Specifics\HostScreen2\HomelandSecurity</Filter>
    </ClCompile>
    <ClCompile Include="game\gui\specifics\HostScreenTeamDeathmatch2.cpp">
      <Filter>Source Files\Game\GUI\Specifics\HostScreen2\TeamDeathmatch</Filter>
    </ClCompile>
    <ClCompile Include="game\gui\specifics\FFAShipSelector.cpp">
      <Filter>Source Files\Game\GUI\Specifics\HostScreen2\FFA</Filter>
    </ClCompile>
    <ClCompile Include="game\gui\specifics\FFAServerInfo.cpp">
      <Filter>Source Files\Game\GUI\Specifics\HostScreen2\FFA</Filter>
    </ClCompile>
    <ClCompile Include="game\gui\specifics\ShipToken.cpp">
      <Filter>Source Files\Game\GUI\Specifics\Templates</Filter>
    </ClCompile>
    <ClCompile Include="game\config\ConfigFile.cpp">
      <Filter>Source Files\Game\Config</Filter>
    </ClCompile>
    <ClCompile Include="game\gui\specifics\LobbyFFA.cpp">
      <Filter>Source Files\Game\GUI\Specifics\LobbyFFA</Filter>
    </ClCompile>
    <ClCompile Include="game\map\MapDatabase.cpp">
      <Filter>Source Files\Game\Map</Filter>
    </ClCompile>
    <ClCompile Include="game\gui\specifics\FFALobbyShipSelector.cpp">
      <Filter>Source Files\Game\GUI\Specifics\LobbyFFA</Filter>
    </ClCompile>
    <ClCompile Include="game\networking\packets\PacketConnectionAccepted.cpp">
      <Filter>Source Files\Game\Networking\Packets</Filter>
    </ClCompile>
    <ClCompile Include="game\gui\specifics\Ship3DViewer.cpp">
      <Filter>Source Files\Game\GUI\Specifics\Templates</Filter>
    </ClCompile>
    <ClCompile Include="game\gui\specifics\ShipDescription.cpp">
      <Filter>Source Files\Game\GUI\Specifics\Templates</Filter>
    </ClCompile>
    <ClCompile Include="game\database\Database.cpp">
      <Filter>Source Files\Game\Database</Filter>
    </ClCompile>
    <ClCompile Include="game\gui\specifics\HostScreen1.cpp">
      <Filter>Source Files\Game\GUI\Specifics\HostScreen1</Filter>
    </ClCompile>
    <ClCompile Include="game\gui\specifics\HostScreen0.cpp">
      <Filter>Source Files\Game\GUI\Specifics\HostScreen0</Filter>
    </ClCompile>
    <ClCompile Include="game\gui\specifics\MessageWithArrow.cpp">
      <Filter>Source Files\Game\GUI\Specifics\Templates</Filter>
    </ClCompile>
    <ClCompile Include="game\gui\specifics\HostScreen1Persistent.cpp">
      <Filter>Source Files\Game\GUI\Specifics\HostScreen1Persistent</Filter>
    </ClCompile>
    <ClCompile Include="game\networking\packets\PacketUpdateLobbyTimeLeft.cpp">
      <Filter>Source Files\Game\Networking\Packets</Filter>
    </ClCompile>
    <ClCompile Include="game\gui\specifics\OwnedServersSelectionWindow.cpp">
      <Filter>Source Files\Game\GUI\Specifics\HostScreen1Persistent</Filter>
    </ClCompile>
    <ClCompile Include="game\gui\specifics\CreateServerWindow.cpp">
      <Filter>Source Files\Game\GUI\Specifics\HostScreen1Persistent</Filter>
    </ClCompile>
    <ClCompile Include="game\security\Security.cpp">
      <Filter>Source Files\Game\Security</Filter>
    </ClCompile>
    <ClCompile Include="game\networking\auth\AuthenticationLayer.cpp">
      <Filter>Source Files\Game\Networking\Authentication</Filter>
    </ClCompile>
    <ClCompile Include="game\networking\packets\PacketAuthStep1.cpp">
      <Filter>Source Files\Game\Networking\Packets\Authentication</Filter>
    </ClCompile>
    <ClCompile Include="game\networking\packets\PacketAuthStep2.cpp">
      <Filter>Source Files\Game\Networking\Packets\Authentication</Filter>
    </ClCompile>
    <ClCompile Include="game\gui\specifics\JoinScreen0.cpp">
      <Filter>Source Files\Game\GUI\Specifics\JoinScreen0</Filter>
    </ClCompile>
    <ClCompile Include="game\gui\specifics\LoadingScreen.cpp">
      <Filter>Source Files\Game\GUI\Specifics\LoadingScreen</Filter>
    </ClCompile>
  </ItemGroup>
  <ItemGroup>
    <None Include="..\data\Shaders\AS_groundFromSpace_frag.glsl">
      <Filter>Resource Files\Shaders</Filter>
    </None>
    <None Include="..\data\Shaders\AS_groundFromSpace_vert.glsl">
      <Filter>Resource Files\Shaders</Filter>
    </None>
    <None Include="..\data\Shaders\AS_skyFromAtmosphere_frag.glsl">
      <Filter>Resource Files\Shaders</Filter>
    </None>
    <None Include="..\data\Shaders\AS_skyFromAtmosphere_vert.glsl">
      <Filter>Resource Files\Shaders</Filter>
    </None>
    <None Include="..\data\Shaders\AS_skyFromSpace_frag.glsl">
      <Filter>Resource Files\Shaders</Filter>
    </None>
    <None Include="..\data\Shaders\AS_skyFromSpace_vert.glsl">
      <Filter>Resource Files\Shaders</Filter>
    </None>
    <None Include="..\data\Shaders\shields_frag.glsl">
      <Filter>Resource Files\Shaders</Filter>
    </None>
    <None Include="..\data\Shaders\shields_vert.glsl">
      <Filter>Resource Files\Shaders</Filter>
    </None>
    <None Include="..\data\Shaders\shipDef_frag.glsl">
      <Filter>Resource Files\Shaders</Filter>
    </None>
    <None Include="..\data\Shaders\shipDef_vert.glsl">
      <Filter>Resource Files\Shaders</Filter>
    </None>
    <None Include="..\data\Shaders\shipFwd_frag.glsl">
      <Filter>Resource Files\Shaders</Filter>
    </None>
    <None Include="..\data\Shaders\shipFwd_vert.glsl">
      <Filter>Resource Files\Shaders</Filter>
    </None>
  </ItemGroup>
  <ItemGroup>
    <Image Include="..\data\Textures\icon.ico">
      <Filter>Resource Files\Icon</Filter>
    </Image>
  </ItemGroup>
  <ItemGroup>
    <ResourceCompile Include="SolarSystem.rc">
      <Filter>Resource Files</Filter>
    </ResourceCompile>
  </ItemGroup>
</Project>