<?xml version="1.0" encoding="utf-8"?>
<Project ToolsVersion="4.0" xmlns="http://schemas.microsoft.com/developer/msbuild/2003">
  <ItemGroup>
    <Filter Include="Source Files">
      <UniqueIdentifier>{4FC737F1-C7A5-4376-A066-2A32D752A2FF}</UniqueIdentifier>
      <Extensions>cpp;c;cc;cxx;def;odl;idl;hpj;bat;asm;asmx</Extensions>
    </Filter>
    <Filter Include="Header Files">
      <UniqueIdentifier>{93995380-89BD-4b04-88EB-625FBE52EBFB}</UniqueIdentifier>
      <Extensions>h;hh;hpp;hxx;hm;inl;inc;ipp;xsd</Extensions>
    </Filter>
    <Filter Include="Resource Files">
      <UniqueIdentifier>{67DA6AB6-F800-4c08-8B7A-83BB121AAD01}</UniqueIdentifier>
      <Extensions>rc;ico;cur;bmp;dlg;rc2;rct;bin;rgs;gif;jpg;jpeg;jpe;resx;tiff;tif;png;wav;mfcribbon-ms</Extensions>
    </Filter>
    <Filter Include="Source Files\Game">
      <UniqueIdentifier>{001e0362-71c8-4767-8abb-cd5272a08d44}</UniqueIdentifier>
    </Filter>
    <Filter Include="Header Files\Game">
      <UniqueIdentifier>{7933f429-4a91-4a33-98bb-cd82cb17a11b}</UniqueIdentifier>
    </Filter>
    <Filter Include="Resource Files\Shaders">
      <UniqueIdentifier>{8c5614cf-653a-4519-861a-eac0be93d768}</UniqueIdentifier>
    </Filter>
    <Filter Include="Header Files\Game\GUI">
      <UniqueIdentifier>{66ab070d-eff2-4fe0-88c6-e2112ea2e08d}</UniqueIdentifier>
    </Filter>
    <Filter Include="Source Files\Game\GUI">
      <UniqueIdentifier>{7c90a2c4-9f65-4d39-83f4-3b192acbc9d3}</UniqueIdentifier>
    </Filter>
    <Filter Include="Header Files\Game\GUI\Specifics">
      <UniqueIdentifier>{81080f28-8832-40dd-84d5-04dedb852889}</UniqueIdentifier>
    </Filter>
    <Filter Include="Source Files\Game\GUI\Specifics">
      <UniqueIdentifier>{a5c94478-92a8-49b2-9ab9-bc6750f0414c}</UniqueIdentifier>
    </Filter>
    <Filter Include="Header Files\Game\Map">
      <UniqueIdentifier>{05c7b727-cd23-4134-ab2c-5641550ec48c}</UniqueIdentifier>
    </Filter>
    <Filter Include="Source Files\Game\Map">
      <UniqueIdentifier>{bc377900-df58-45fe-935a-28893b7115ab}</UniqueIdentifier>
    </Filter>
    <Filter Include="Source Files\Game\Ships">
      <UniqueIdentifier>{b9c9e18b-ce93-4fbd-9f0b-20c1babc9630}</UniqueIdentifier>
    </Filter>
    <Filter Include="Source Files\Game\Ships\ShipSystems">
      <UniqueIdentifier>{71ba2db8-941a-4213-bc82-bb741ed8f432}</UniqueIdentifier>
    </Filter>
    <Filter Include="Header Files\Game\Ships">
      <UniqueIdentifier>{7a8478e5-34a2-41e8-b172-8e573b7ffd5a}</UniqueIdentifier>
    </Filter>
    <Filter Include="Header Files\Game\Ships\ShipSystems">
      <UniqueIdentifier>{d9b3450d-a028-4ad7-a18e-f9436526c10c}</UniqueIdentifier>
    </Filter>
    <Filter Include="Source Files\Game\Ships\Brel">
      <UniqueIdentifier>{dbb9aad7-e59d-4cba-bcaf-8b16a37f39f1}</UniqueIdentifier>
    </Filter>
    <Filter Include="Source Files\Game\Ships\Defiant">
      <UniqueIdentifier>{645e8885-2310-44e2-8c95-011819dde33d}</UniqueIdentifier>
    </Filter>
    <Filter Include="Source Files\Game\Ships\Shrike">
      <UniqueIdentifier>{fd803371-0171-4d60-b0c6-7657fb65ea7b}</UniqueIdentifier>
    </Filter>
    <Filter Include="Header Files\Game\Ships\Defiant">
      <UniqueIdentifier>{399effbb-cfe0-4ac8-bec9-b6adf13601d5}</UniqueIdentifier>
    </Filter>
    <Filter Include="Header Files\Game\Ships\Brel">
      <UniqueIdentifier>{b3034c43-ea90-4ec7-ac21-afe07c6ffeda}</UniqueIdentifier>
    </Filter>
    <Filter Include="Header Files\Game\Ships\Shrike">
      <UniqueIdentifier>{d3e0e06b-d1c3-4826-a2ef-6476291c0dfe}</UniqueIdentifier>
    </Filter>
    <Filter Include="Source Files\Game\Weapons">
      <UniqueIdentifier>{031877ad-b00a-4d79-a214-36a57520f1b7}</UniqueIdentifier>
    </Filter>
    <Filter Include="Header Files\Game\Weapons">
      <UniqueIdentifier>{d482a783-1345-44ae-bfa6-1dd9397c5485}</UniqueIdentifier>
    </Filter>
    <Filter Include="Header Files\Game\Ships\Excelsior">
      <UniqueIdentifier>{064bb267-d768-4f88-affb-0227b1e619c8}</UniqueIdentifier>
    </Filter>
    <Filter Include="Header Files\Game\Ships\Constitution">
      <UniqueIdentifier>{5071123b-138f-48fe-9ed3-008e0c5f494a}</UniqueIdentifier>
    </Filter>
    <Filter Include="Header Files\Game\Ships\Miranda">
      <UniqueIdentifier>{60cac23f-3a51-4258-b652-639c3240e6a5}</UniqueIdentifier>
    </Filter>
    <Filter Include="Header Files\Game\Ships\Nova">
      <UniqueIdentifier>{ae40a0d0-f3dc-4541-a07d-99f8aef9e8e4}</UniqueIdentifier>
    </Filter>
    <Filter Include="Source Files\Game\Ships\Excelsior">
      <UniqueIdentifier>{23735dca-db04-4433-88f5-14d13a7b4c45}</UniqueIdentifier>
    </Filter>
    <Filter Include="Source Files\Game\Ships\Constitution">
      <UniqueIdentifier>{1aab5a36-64e4-46c2-b5c4-76630830ed11}</UniqueIdentifier>
    </Filter>
    <Filter Include="Source Files\Game\Ships\Miranda">
      <UniqueIdentifier>{a7203985-8344-486b-a186-540d9cf8b4fd}</UniqueIdentifier>
    </Filter>
    <Filter Include="Source Files\Game\Ships\Nova">
      <UniqueIdentifier>{ca4e54bc-c61b-4e20-bdd6-a07a96fcf463}</UniqueIdentifier>
    </Filter>
    <Filter Include="Header Files\Game\Ships\Cube">
      <UniqueIdentifier>{6cf2f2fc-a202-4303-9cc4-a10602c51c83}</UniqueIdentifier>
    </Filter>
    <Filter Include="Source Files\Game\Ships\Cube">
      <UniqueIdentifier>{2b188553-0110-4b28-a559-c9cb5c509e56}</UniqueIdentifier>
    </Filter>
    <Filter Include="Header Files\Game\Ships\Sphere">
      <UniqueIdentifier>{9b32c78d-1e68-4427-a6eb-24ebfeaeef69}</UniqueIdentifier>
    </Filter>
    <Filter Include="Source Files\Game\Ships\Sphere">
      <UniqueIdentifier>{2ef7162a-6b1c-4aed-aedb-c6aac2110472}</UniqueIdentifier>
    </Filter>
    <Filter Include="Header Files\Game\Ships\Diamond">
      <UniqueIdentifier>{1eb623e9-5e33-450f-81ed-55a99544a063}</UniqueIdentifier>
    </Filter>
    <Filter Include="Source Files\Game\Ships\Diamond">
      <UniqueIdentifier>{e53cff7b-5ecc-45af-9330-c2337bfe4fe7}</UniqueIdentifier>
    </Filter>
    <Filter Include="Header Files\Game\Ships\Probe">
      <UniqueIdentifier>{15aa8a63-3f93-40e4-8cac-233d6d80d55e}</UniqueIdentifier>
    </Filter>
    <Filter Include="Source Files\Game\Ships\Probe">
      <UniqueIdentifier>{d811d360-cb0b-4be5-b659-662b05db040f}</UniqueIdentifier>
    </Filter>
    <Filter Include="Source Files\Game\Ships\Akira">
      <UniqueIdentifier>{21a85047-561c-423c-8800-ff281a4d070f}</UniqueIdentifier>
    </Filter>
    <Filter Include="Header Files\Game\Ships\Akira">
      <UniqueIdentifier>{382fc284-0591-4cad-bfa4-aa5e7515709d}</UniqueIdentifier>
    </Filter>
    <Filter Include="Source Files\Game\Ships\Norway">
      <UniqueIdentifier>{4860a158-2d16-4dc6-956a-9b40492290f1}</UniqueIdentifier>
    </Filter>
    <Filter Include="Source Files\Game\Ships\Intrepid">
      <UniqueIdentifier>{08ca1385-6317-4abf-92c6-ac6fecc8c87a}</UniqueIdentifier>
    </Filter>
    <Filter Include="Header Files\Game\Ships\Norway">
      <UniqueIdentifier>{5d7af936-4f95-4bec-80ff-96b191804d5b}</UniqueIdentifier>
    </Filter>
    <Filter Include="Header Files\Game\Ships\Intrepid">
      <UniqueIdentifier>{84398728-f33f-4c85-9af1-cfbf379e937d}</UniqueIdentifier>
    </Filter>
    <Filter Include="Source Files\Game\Factions">
      <UniqueIdentifier>{b5a13637-ba69-43e0-bb06-0d4b5614c3e0}</UniqueIdentifier>
    </Filter>
    <Filter Include="Header Files\Game\Factions">
      <UniqueIdentifier>{eb7ef79f-5bc5-4a64-a96d-4f88c599d27a}</UniqueIdentifier>
    </Filter>
    <Filter Include="Header Files\Game\HUD">
      <UniqueIdentifier>{a6181730-e754-4cb5-ba40-c21ba683fbbb}</UniqueIdentifier>
    </Filter>
    <Filter Include="Source Files\Game\HUD">
      <UniqueIdentifier>{72c5341f-54ba-4d71-974f-cbf9a80063fe}</UniqueIdentifier>
    </Filter>
    <Filter Include="Source Files\Game\Ships\Vorcha">
      <UniqueIdentifier>{9c3c9ebf-c42c-4dea-8221-9f4bb8c45976}</UniqueIdentifier>
    </Filter>
    <Filter Include="Header Files\Game\Ships\Vorcha">
      <UniqueIdentifier>{9593531f-107a-4391-8e8b-a51abf1b3681}</UniqueIdentifier>
    </Filter>
    <Filter Include="Header Files\Game\Teams">
      <UniqueIdentifier>{9d06c78d-4910-4591-b872-264b0cf88e41}</UniqueIdentifier>
    </Filter>
    <Filter Include="Source Files\Game\Teams">
      <UniqueIdentifier>{8baa5680-a8da-4a1b-ba91-5b2af5350dff}</UniqueIdentifier>
    </Filter>
    <Filter Include="Source Files\Game\Modes">
      <UniqueIdentifier>{c5042b0f-de67-41fa-9a71-92bb971ded53}</UniqueIdentifier>
    </Filter>
    <Filter Include="Header Files\Game\Modes">
      <UniqueIdentifier>{f73a75dd-d5f6-4974-84fb-25a2b99de32f}</UniqueIdentifier>
    </Filter>
    <Filter Include="Source Files\Game\AI">
      <UniqueIdentifier>{612e872c-1f24-4215-af09-72eec14bbed5}</UniqueIdentifier>
    </Filter>
    <Filter Include="Header Files\Game\AI">
      <UniqueIdentifier>{e7284934-72c9-420c-9fae-4a9e663ce98f}</UniqueIdentifier>
    </Filter>
    <Filter Include="Header Files\Game\Networking">
      <UniqueIdentifier>{2042dce0-3a1b-41d6-aaca-f417094835fe}</UniqueIdentifier>
    </Filter>
    <Filter Include="Source Files\Game\Networking">
      <UniqueIdentifier>{4445c16d-5c02-4df2-8a08-40e3a212770c}</UniqueIdentifier>
    </Filter>
  </ItemGroup>
  <ItemGroup>
    <ClInclude Include="game\GameCamera.h">
      <Filter>Header Files\Game</Filter>
    </ClInclude>
    <ClInclude Include="game\GameSkybox.h">
      <Filter>Header Files\Game</Filter>
    </ClInclude>
    <ClInclude Include="game\Planet.h">
      <Filter>Header Files\Game</Filter>
    </ClInclude>
    <ClInclude Include="game\ResourceManifest.h">
      <Filter>Header Files\Game</Filter>
    </ClInclude>
    <ClInclude Include="game\Ship.h">
      <Filter>Header Files\Game</Filter>
    </ClInclude>
    <ClInclude Include="game\Core.h">
      <Filter>Header Files\Game</Filter>
    </ClInclude>
    <ClInclude Include="game\GameState.h">
      <Filter>Header Files\Game</Filter>
    </ClInclude>
    <ClInclude Include="game\gui\WidgetInterface.h">
      <Filter>Header Files\Game\GUI</Filter>
    </ClInclude>
    <ClInclude Include="game\gui\Widget.h">
      <Filter>Header Files\Game\GUI</Filter>
    </ClInclude>
    <ClInclude Include="game\gui\Button.h">
      <Filter>Header Files\Game\GUI</Filter>
    </ClInclude>
    <ClInclude Include="game\gui\TextBox.h">
      <Filter>Header Files\Game\GUI</Filter>
    </ClInclude>
    <ClInclude Include="game\gui\ScrollBar.h">
      <Filter>Header Files\Game\GUI</Filter>
    </ClInclude>
    <ClInclude Include="game\gui\ScrollWindow.h">
      <Filter>Header Files\Game\GUI</Filter>
    </ClInclude>
    <ClInclude Include="game\gui\Text.h">
      <Filter>Header Files\Game\GUI</Filter>
    </ClInclude>
    <ClInclude Include="game\gui\specifics\ServerLobbyChatWindow.h">
      <Filter>Header Files\Game\GUI\Specifics</Filter>
    </ClInclude>
    <ClInclude Include="game\gui\specifics\ServerLobbyConnectedPlayersWindow.h">
      <Filter>Header Files\Game\GUI\Specifics</Filter>
    </ClInclude>
    <ClInclude Include="game\gui\specifics\ServerLobbyShipSelectorWindow.h">
      <Filter>Header Files\Game\GUI\Specifics</Filter>
    </ClInclude>
    <ClInclude Include="game\gui\specifics\ServerHostingMapSelectorWindow.h">
      <Filter>Header Files\Game\GUI\Specifics</Filter>
    </ClInclude>
    <ClInclude Include="game\Helper.h">
      <Filter>Header Files\Game</Filter>
    </ClInclude>
    <ClInclude Include="game\map\Map.h">
      <Filter>Header Files\Game\Map</Filter>
    </ClInclude>
    <ClInclude Include="game\map\Anchor.h">
      <Filter>Header Files\Game\Map</Filter>
    </ClInclude>
    <ClInclude Include="game\ships\shipSystems\ShipSystemBaseClass.h">
      <Filter>Header Files\Game\Ships\ShipSystems</Filter>
    </ClInclude>
    <ClInclude Include="game\ships\shipSystems\ShipSystemReactor.h">
      <Filter>Header Files\Game\Ships\ShipSystems</Filter>
    </ClInclude>
    <ClInclude Include="game\ships\shipSystems\ShipSystemMainThrusters.h">
      <Filter>Header Files\Game\Ships\ShipSystems</Filter>
    </ClInclude>
    <ClInclude Include="game\ships\shipSystems\ShipSystemShields.h">
      <Filter>Header Files\Game\Ships\ShipSystems</Filter>
    </ClInclude>
    <ClInclude Include="game\ships\shipSystems\ShipSystemPitchThrusters.h">
      <Filter>Header Files\Game\Ships\ShipSystems</Filter>
    </ClInclude>
    <ClInclude Include="game\ships\shipSystems\ShipSystemYawThrusters.h">
      <Filter>Header Files\Game\Ships\ShipSystems</Filter>
    </ClInclude>
    <ClInclude Include="game\ships\shipSystems\ShipSystemRollThrusters.h">
      <Filter>Header Files\Game\Ships\ShipSystems</Filter>
    </ClInclude>
    <ClInclude Include="game\ships\shipSystems\ShipSystemCloakingDevice.h">
      <Filter>Header Files\Game\Ships\ShipSystems</Filter>
    </ClInclude>
    <ClInclude Include="game\ships\shipSystems\ShipSystemWarpDrive.h">
      <Filter>Header Files\Game\Ships\ShipSystems</Filter>
    </ClInclude>
    <ClInclude Include="game\ships\shipSystems\ShipSystemSensors.h">
      <Filter>Header Files\Game\Ships\ShipSystems</Filter>
    </ClInclude>
    <ClInclude Include="game\ships\defiant\Defiant.h">
      <Filter>Header Files\Game\Ships\Defiant</Filter>
    </ClInclude>
    <ClInclude Include="game\ships\brel\Brel.h">
      <Filter>Header Files\Game\Ships\Brel</Filter>
    </ClInclude>
    <ClInclude Include="game\ships\shrike\Shrike.h">
      <Filter>Header Files\Game\Ships\Shrike</Filter>
    </ClInclude>
    <ClInclude Include="game\weapons\PulsePhaser.h">
      <Filter>Header Files\Game\Weapons</Filter>
    </ClInclude>
    <ClInclude Include="game\weapons\DisruptorCannon.h">
      <Filter>Header Files\Game\Weapons</Filter>
    </ClInclude>
    <ClInclude Include="game\weapons\PlasmaCannon.h">
      <Filter>Header Files\Game\Weapons</Filter>
    </ClInclude>
    <ClInclude Include="game\ships\shipSystems\ShipSystemWeapons.h">
      <Filter>Header Files\Game\Ships\ShipSystems</Filter>
    </ClInclude>
    <ClInclude Include="game\ships\Ships.h">
      <Filter>Header Files\Game\Ships</Filter>
    </ClInclude>
    <ClInclude Include="game\ships\excelsior\Excelsior.h">
      <Filter>Header Files\Game\Ships\Excelsior</Filter>
    </ClInclude>
    <ClInclude Include="game\ships\constitution\Constitution.h">
      <Filter>Header Files\Game\Ships\Constitution</Filter>
    </ClInclude>
    <ClInclude Include="game\ships\miranda\Miranda.h">
      <Filter>Header Files\Game\Ships\Miranda</Filter>
    </ClInclude>
    <ClInclude Include="game\ships\nova\Nova.h">
      <Filter>Header Files\Game\Ships\Nova</Filter>
    </ClInclude>
    <ClInclude Include="game\ships\shipSystems\ShipSystemHull.h">
      <Filter>Header Files\Game\Ships\ShipSystems</Filter>
    </ClInclude>
    <ClInclude Include="game\ships\cube\Cube.h">
      <Filter>Header Files\Game\Ships\Cube</Filter>
    </ClInclude>
    <ClInclude Include="game\ships\diamond\Diamond.h">
      <Filter>Header Files\Game\Ships\Diamond</Filter>
    </ClInclude>
    <ClInclude Include="game\ships\probe\Probe.h">
      <Filter>Header Files\Game\Ships\Probe</Filter>
    </ClInclude>
    <ClInclude Include="game\ships\sphere\Sphere.h">
      <Filter>Header Files\Game\Ships\Sphere</Filter>
    </ClInclude>
    <ClInclude Include="game\weapons\PhotonTorpedo.h">
      <Filter>Header Files\Game\Weapons</Filter>
    </ClInclude>
    <ClInclude Include="game\weapons\KlingonPhotonTorpedo.h">
      <Filter>Header Files\Game\Weapons</Filter>
    </ClInclude>
    <ClInclude Include="game\weapons\PlasmaTorpedo.h">
      <Filter>Header Files\Game\Weapons</Filter>
    </ClInclude>
    <ClInclude Include="game\weapons\QuantumTorpedo.h">
      <Filter>Header Files\Game\Weapons</Filter>
    </ClInclude>
    <ClInclude Include="game\weapons\PhotonTorpedoOld.h">
      <Filter>Header Files\Game\Weapons</Filter>
    </ClInclude>
    <ClInclude Include="game\weapons\PhaserBeam.h">
      <Filter>Header Files\Game\Weapons</Filter>
    </ClInclude>
    <ClInclude Include="game\weapons\PlasmaBeam.h">
      <Filter>Header Files\Game\Weapons</Filter>
    </ClInclude>
    <ClInclude Include="game\ships\akira\Akira.h">
      <Filter>Header Files\Game\Ships\Akira</Filter>
    </ClInclude>
    <ClInclude Include="game\map\Freelist.h">
      <Filter>Header Files\Game\Map</Filter>
    </ClInclude>
    <ClInclude Include="game\ships\intrepid\Intrepid.h">
      <Filter>Header Files\Game\Ships\Intrepid</Filter>
    </ClInclude>
    <ClInclude Include="game\ships\norway\Norway.h">
      <Filter>Header Files\Game\Ships\Norway</Filter>
    </ClInclude>
    <ClInclude Include="game\weapons\Weapons.h">
      <Filter>Header Files\Game\Weapons</Filter>
    </ClInclude>
    <ClInclude Include="game\weapons\WeaponIncludes.h">
      <Filter>Header Files\Game\Weapons</Filter>
    </ClInclude>
    <ClInclude Include="game\factions\Faction.h">
      <Filter>Header Files\Game\Factions</Filter>
    </ClInclude>
    <ClInclude Include="game\hud\ShipStatusDisplay.h">
      <Filter>Header Files\Game\HUD</Filter>
    </ClInclude>
    <ClInclude Include="game\hud\SensorStatusDisplay.h">
      <Filter>Header Files\Game\HUD</Filter>
    </ClInclude>
    <ClInclude Include="game\hud\HUD.h">
      <Filter>Header Files\Game\HUD</Filter>
    </ClInclude>
    <ClInclude Include="game\Menu.h">
      <Filter>Header Files\Game</Filter>
    </ClInclude>
    <ClInclude Include="game\ships\vorcha\Vorcha.h">
      <Filter>Header Files\Game\Ships\Vorcha</Filter>
    </ClInclude>
    <ClInclude Include="game\modes\GameplayMode.h">
      <Filter>Header Files\Game\Modes</Filter>
    </ClInclude>
    <ClInclude Include="game\teams\TeamIncludes.h">
      <Filter>Header Files\Game\Teams</Filter>
    </ClInclude>
    <ClInclude Include="game\teams\Team.h">
      <Filter>Header Files\Game\Teams</Filter>
    </ClInclude>
    <ClInclude Include="game\networking\Client.h">
      <Filter>Header Files\Game\Networking</Filter>
    </ClInclude>
    <ClInclude Include="game\networking\Packet.h">
      <Filter>Header Files\Game\Networking</Filter>
    </ClInclude>
    <ClInclude Include="game\networking\Server.h">
      <Filter>Header Files\Game\Networking</Filter>
    </ClInclude>
    <ClInclude Include="game\ai\AI.h">
      <Filter>Header Files\Game\AI</Filter>
    </ClInclude>
    <ClInclude Include="game\ai\AIIncludes.h">
      <Filter>Header Files\Game\AI</Filter>
    </ClInclude>
    <ClInclude Include="game\weapons\DisruptorBeam.h">
      <Filter>Header Files\Game\Weapons</Filter>
    </ClInclude>
    <ClInclude Include="game\ai\FireAtWill.h">
      <Filter>Header Files\Game\AI</Filter>
    </ClInclude>
  </ItemGroup>
  <ItemGroup>
    <ClCompile Include="game\main.cpp">
      <Filter>Source Files</Filter>
    </ClCompile>
    <ClCompile Include="game\Game.cpp">
      <Filter>Source Files\Game</Filter>
    </ClCompile>
    <ClCompile Include="game\GameCamera.cpp">
      <Filter>Source Files\Game</Filter>
    </ClCompile>
    <ClCompile Include="game\GameSkybox.cpp">
      <Filter>Source Files\Game</Filter>
    </ClCompile>
    <ClCompile Include="game\Planet.cpp">
      <Filter>Source Files\Game</Filter>
    </ClCompile>
    <ClCompile Include="game\ResourceManifest.cpp">
      <Filter>Source Files\Game</Filter>
    </ClCompile>
    <ClCompile Include="game\Ship.cpp">
      <Filter>Source Files\Game</Filter>
    </ClCompile>
    <ClCompile Include="game\Core.cpp">
      <Filter>Source Files\Game</Filter>
    </ClCompile>
    <ClCompile Include="game\gui\Widget.cpp">
      <Filter>Source Files\Game\GUI</Filter>
    </ClCompile>
    <ClCompile Include="game\gui\Button.cpp">
      <Filter>Source Files\Game\GUI</Filter>
    </ClCompile>
    <ClCompile Include="game\gui\TextBox.cpp">
      <Filter>Source Files\Game\GUI</Filter>
    </ClCompile>
    <ClCompile Include="game\gui\ScrollBar.cpp">
      <Filter>Source Files\Game\GUI</Filter>
    </ClCompile>
    <ClCompile Include="game\gui\ScrollWindow.cpp">
      <Filter>Source Files\Game\GUI</Filter>
    </ClCompile>
    <ClCompile Include="game\gui\Text.cpp">
      <Filter>Source Files\Game\GUI</Filter>
    </ClCompile>
    <ClCompile Include="game\gui\specifics\ServerLobbyChatWindow.cpp">
      <Filter>Source Files\Game\GUI\Specifics</Filter>
    </ClCompile>
    <ClCompile Include="game\gui\specifics\ServerLobbyConnectedPlayersWindow.cpp">
      <Filter>Source Files\Game\GUI\Specifics</Filter>
    </ClCompile>
    <ClCompile Include="game\gui\specifics\ServerLobbyShipSelectorWindow.cpp">
      <Filter>Source Files\Game\GUI\Specifics</Filter>
    </ClCompile>
    <ClCompile Include="game\gui\specifics\ServerHostingMapSelectorWindow.cpp">
      <Filter>Source Files\Game\GUI\Specifics</Filter>
    </ClCompile>
    <ClCompile Include="game\map\Map.cpp">
      <Filter>Source Files\Game\Map</Filter>
    </ClCompile>
    <ClCompile Include="game\map\Anchor.cpp">
      <Filter>Source Files\Game\Map</Filter>
    </ClCompile>
    <ClCompile Include="game\ships\shipSystems\ShipSystemBaseClass.cpp">
      <Filter>Source Files\Game\Ships\ShipSystems</Filter>
    </ClCompile>
    <ClCompile Include="game\ships\shipSystems\ShipSystemReactor.cpp">
      <Filter>Source Files\Game\Ships\ShipSystems</Filter>
    </ClCompile>
    <ClCompile Include="game\ships\shipSystems\ShipSystemMainThusters.cpp">
      <Filter>Source Files\Game\Ships\ShipSystems</Filter>
    </ClCompile>
    <ClCompile Include="game\ships\shipSystems\ShipSystemShields.cpp">
      <Filter>Source Files\Game\Ships\ShipSystems</Filter>
    </ClCompile>
    <ClCompile Include="game\ships\shipSystems\ShipSystemPitchThrusters.cpp">
      <Filter>Source Files\Game\Ships\ShipSystems</Filter>
    </ClCompile>
    <ClCompile Include="game\ships\shipSystems\ShipSystemYawThrusters.cpp">
      <Filter>Source Files\Game\Ships\ShipSystems</Filter>
    </ClCompile>
    <ClCompile Include="game\ships\shipSystems\ShipSystemRollThrusters.cpp">
      <Filter>Source Files\Game\Ships\ShipSystems</Filter>
    </ClCompile>
    <ClCompile Include="game\ships\shipSystems\ShipSystemCloakingDevice.cpp">
      <Filter>Source Files\Game\Ships\ShipSystems</Filter>
    </ClCompile>
    <ClCompile Include="game\ships\shipSystems\ShipSystemWarpDrive.cpp">
      <Filter>Source Files\Game\Ships\ShipSystems</Filter>
    </ClCompile>
    <ClCompile Include="game\ships\shipSystems\ShipSystemSensors.cpp">
      <Filter>Source Files\Game\Ships\ShipSystems</Filter>
    </ClCompile>
    <ClCompile Include="game\ships\defiant\Defiant.cpp">
      <Filter>Source Files\Game\Ships\Defiant</Filter>
    </ClCompile>
    <ClCompile Include="game\ships\brel\Brel.cpp">
      <Filter>Source Files\Game\Ships\Brel</Filter>
    </ClCompile>
    <ClCompile Include="game\ships\shrike\Shrike.cpp">
      <Filter>Source Files\Game\Ships\Shrike</Filter>
    </ClCompile>
    <ClCompile Include="game\weapons\PulsePhaser.cpp">
      <Filter>Source Files\Game\Weapons</Filter>
    </ClCompile>
    <ClCompile Include="game\weapons\PlasmaCannon.cpp">
      <Filter>Source Files\Game\Weapons</Filter>
    </ClCompile>
    <ClCompile Include="game\weapons\DisruptorCannon.cpp">
      <Filter>Source Files\Game\Weapons</Filter>
    </ClCompile>
    <ClCompile Include="game\ships\shipSystems\ShipSystemWeapons.cpp">
      <Filter>Source Files\Game\Ships\ShipSystems</Filter>
    </ClCompile>
    <ClCompile Include="game\ships\excelsior\Excelsior.cpp">
      <Filter>Source Files\Game\Ships\Excelsior</Filter>
    </ClCompile>
    <ClCompile Include="game\ships\constitution\Constitution.cpp">
      <Filter>Source Files\Game\Ships\Constitution</Filter>
    </ClCompile>
    <ClCompile Include="game\ships\miranda\Miranda.cpp">
      <Filter>Source Files\Game\Ships\Miranda</Filter>
    </ClCompile>
    <ClCompile Include="game\ships\nova\Nova.cpp">
      <Filter>Source Files\Game\Ships\Nova</Filter>
    </ClCompile>
    <ClCompile Include="game\ships\shipSystems\ShipSystemHull.cpp">
      <Filter>Source Files\Game\Ships\ShipSystems</Filter>
    </ClCompile>
    <ClCompile Include="game\ships\sphere\Sphere.cpp">
      <Filter>Source Files\Game\Ships\Sphere</Filter>
    </ClCompile>
    <ClCompile Include="game\ships\probe\Probe.cpp">
      <Filter>Source Files\Game\Ships\Probe</Filter>
    </ClCompile>
    <ClCompile Include="game\ships\diamond\Diamond.cpp">
      <Filter>Source Files\Game\Ships\Diamond</Filter>
    </ClCompile>
    <ClCompile Include="game\ships\cube\Cube.cpp">
      <Filter>Source Files\Game\Ships\Cube</Filter>
    </ClCompile>
    <ClCompile Include="game\weapons\PhotonTorpedo.cpp">
      <Filter>Source Files\Game\Weapons</Filter>
    </ClCompile>
    <ClCompile Include="game\weapons\PhotonTorpedoOld.cpp">
      <Filter>Source Files\Game\Weapons</Filter>
    </ClCompile>
    <ClCompile Include="game\weapons\QuantumTorpedo.cpp">
      <Filter>Source Files\Game\Weapons</Filter>
    </ClCompile>
    <ClCompile Include="game\weapons\PlasmaTorpedo.cpp">
      <Filter>Source Files\Game\Weapons</Filter>
    </ClCompile>
    <ClCompile Include="game\weapons\KlingonPhotonTorpedo.cpp">
      <Filter>Source Files\Game\Weapons</Filter>
    </ClCompile>
    <ClCompile Include="game\weapons\PhaserBeam.cpp">
      <Filter>Source Files\Game\Weapons</Filter>
    </ClCompile>
    <ClCompile Include="game\weapons\PlasmaBeam.cpp">
      <Filter>Source Files\Game\Weapons</Filter>
    </ClCompile>
    <ClCompile Include="game\ships\akira\Akira.cpp">
      <Filter>Source Files\Game\Ships\Akira</Filter>
    </ClCompile>
    <ClCompile Include="game\ships\intrepid\Intrepid.cpp">
      <Filter>Source Files\Game\Ships\Intrepid</Filter>
    </ClCompile>
    <ClCompile Include="game\ships\norway\Norway.cpp">
      <Filter>Source Files\Game\Ships\Norway</Filter>
    </ClCompile>
    <ClCompile Include="game\ships\Ships.cpp">
      <Filter>Source Files\Game\Ships</Filter>
    </ClCompile>
    <ClCompile Include="game\factions\Faction.cpp">
      <Filter>Source Files\Game\Factions</Filter>
    </ClCompile>
    <ClCompile Include="game\hud\ShipStatusDisplay.cpp">
      <Filter>Source Files\Game\HUD</Filter>
    </ClCompile>
    <ClCompile Include="game\hud\SensorStatusDisplay.cpp">
      <Filter>Source Files\Game\HUD</Filter>
    </ClCompile>
    <ClCompile Include="game\hud\HUD.cpp">
      <Filter>Source Files\Game\HUD</Filter>
    </ClCompile>
    <ClCompile Include="game\Menu.cpp">
      <Filter>Source Files\Game</Filter>
    </ClCompile>
    <ClCompile Include="game\ships\vorcha\Vorcha.cpp">
      <Filter>Source Files\Game\Ships\Vorcha</Filter>
    </ClCompile>
    <ClCompile Include="game\modes\GameplayMode.cpp">
      <Filter>Source Files\Game\Modes</Filter>
    </ClCompile>
    <ClCompile Include="game\teams\Team.cpp">
      <Filter>Source Files\Game\Teams</Filter>
    </ClCompile>
    <ClCompile Include="game\networking\Client.cpp">
      <Filter>Source Files\Game\Networking</Filter>
    </ClCompile>
    <ClCompile Include="game\networking\Packet.cpp">
      <Filter>Source Files\Game\Networking</Filter>
    </ClCompile>
    <ClCompile Include="game\networking\Server.cpp">
      <Filter>Source Files\Game\Networking</Filter>
    </ClCompile>
    <ClCompile Include="game\ai\AI.cpp">
      <Filter>Source Files\Game\AI</Filter>
    </ClCompile>
    <ClCompile Include="game\weapons\DisruptorBeam.cpp">
      <Filter>Source Files\Game\Weapons</Filter>
    </ClCompile>
    <ClCompile Include="game\ai\FireAtWill.cpp">
      <Filter>Source Files\Game\AI</Filter>
    </ClCompile>
  </ItemGroup>
  <ItemGroup>
    <None Include="..\data\Shaders\AS_groundFromSpace_frag.glsl">
      <Filter>Resource Files\Shaders</Filter>
    </None>
    <None Include="..\data\Shaders\AS_groundFromSpace_vert.glsl">
      <Filter>Resource Files\Shaders</Filter>
    </None>
    <None Include="..\data\Shaders\AS_skyFromAtmosphere_frag.glsl">
      <Filter>Resource Files\Shaders</Filter>
    </None>
    <None Include="..\data\Shaders\AS_skyFromAtmosphere_vert.glsl">
      <Filter>Resource Files\Shaders</Filter>
    </None>
    <None Include="..\data\Shaders\AS_skyFromSpace_frag.glsl">
      <Filter>Resource Files\Shaders</Filter>
    </None>
    <None Include="..\data\Shaders\AS_skyFromSpace_vert.glsl">
      <Filter>Resource Files\Shaders</Filter>
    </None>
    <None Include="..\data\Shaders\shields_frag.glsl">
      <Filter>Resource Files\Shaders</Filter>
    </None>
    <None Include="..\data\Shaders\shields_vert.glsl">
      <Filter>Resource Files\Shaders</Filter>
    </None>
    <None Include="..\data\Shaders\shipDef_frag.glsl">
      <Filter>Resource Files\Shaders</Filter>
    </None>
    <None Include="..\data\Shaders\shipDef_vert.glsl">
      <Filter>Resource Files\Shaders</Filter>
    </None>
    <None Include="..\data\Shaders\shipFwd_frag.glsl">
      <Filter>Resource Files\Shaders</Filter>
    </None>
    <None Include="..\data\Shaders\shipFwd_vert.glsl">
      <Filter>Resource Files\Shaders</Filter>
    </None>
  </ItemGroup>
</Project>