<?xml version="1.0" encoding="utf-8"?>
<Project ToolsVersion="4.0" xmlns="http://schemas.microsoft.com/developer/msbuild/2003">
  <ItemGroup>
    <Filter Include="Source Files">
      <UniqueIdentifier>{4FC737F1-C7A5-4376-A066-2A32D752A2FF}</UniqueIdentifier>
      <Extensions>cpp;c;cc;cxx;def;odl;idl;hpj;bat;asm;asmx</Extensions>
    </Filter>
    <Filter Include="Header Files">
      <UniqueIdentifier>{93995380-89BD-4b04-88EB-625FBE52EBFB}</UniqueIdentifier>
      <Extensions>h;hh;hpp;hxx;hm;inl;inc;ipp;xsd</Extensions>
    </Filter>
    <Filter Include="Resource Files">
      <UniqueIdentifier>{67DA6AB6-F800-4c08-8B7A-83BB121AAD01}</UniqueIdentifier>
      <Extensions>rc;ico;cur;bmp;dlg;rc2;rct;bin;rgs;gif;jpg;jpeg;jpe;resx;tiff;tif;png;wav;mfcribbon-ms</Extensions>
    </Filter>
    <Filter Include="Header Files\Engine">
      <UniqueIdentifier>{3e65a62f-eb7c-47fe-ac2c-4443fe21f611}</UniqueIdentifier>
    </Filter>
    <Filter Include="Source Files\Engine">
      <UniqueIdentifier>{1de8e63e-d0af-444d-90f9-20cdbd5a6dc2}</UniqueIdentifier>
    </Filter>
    <Filter Include="Header Files\Engine\Core">
      <UniqueIdentifier>{ac851e12-fc37-4313-85c3-74fc439846e1}</UniqueIdentifier>
    </Filter>
    <Filter Include="Header Files\Engine\Objects">
      <UniqueIdentifier>{bdfd9b09-90b1-4d1d-829a-65f96bd128c8}</UniqueIdentifier>
    </Filter>
    <Filter Include="Source Files\Engine\Core">
      <UniqueIdentifier>{0b25c50d-f480-4836-a2ba-df70b4766960}</UniqueIdentifier>
    </Filter>
    <Filter Include="Source Files\Engine\Objects">
      <UniqueIdentifier>{7ec67d07-9108-4c67-aa30-0b10e3c91b2b}</UniqueIdentifier>
    </Filter>
    <Filter Include="Header Files\Engine\Core\ECS">
      <UniqueIdentifier>{a32e2b19-7d1e-4829-b661-e3430024d537}</UniqueIdentifier>
    </Filter>
    <Filter Include="Header Files\Engine\Core\Events">
      <UniqueIdentifier>{b362684d-e112-4514-a1b8-b2b885dbda64}</UniqueIdentifier>
    </Filter>
    <Filter Include="Header Files\Engine\Core\Lights">
      <UniqueIdentifier>{87f883df-0ded-4435-9200-f5f721ebe519}</UniqueIdentifier>
    </Filter>
    <Filter Include="Header Files\Engine\Core\Mesh">
      <UniqueIdentifier>{3aa26ab8-71b5-46ec-8ca5-df1b9827edad}</UniqueIdentifier>
    </Filter>
    <Filter Include="Header Files\Engine\Core\Renderer">
      <UniqueIdentifier>{43f28ae7-e27b-493f-b142-808d878c6d2e}</UniqueIdentifier>
    </Filter>
    <Filter Include="Header Files\Engine\Core\Resources">
      <UniqueIdentifier>{a1f68254-f331-416d-85a5-b927d0d19f98}</UniqueIdentifier>
    </Filter>
    <Filter Include="Header Files\Engine\Core\Textures">
      <UniqueIdentifier>{d788449c-ddc4-45d7-a76f-a9a2cd321539}</UniqueIdentifier>
    </Filter>
    <Filter Include="Source Files\Engine\Core\ECS">
      <UniqueIdentifier>{6a44899c-8abd-437c-94e0-6adfc6cc3b03}</UniqueIdentifier>
    </Filter>
    <Filter Include="Source Files\Engine\Core\Events">
      <UniqueIdentifier>{8b30c9c6-6e01-4c19-939e-30e6fbfd7cb2}</UniqueIdentifier>
    </Filter>
    <Filter Include="Source Files\Engine\Core\Lights">
      <UniqueIdentifier>{4feec44e-fd34-4516-b4f1-491f8d9e2626}</UniqueIdentifier>
    </Filter>
    <Filter Include="Source Files\Engine\Core\Mesh">
      <UniqueIdentifier>{db7575a2-cb82-47ae-bc19-eff8357a4f48}</UniqueIdentifier>
    </Filter>
    <Filter Include="Source Files\Engine\Core\Textures">
      <UniqueIdentifier>{7d91cf80-ec2c-400d-b1c4-c03145667a8e}</UniqueIdentifier>
    </Filter>
    <Filter Include="Source Files\Engine\Core\Resources">
      <UniqueIdentifier>{546b5c1e-304d-4dd1-a13e-aacd2377169f}</UniqueIdentifier>
    </Filter>
    <Filter Include="Source Files\Engine\Core\Renderer">
      <UniqueIdentifier>{9ecbc0dd-fd8a-4f57-b27e-48de95761949}</UniqueIdentifier>
    </Filter>
    <Filter Include="Header Files\Engine\Core\ECS\Components">
      <UniqueIdentifier>{42973602-d950-4662-82ea-582cd1d250a0}</UniqueIdentifier>
    </Filter>
    <Filter Include="Source Files\Engine\Core\ECS\Components">
      <UniqueIdentifier>{1972fd49-2f68-43c9-aa69-d7eb9f9f03ed}</UniqueIdentifier>
    </Filter>
    <Filter Include="Resource Files\Shaders">
      <UniqueIdentifier>{324ed3f3-19a7-463b-9f5d-86e387d6ad66}</UniqueIdentifier>
    </Filter>
    <Filter Include="Header Files\Engine\Core\Renderer\postprocess">
      <UniqueIdentifier>{a91900ce-11fc-40bc-bd7e-a9303c756b57}</UniqueIdentifier>
    </Filter>
    <Filter Include="Source Files\Engine\Core\Renderer\postprocess">
      <UniqueIdentifier>{01cc0dd0-e7a0-4866-a894-ff324d492e20}</UniqueIdentifier>
    </Filter>
    <Filter Include="Header Files\Engine\Core\LUA">
      <UniqueIdentifier>{767678bb-19c4-4851-a4cd-c0b39cacd1de}</UniqueIdentifier>
    </Filter>
    <Filter Include="Source Files\Engine\Core\LUA">
      <UniqueIdentifier>{8e33b90a-fad4-424f-93e0-ec19bfacf2c5}</UniqueIdentifier>
    </Filter>
    <Filter Include="Header Files\Engine\Core\Networking">
      <UniqueIdentifier>{d3abcddd-38e7-4cf0-9038-a627061d0eff}</UniqueIdentifier>
    </Filter>
    <Filter Include="Source Files\Engine\Core\Networking">
      <UniqueIdentifier>{98f5d07f-e3e3-4fbf-b145-7d1a39265167}</UniqueIdentifier>
    </Filter>
    <Filter Include="Header Files\Engine\Core\Sounds">
      <UniqueIdentifier>{96c46fe8-ddf2-4662-8dfc-377be43d0fbe}</UniqueIdentifier>
    </Filter>
    <Filter Include="Source Files\Engine\Core\Sounds">
      <UniqueIdentifier>{75ca1937-a399-409c-81e9-ffc6120904d3}</UniqueIdentifier>
    </Filter>
    <Filter Include="Header Files\Engine\Core\Physics">
      <UniqueIdentifier>{16085c8a-c8b9-4b1e-9bbc-7a13745eb286}</UniqueIdentifier>
    </Filter>
    <Filter Include="Source Files\Engine\Core\Physics">
      <UniqueIdentifier>{965c354b-208b-44d8-bb8c-c9983dca639c}</UniqueIdentifier>
    </Filter>
    <Filter Include="Header Files\Engine\Core\Threading">
      <UniqueIdentifier>{f46f5919-c68b-4965-9849-61d89e70ab8e}</UniqueIdentifier>
    </Filter>
    <Filter Include="Source Files\Engine\Core\Threading">
      <UniqueIdentifier>{ee3979f0-7b9e-4557-b850-670c4748fd68}</UniqueIdentifier>
    </Filter>
    <Filter Include="Source Files\Engine\Core\Fonts">
      <UniqueIdentifier>{53017ab2-2812-457c-b4c5-b50ccf64eadb}</UniqueIdentifier>
    </Filter>
    <Filter Include="Header Files\Engine\Core\Fonts">
      <UniqueIdentifier>{77f3db76-b623-487a-a2b7-9024dd3cbf3e}</UniqueIdentifier>
    </Filter>
    <Filter Include="Header Files\Engine\Core\Math">
      <UniqueIdentifier>{ac9a8eaa-c9de-4563-b8c4-871ad4efe60a}</UniqueIdentifier>
    </Filter>
    <Filter Include="Source Files\Engine\Core\Math">
      <UniqueIdentifier>{de22efbc-6db6-4bfe-9852-0b8a923b2e50}</UniqueIdentifier>
    </Filter>
    <Filter Include="Header Files\Engine\Core\Scene">
      <UniqueIdentifier>{902001ce-be49-491e-b5d7-b66994095eb4}</UniqueIdentifier>
    </Filter>
    <Filter Include="Source Files\Engine\Core\Scene">
      <UniqueIdentifier>{13deb444-5593-4bc0-ad27-7cd650977c01}</UniqueIdentifier>
    </Filter>
    <Filter Include="Header Files\Engine\Core\Renderer\opengl">
      <UniqueIdentifier>{44c97727-a71e-4566-b7a7-cc79ecdd70cb}</UniqueIdentifier>
    </Filter>
    <Filter Include="Header Files\Engine\Core\Renderer\vulkan">
      <UniqueIdentifier>{9b494e2a-2087-43ac-8804-aac76e7f2316}</UniqueIdentifier>
    </Filter>
    <Filter Include="Header Files\Engine\Core\Renderer\direct3d">
      <UniqueIdentifier>{d9f40ece-49ab-4eed-a77a-ec891f259960}</UniqueIdentifier>
    </Filter>
    <Filter Include="Source Files\Engine\Core\Renderer\opengl">
      <UniqueIdentifier>{d47098bf-4eb7-4e51-a944-e32f7b762fcb}</UniqueIdentifier>
    </Filter>
    <Filter Include="Source Files\Engine\Core\Renderer\vulkan">
      <UniqueIdentifier>{521797b8-7a7e-4226-831c-6c52c6f9ab57}</UniqueIdentifier>
    </Filter>
    <Filter Include="Source Files\Engine\Core\Renderer\direct3d">
      <UniqueIdentifier>{b02b2902-8a66-441a-a589-a9d971001884}</UniqueIdentifier>
    </Filter>
    <Filter Include="Source Files\Engine\Core\Utils">
      <UniqueIdentifier>{ce1e2cac-8c6c-4321-8ed8-b1371740e07f}</UniqueIdentifier>
    </Filter>
    <Filter Include="Header Files\Engine\Core\Utils">
      <UniqueIdentifier>{9aaf42ce-3977-4276-a952-6380cb19220a}</UniqueIdentifier>
    </Filter>
    <Filter Include="Header Files\Engine\Core\Materials">
      <UniqueIdentifier>{d1737e78-3b87-4bf1-bef5-0f202a158950}</UniqueIdentifier>
    </Filter>
    <Filter Include="Source Files\Engine\Core\Materials">
      <UniqueIdentifier>{976b87db-df54-4718-a189-44530fed519b}</UniqueIdentifier>
    </Filter>
    <Filter Include="Header Files\Engine\Core\Renderer\opengl\glsl">
      <UniqueIdentifier>{3200d464-62a1-472a-8ee9-23b95a5cf0de}</UniqueIdentifier>
    </Filter>
    <Filter Include="Header Files\Engine\Core\Renderer\direct3d\hlsl">
      <UniqueIdentifier>{0b75d2a7-2599-4576-a73b-f9d9e5bcfd09}</UniqueIdentifier>
    </Filter>
    <Filter Include="Source Files\Engine\Core\Renderer\opengl\glsl">
      <UniqueIdentifier>{374636fc-1eb3-4e57-8014-384f9a2a11d9}</UniqueIdentifier>
    </Filter>
    <Filter Include="Source Files\Engine\Core\Renderer\direct3d\hlsl">
      <UniqueIdentifier>{615d3e26-61d4-4286-9ccf-9b064a77d168}</UniqueIdentifier>
    </Filter>
    <Filter Include="Header Files\Engine\Core\Shaders">
      <UniqueIdentifier>{1bfdbb98-556c-493a-83fe-72342f065af6}</UniqueIdentifier>
    </Filter>
    <Filter Include="Source Files\Engine\Core\Shaders">
      <UniqueIdentifier>{9ce0f80b-4d37-44a3-864a-230877c0e19b}</UniqueIdentifier>
    </Filter>
    <Filter Include="Source Files\Engine\Core\Renderer\pipelines">
      <UniqueIdentifier>{095efaf1-5b4d-4232-985b-17f045ef4b1f}</UniqueIdentifier>
    </Filter>
    <Filter Include="Header Files\Engine\Core\Renderer\pipelines">
      <UniqueIdentifier>{1b4e9717-958b-45be-8856-56dee08df9d2}</UniqueIdentifier>
    </Filter>
    <Filter Include="Header Files\Engine\Core\Renderer\particles">
      <UniqueIdentifier>{2ee24e24-abcc-4650-964c-718c8e251234}</UniqueIdentifier>
    </Filter>
    <Filter Include="Source Files\Engine\Core\Renderer\particles">
      <UniqueIdentifier>{d23e9a0a-0ee7-4f0b-96ba-bf4ced4223e8}</UniqueIdentifier>
    </Filter>
    <Filter Include="Header Files\Engine\Core\Model">
      <UniqueIdentifier>{a6115fc1-3416-4b9b-9aaa-25c6fee15cec}</UniqueIdentifier>
    </Filter>
    <Filter Include="Source Files\Engine\Core\Model">
      <UniqueIdentifier>{507f5eab-86ea-44d3-9262-24d581e2f567}</UniqueIdentifier>
    </Filter>
    <Filter Include="Source Files\Engine\Core\System">
      <UniqueIdentifier>{c725d1e6-d917-41c8-994b-b0818b041e40}</UniqueIdentifier>
    </Filter>
    <Filter Include="Header Files\Engine\Core\System">
      <UniqueIdentifier>{a96cb37c-28b2-4c43-a44c-edd7a0a11f00}</UniqueIdentifier>
    </Filter>
    <Filter Include="Header Files\Engine\Core\System\Window">
      <UniqueIdentifier>{7e13a31b-46d3-4742-bfca-a9177e4e0d4d}</UniqueIdentifier>
    </Filter>
    <Filter Include="Source Files\Engine\Core\System\Window">
      <UniqueIdentifier>{44a7dcc5-c461-4a07-9284-13c9e0686c33}</UniqueIdentifier>
    </Filter>
    <Filter Include="Header Files\Engine\Core\Discord">
      <UniqueIdentifier>{dd4bcebd-44b2-476b-8b3f-c0ec337cb914}</UniqueIdentifier>
    </Filter>
    <Filter Include="Source Files\Engine\Core\Discord">
      <UniqueIdentifier>{02787749-3880-4b53-afc8-679966e23541}</UniqueIdentifier>
    </Filter>
    <Filter Include="Header Files\Engine\Core\Discord\src">
      <UniqueIdentifier>{8ce5b911-9336-4b98-95c5-66c62a549048}</UniqueIdentifier>
    </Filter>
    <Filter Include="Source Files\Engine\Core\Discord\src">
      <UniqueIdentifier>{5fbcc608-e9d1-41e6-8a71-1c9b3bdc25be}</UniqueIdentifier>
    </Filter>
    <Filter Include="Header Files\Engine\Core\Containers">
      <UniqueIdentifier>{7e0e9cd0-d69e-4a0b-a72c-145c62587007}</UniqueIdentifier>
    </Filter>
    <Filter Include="Source Files\Engine\Core\Containers">
      <UniqueIdentifier>{2d0ac183-7fb4-4254-9fab-37aa4c59245d}</UniqueIdentifier>
    </Filter>
    <Filter Include="Source Files\Engine\Core\Renderer\interfaces">
      <UniqueIdentifier>{6786444b-e1dd-490b-b433-2c392bcdc8e6}</UniqueIdentifier>
    </Filter>
    <Filter Include="Header Files\Engine\Core\Renderer\interfaces">
      <UniqueIdentifier>{9daea2d8-92a3-4811-9f1f-5bd9e36f193f}</UniqueIdentifier>
    </Filter>
    <Filter Include="Header Files\Engine\Core\Networking\Server">
      <UniqueIdentifier>{2d6247d6-ef42-400b-88d4-c7993153e6a2}</UniqueIdentifier>
    </Filter>
    <Filter Include="Source Files\Engine\Core\Networking\Server">
      <UniqueIdentifier>{d2aab9f0-5173-4125-9177-1605bafdea70}</UniqueIdentifier>
    </Filter>
    <Filter Include="Header Files\Engine\Core\Renderer\software">
      <UniqueIdentifier>{0de7db4e-4278-402c-9e10-d13180db3809}</UniqueIdentifier>
    </Filter>
  </ItemGroup>
  <ItemGroup>
    <ClInclude Include="Engine\src\ecs\ComponentBody.h">
      <Filter>Header Files\Engine\Core\ECS\Components</Filter>
    </ClInclude>
    <ClInclude Include="Engine\src\ecs\ComponentCamera.h">
      <Filter>Header Files\Engine\Core\ECS\Components</Filter>
    </ClInclude>
    <ClInclude Include="Engine\src\ecs\ComponentLogic.h">
      <Filter>Header Files\Engine\Core\ECS\Components</Filter>
    </ClInclude>
    <ClInclude Include="Engine\src\ecs\ComponentLogic1.h">
      <Filter>Header Files\Engine\Core\ECS\Components</Filter>
    </ClInclude>
    <ClInclude Include="Engine\src\ecs\ComponentLogic2.h">
      <Filter>Header Files\Engine\Core\ECS\Components</Filter>
    </ClInclude>
    <ClInclude Include="Engine\src\ecs\ComponentLogic3.h">
      <Filter>Header Files\Engine\Core\ECS\Components</Filter>
    </ClInclude>
    <ClInclude Include="Engine\src\ecs\ComponentModel.h">
      <Filter>Header Files\Engine\Core\ECS\Components</Filter>
    </ClInclude>
    <ClInclude Include="Engine\src\ecs\ComponentName.h">
      <Filter>Header Files\Engine\Core\ECS\Components</Filter>
    </ClInclude>
    <ClInclude Include="Engine\src\ecs\Components.h">
      <Filter>Header Files\Engine\Core\ECS\Components</Filter>
    </ClInclude>
    <ClInclude Include="Engine\src\ecs\ECS.h">
      <Filter>Header Files\Engine\Core\ECS</Filter>
    </ClInclude>
    <ClInclude Include="Engine\src\ecs\ECSComponentPool.h">
      <Filter>Header Files\Engine\Core\ECS</Filter>
    </ClInclude>
    <ClInclude Include="Engine\src\ecs\ECSEntityPool.h">
      <Filter>Header Files\Engine\Core\ECS</Filter>
    </ClInclude>
    <ClInclude Include="Engine\src\ecs\ECSRegistry.h">
      <Filter>Header Files\Engine\Core\ECS</Filter>
    </ClInclude>
    <ClInclude Include="Engine\src\ecs\ECSSystem.h">
      <Filter>Header Files\Engine\Core\ECS</Filter>
    </ClInclude>
    <ClInclude Include="Engine\src\ecs\Entity.h">
      <Filter>Header Files\Engine\Core\ECS</Filter>
    </ClInclude>
    <ClInclude Include="Engine\src\core\engine\events\Engine_EventDispatcher.h">
      <Filter>Header Files\Engine\Core\Events</Filter>
    </ClInclude>
    <ClInclude Include="Engine\src\core\engine\events\Engine_EventObject.h">
      <Filter>Header Files\Engine\Core\Events</Filter>
    </ClInclude>
    <ClInclude Include="Engine\src\core\engine\events\Engine_Events.h">
      <Filter>Header Files\Engine\Core\Events</Filter>
    </ClInclude>
    <ClInclude Include="Engine\src\core\engine\lights\DirectionalLight.h">
      <Filter>Header Files\Engine\Core\Lights</Filter>
    </ClInclude>
    <ClInclude Include="Engine\src\core\engine\lights\LightIncludes.h">
      <Filter>Header Files\Engine\Core\Lights</Filter>
    </ClInclude>
    <ClInclude Include="Engine\src\core\engine\lights\PointLight.h">
      <Filter>Header Files\Engine\Core\Lights</Filter>
    </ClInclude>
    <ClInclude Include="Engine\src\core\engine\lights\RodLight.h">
      <Filter>Header Files\Engine\Core\Lights</Filter>
    </ClInclude>
    <ClInclude Include="Engine\src\core\engine\lights\SpotLight.h">
      <Filter>Header Files\Engine\Core\Lights</Filter>
    </ClInclude>
    <ClInclude Include="Engine\src\core\engine\lights\SunLight.h">
      <Filter>Header Files\Engine\Core\Lights</Filter>
    </ClInclude>
    <ClInclude Include="Engine\src\core\engine\mesh\Mesh.h">
      <Filter>Header Files\Engine\Core\Mesh</Filter>
    </ClInclude>
    <ClInclude Include="Engine\src\core\engine\mesh\MeshCollisionFactory.h">
      <Filter>Header Files\Engine\Core\Mesh</Filter>
    </ClInclude>
    <ClInclude Include="Engine\src\core\engine\mesh\MeshImportedData.h">
      <Filter>Header Files\Engine\Core\Mesh</Filter>
    </ClInclude>
    <ClInclude Include="Engine\src\core\engine\mesh\MeshIncludes.h">
      <Filter>Header Files\Engine\Core\Mesh</Filter>
    </ClInclude>
    <ClInclude Include="Engine\src\core\engine\mesh\MeshLoading.h">
      <Filter>Header Files\Engine\Core\Mesh</Filter>
    </ClInclude>
    <ClInclude Include="Engine\src\core\engine\mesh\MeshRequest.h">
      <Filter>Header Files\Engine\Core\Mesh</Filter>
    </ClInclude>
    <ClInclude Include="Engine\src\core\engine\mesh\Skeleton.h">
      <Filter>Header Files\Engine\Core\Mesh</Filter>
    </ClInclude>
    <ClInclude Include="Engine\src\core\engine\mesh\VertexAttribute.h">
      <Filter>Header Files\Engine\Core\Mesh</Filter>
    </ClInclude>
    <ClInclude Include="Engine\src\core\engine\mesh\VertexBufferObject.h">
      <Filter>Header Files\Engine\Core\Mesh</Filter>
    </ClInclude>
    <ClInclude Include="Engine\src\core\engine\mesh\VertexData.h">
      <Filter>Header Files\Engine\Core\Mesh</Filter>
    </ClInclude>
    <ClInclude Include="Engine\src\core\engine\mesh\VertexDataFormat.h">
      <Filter>Header Files\Engine\Core\Mesh</Filter>
    </ClInclude>
    <ClInclude Include="Engine\src\core\engine\textures\DDS.h">
      <Filter>Header Files\Engine\Core\Textures</Filter>
    </ClInclude>
    <ClInclude Include="Engine\src\core\engine\textures\Texture.h">
      <Filter>Header Files\Engine\Core\Textures</Filter>
    </ClInclude>
    <ClInclude Include="Engine\src\core\engine\textures\TextureIncludes.h">
      <Filter>Header Files\Engine\Core\Textures</Filter>
    </ClInclude>
    <ClInclude Include="Engine\src\core\engine\resources\Engine_BuiltInShaders.h">
      <Filter>Header Files\Engine\Core\Resources</Filter>
    </ClInclude>
    <ClInclude Include="Engine\src\core\engine\resources\Engine_ResourceBasic.h">
      <Filter>Header Files\Engine\Core\Resources</Filter>
    </ClInclude>
    <ClInclude Include="Engine\src\core\engine\resources\Engine_Resources.h">
      <Filter>Header Files\Engine\Core\Resources</Filter>
    </ClInclude>
    <ClInclude Include="Engine\src\core\engine\resources\Handle.h">
      <Filter>Header Files\Engine\Core\Resources</Filter>
    </ClInclude>
    <ClInclude Include="Engine\src\core\engine\renderer\FramebufferObject.h">
      <Filter>Header Files\Engine\Core\Renderer</Filter>
    </ClInclude>
    <ClInclude Include="Engine\src\core\engine\renderer\GBuffer.h">
      <Filter>Header Files\Engine\Core\Renderer</Filter>
    </ClInclude>
    <ClInclude Include="Engine\src\core\engine\renderer\GLImageConstants.h">
      <Filter>Header Files\Engine\Core\Renderer</Filter>
    </ClInclude>
    <ClInclude Include="Engine\src\core\engine\renderer\RenderGraph.h">
      <Filter>Header Files\Engine\Core\Renderer</Filter>
    </ClInclude>
    <ClInclude Include="Engine\src\core\engine\renderer\SMAA_LUT.h">
      <Filter>Header Files\Engine\Core\Renderer</Filter>
    </ClInclude>
    <ClInclude Include="Engine\src\core\Constraint.h">
      <Filter>Header Files\Engine\Objects</Filter>
    </ClInclude>
    <ClInclude Include="Engine\src\ecs\EntityDataRequest.h">
      <Filter>Header Files\Engine\Core\ECS</Filter>
    </ClInclude>
    <ClInclude Include="Engine\src\core\Terrain.h">
      <Filter>Header Files\Engine\Objects</Filter>
    </ClInclude>
    <ClInclude Include="Engine\src\core\engine\renderer\postprocess\SSAO.h">
      <Filter>Header Files\Engine\Core\Renderer\postprocess</Filter>
    </ClInclude>
    <ClInclude Include="Engine\src\core\engine\renderer\postprocess\HDR.h">
      <Filter>Header Files\Engine\Core\Renderer\postprocess</Filter>
    </ClInclude>
    <ClInclude Include="Engine\src\core\engine\renderer\postprocess\DepthOfField.h">
      <Filter>Header Files\Engine\Core\Renderer\postprocess</Filter>
    </ClInclude>
    <ClInclude Include="Engine\src\core\engine\renderer\postprocess\Bloom.h">
      <Filter>Header Files\Engine\Core\Renderer\postprocess</Filter>
    </ClInclude>
    <ClInclude Include="Engine\src\core\engine\lua\LuaEngine.h">
      <Filter>Header Files\Engine\Core\LUA</Filter>
    </ClInclude>
    <ClInclude Include="Engine\src\core\engine\lua\LuaScript.h">
      <Filter>Header Files\Engine\Core\LUA</Filter>
    </ClInclude>
    <ClInclude Include="Engine\src\core\engine\renderer\postprocess\FXAA.h">
      <Filter>Header Files\Engine\Core\Renderer\postprocess</Filter>
    </ClInclude>
    <ClInclude Include="Engine\src\core\engine\renderer\postprocess\GodRays.h">
      <Filter>Header Files\Engine\Core\Renderer\postprocess</Filter>
    </ClInclude>
    <ClInclude Include="Engine\src\core\engine\renderer\postprocess\SMAA.h">
      <Filter>Header Files\Engine\Core\Renderer\postprocess</Filter>
    </ClInclude>
    <ClInclude Include="Engine\src\core\engine\renderer\postprocess\Fog.h">
      <Filter>Header Files\Engine\Core\Renderer\postprocess</Filter>
    </ClInclude>
    <ClInclude Include="Engine\src\core\engine\lights\Lights.h">
      <Filter>Header Files\Engine\Core\Lights</Filter>
    </ClInclude>
    <ClInclude Include="Engine\src\core\engine\threading\Engine_ThreadManager.h">
      <Filter>Header Files\Engine\Core\Threading</Filter>
    </ClInclude>
    <ClInclude Include="Engine\src\core\engine\sounds\Engine_Sounds.h">
      <Filter>Header Files\Engine\Core\Sounds</Filter>
    </ClInclude>
    <ClInclude Include="Engine\src\core\engine\physics\Engine_Physics.h">
      <Filter>Header Files\Engine\Core\Physics</Filter>
    </ClInclude>
    <ClInclude Include="Engine\src\core\engine\renderer\FullscreenItems.h">
      <Filter>Header Files\Engine\Core\Renderer</Filter>
    </ClInclude>
    <ClInclude Include="Engine\src\core\engine\networking\SocketInterface.h">
      <Filter>Header Files\Engine\Core\Networking</Filter>
    </ClInclude>
    <ClInclude Include="Engine\src\core\engine\networking\SocketTCP.h">
      <Filter>Header Files\Engine\Core\Networking</Filter>
    </ClInclude>
    <ClInclude Include="Engine\src\core\engine\networking\SocketUDP.h">
      <Filter>Header Files\Engine\Core\Networking</Filter>
    </ClInclude>
    <ClInclude Include="Engine\src\core\engine\networking\ListenerTCP.h">
      <Filter>Header Files\Engine\Core\Networking</Filter>
    </ClInclude>
    <ClInclude Include="Engine\src\core\engine\networking\Networking.h">
      <Filter>Header Files\Engine\Core\Networking</Filter>
    </ClInclude>
    <ClInclude Include="Engine\src\core\engine\fonts\Font.h">
      <Filter>Header Files\Engine\Core\Fonts</Filter>
    </ClInclude>
    <ClInclude Include="Engine\src\core\engine\fonts\FontIncludes.h">
      <Filter>Header Files\Engine\Core\Fonts</Filter>
    </ClInclude>
    <ClInclude Include="Engine\src\core\engine\math\Engine_Math.h">
      <Filter>Header Files\Engine\Core\Math</Filter>
    </ClInclude>
    <ClInclude Include="Engine\src\core\engine\math\SimplexNoise.h">
      <Filter>Header Files\Engine\Core\Math</Filter>
    </ClInclude>
    <ClInclude Include="Engine\src\core\engine\scene\Scene.h">
      <Filter>Header Files\Engine\Core\Scene</Filter>
    </ClInclude>
    <ClInclude Include="Engine\src\core\engine\scene\Skybox.h">
      <Filter>Header Files\Engine\Core\Scene</Filter>
    </ClInclude>
    <ClInclude Include="Engine\src\core\engine\scene\Camera.h">
      <Filter>Header Files\Engine\Core\Scene</Filter>
    </ClInclude>
    <ClInclude Include="Engine\src\core\engine\scene\Viewport.h">
      <Filter>Header Files\Engine\Core\Scene</Filter>
    </ClInclude>
    <ClInclude Include="Engine\src\core\engine\sounds\SoundData.h">
      <Filter>Header Files\Engine\Core\Sounds</Filter>
    </ClInclude>
    <ClInclude Include="Engine\src\core\engine\sounds\SoundEffect.h">
      <Filter>Header Files\Engine\Core\Sounds</Filter>
    </ClInclude>
    <ClInclude Include="Engine\src\core\engine\sounds\SoundMusic.h">
      <Filter>Header Files\Engine\Core\Sounds</Filter>
    </ClInclude>
    <ClInclude Include="Engine\src\core\engine\sounds\Sounds.h">
      <Filter>Header Files\Engine\Core\Sounds</Filter>
    </ClInclude>
    <ClInclude Include="Engine\src\core\engine\sounds\SoundBaseClass.h">
      <Filter>Header Files\Engine\Core\Sounds</Filter>
    </ClInclude>
    <ClInclude Include="Engine\src\core\engine\sounds\SoundQueue.h">
      <Filter>Header Files\Engine\Core\Sounds</Filter>
    </ClInclude>
    <ClInclude Include="Engine\src\core\engine\renderer\opengl\State.h">
      <Filter>Header Files\Engine\Core\Renderer\opengl</Filter>
    </ClInclude>
    <ClInclude Include="Engine\src\core\engine\renderer\opengl\UniformBufferObject.h">
      <Filter>Header Files\Engine\Core\Renderer\opengl</Filter>
    </ClInclude>
    <ClInclude Include="Engine\src\core\engine\renderer\opengl\Extensions.h">
      <Filter>Header Files\Engine\Core\Renderer\opengl</Filter>
    </ClInclude>
    <ClInclude Include="Engine\src\core\engine\physics\Collision.h">
      <Filter>Header Files\Engine\Core\Physics</Filter>
    </ClInclude>
    <ClInclude Include="Engine\src\core\engine\utils\Engine_Debugging.h">
      <Filter>Header Files\Engine\Core\Utils</Filter>
    </ClInclude>
    <ClInclude Include="Engine\src\core\engine\utils\Utils.h">
      <Filter>Header Files\Engine\Core\Utils</Filter>
    </ClInclude>
    <ClInclude Include="Engine\src\core\engine\materials\Material.h">
      <Filter>Header Files\Engine\Core\Materials</Filter>
    </ClInclude>
    <ClInclude Include="Engine\src\core\engine\materials\MaterialEnums.h">
      <Filter>Header Files\Engine\Core\Materials</Filter>
    </ClInclude>
    <ClInclude Include="Engine\src\core\engine\materials\MaterialComponent.h">
      <Filter>Header Files\Engine\Core\Materials</Filter>
    </ClInclude>
    <ClInclude Include="Engine\src\core\engine\materials\MaterialLayer.h">
      <Filter>Header Files\Engine\Core\Materials</Filter>
    </ClInclude>
    <ClInclude Include="Engine\src\core\engine\renderer\RendererState.h">
      <Filter>Header Files\Engine\Core\Renderer</Filter>
    </ClInclude>
    <ClInclude Include="Engine\src\core\engine\renderer\opengl\glsl\Common.h">
      <Filter>Header Files\Engine\Core\Renderer\opengl\glsl</Filter>
    </ClInclude>
    <ClInclude Include="Engine\src\core\engine\shaders\ShaderProgram.h">
      <Filter>Header Files\Engine\Core\Shaders</Filter>
    </ClInclude>
    <ClInclude Include="Engine\src\core\engine\shaders\ShaderHelper.h">
      <Filter>Header Files\Engine\Core\Shaders</Filter>
    </ClInclude>
    <ClInclude Include="Engine\src\core\engine\shaders\Shader.h">
      <Filter>Header Files\Engine\Core\Shaders</Filter>
    </ClInclude>
    <ClInclude Include="Engine\src\core\engine\shaders\ShaderIncludes.h">
      <Filter>Header Files\Engine\Core\Shaders</Filter>
    </ClInclude>
    <ClInclude Include="Engine\src\core\engine\renderer\opengl\glsl\VersionConversion.h">
      <Filter>Header Files\Engine\Core\Renderer\opengl\glsl</Filter>
    </ClInclude>
    <ClInclude Include="Engine\src\core\engine\renderer\opengl\glsl\Materials.h">
      <Filter>Header Files\Engine\Core\Renderer\opengl\glsl</Filter>
    </ClInclude>
    <ClInclude Include="Engine\src\core\engine\renderer\opengl\glsl\Lighting.h">
      <Filter>Header Files\Engine\Core\Renderer\opengl\glsl</Filter>
    </ClInclude>
    <ClInclude Include="Engine\src\core\engine\renderer\opengl\glsl\Compression.h">
      <Filter>Header Files\Engine\Core\Renderer\opengl\glsl</Filter>
    </ClInclude>
    <ClInclude Include="Engine\src\core\engine\renderer\opengl\glsl\SSAOCode.h">
      <Filter>Header Files\Engine\Core\Renderer\opengl\glsl</Filter>
    </ClInclude>
    <ClInclude Include="Engine\src\core\engine\physics\DebugDrawer.h">
      <Filter>Header Files\Engine\Core\Physics</Filter>
    </ClInclude>
    <ClInclude Include="Engine\src\core\engine\renderer\Decal.h">
      <Filter>Header Files\Engine\Core\Renderer</Filter>
    </ClInclude>
    <ClInclude Include="Engine\src\core\engine\threading\ThreadPool.h">
      <Filter>Header Files\Engine\Core\Threading</Filter>
    </ClInclude>
    <ClInclude Include="Engine\src\core\engine\textures\TextureLoader.h">
      <Filter>Header Files\Engine\Core\Textures</Filter>
    </ClInclude>
    <ClInclude Include="Engine\src\core\engine\textures\TextureRequest.h">
      <Filter>Header Files\Engine\Core\Textures</Filter>
    </ClInclude>
    <ClInclude Include="Engine\src\core\engine\materials\MaterialRequest.h">
      <Filter>Header Files\Engine\Core\Materials</Filter>
    </ClInclude>
    <ClInclude Include="Engine\src\core\engine\materials\MaterialLoader.h">
      <Filter>Header Files\Engine\Core\Materials</Filter>
    </ClInclude>
    <ClInclude Include="Engine\src\core\engine\renderer\opengl\glsl\DepthOfFieldCode.h">
      <Filter>Header Files\Engine\Core\Renderer\opengl\glsl</Filter>
    </ClInclude>
    <ClInclude Include="Engine\src\core\engine\renderer\pipelines\IRenderingPipeline.h">
      <Filter>Header Files\Engine\Core\Renderer\pipelines</Filter>
    </ClInclude>
    <ClInclude Include="Engine\src\core\engine\renderer\pipelines\DeferredPipeline.h">
      <Filter>Header Files\Engine\Core\Renderer\pipelines</Filter>
    </ClInclude>
    <ClInclude Include="Engine\src\core\engine\resources\ResourcesIncludes.h">
      <Filter>Header Files\Engine\Core\Resources</Filter>
    </ClInclude>
    <ClInclude Include="Engine\src\core\engine\renderer\RendererIncludes.h">
      <Filter>Header Files\Engine\Core\Renderer</Filter>
    </ClInclude>
    <ClInclude Include="Engine\src\core\engine\renderer\particles\Particle.h">
      <Filter>Header Files\Engine\Core\Renderer\particles</Filter>
    </ClInclude>
    <ClInclude Include="Engine\src\core\engine\renderer\particles\ParticleEmitter.h">
      <Filter>Header Files\Engine\Core\Renderer\particles</Filter>
    </ClInclude>
    <ClInclude Include="Engine\src\core\engine\renderer\particles\ParticleEmissionProperties.h">
      <Filter>Header Files\Engine\Core\Renderer\particles</Filter>
    </ClInclude>
    <ClInclude Include="Engine\src\core\engine\renderer\particles\ParticleSystem.h">
      <Filter>Header Files\Engine\Core\Renderer\particles</Filter>
    </ClInclude>
    <ClInclude Include="Engine\src\core\engine\model\ModelInstance.h">
      <Filter>Header Files\Engine\Core\Model</Filter>
    </ClInclude>
    <ClInclude Include="Engine\src\core\engine\model\ModelInstanceIncludes.h">
      <Filter>Header Files\Engine\Core\Model</Filter>
    </ClInclude>
    <ClInclude Include="Engine\src\core\engine\scene\ViewportIncludes.h">
      <Filter>Header Files\Engine\Core\Scene</Filter>
    </ClInclude>
    <ClInclude Include="Engine\src\ecs\ECSSystemConstructorInfo.h">
      <Filter>Header Files\Engine\Core\ECS</Filter>
    </ClInclude>
    <ClInclude Include="Engine\src\core\engine\physics\PhysicsIncludes.h">
      <Filter>Header Files\Engine\Core\Physics</Filter>
    </ClInclude>
    <ClInclude Include="Engine\src\core\engine\scene\SceneOptions.h">
      <Filter>Header Files\Engine\Core\Scene</Filter>
    </ClInclude>
    <ClInclude Include="Engine\src\core\engine\events\Engine_EventIncludes.h">
      <Filter>Header Files\Engine\Core\Events</Filter>
    </ClInclude>
    <ClInclude Include="Engine\src\core\engine\system\Engine.h">
      <Filter>Header Files\Engine\Core\System</Filter>
    </ClInclude>
    <ClInclude Include="Engine\src\core\engine\system\EngineOptions.h">
      <Filter>Header Files\Engine\Core\System</Filter>
    </ClInclude>
    <ClInclude Include="Engine\src\core\engine\system\EngineGameFunctions.h">
      <Filter>Header Files\Engine\Core\System</Filter>
    </ClInclude>
    <ClInclude Include="Engine\src\core\engine\utils\ForcedInclude.h">
      <Filter>Header Files\Engine\Core\Utils</Filter>
    </ClInclude>
    <ClInclude Include="Engine\src\core\engine\discord\Discord.h">
      <Filter>Header Files\Engine\Core\Discord</Filter>
    </ClInclude>
    <ClInclude Include="Engine\src\core\engine\discord\src\achievement_manager.h">
      <Filter>Header Files\Engine\Core\Discord\src</Filter>
    </ClInclude>
    <ClInclude Include="Engine\src\core\engine\discord\src\activity_manager.h">
      <Filter>Header Files\Engine\Core\Discord\src</Filter>
    </ClInclude>
    <ClInclude Include="Engine\src\core\engine\discord\src\application_manager.h">
      <Filter>Header Files\Engine\Core\Discord\src</Filter>
    </ClInclude>
    <ClInclude Include="Engine\src\core\engine\discord\src\core.h">
      <Filter>Header Files\Engine\Core\Discord\src</Filter>
    </ClInclude>
    <ClInclude Include="Engine\src\core\engine\discord\src\discord.h">
      <Filter>Header Files\Engine\Core\Discord\src</Filter>
    </ClInclude>
    <ClInclude Include="Engine\src\core\engine\discord\src\event.h">
      <Filter>Header Files\Engine\Core\Discord\src</Filter>
    </ClInclude>
    <ClInclude Include="Engine\src\core\engine\discord\src\ffi.h">
      <Filter>Header Files\Engine\Core\Discord\src</Filter>
    </ClInclude>
    <ClInclude Include="Engine\src\core\engine\discord\src\image_manager.h">
      <Filter>Header Files\Engine\Core\Discord\src</Filter>
    </ClInclude>
    <ClInclude Include="Engine\src\core\engine\discord\src\lobby_manager.h">
      <Filter>Header Files\Engine\Core\Discord\src</Filter>
    </ClInclude>
    <ClInclude Include="Engine\src\core\engine\discord\src\network_manager.h">
      <Filter>Header Files\Engine\Core\Discord\src</Filter>
    </ClInclude>
    <ClInclude Include="Engine\src\core\engine\discord\src\overlay_manager.h">
      <Filter>Header Files\Engine\Core\Discord\src</Filter>
    </ClInclude>
    <ClInclude Include="Engine\src\core\engine\discord\src\relationship_manager.h">
      <Filter>Header Files\Engine\Core\Discord\src</Filter>
    </ClInclude>
    <ClInclude Include="Engine\src\core\engine\discord\src\storage_manager.h">
      <Filter>Header Files\Engine\Core\Discord\src</Filter>
    </ClInclude>
    <ClInclude Include="Engine\src\core\engine\discord\src\types.h">
      <Filter>Header Files\Engine\Core\Discord\src</Filter>
    </ClInclude>
    <ClInclude Include="Engine\src\core\engine\discord\src\user_manager.h">
      <Filter>Header Files\Engine\Core\Discord\src</Filter>
    </ClInclude>
    <ClInclude Include="Engine\src\core\engine\discord\src\voice_manager.h">
      <Filter>Header Files\Engine\Core\Discord\src</Filter>
    </ClInclude>
    <ClInclude Include="Engine\src\core\engine\mesh\BuiltInMeshes.h">
      <Filter>Header Files\Engine\Core\Mesh</Filter>
    </ClInclude>
    <ClInclude Include="Engine\src\core\engine\system\window\Window.h">
      <Filter>Header Files\Engine\Core\System\Window</Filter>
    </ClInclude>
    <ClInclude Include="Engine\src\core\engine\renderer\Renderer.h">
      <Filter>Header Files\Engine\Core\Renderer</Filter>
    </ClInclude>
    <ClInclude Include="Engine\src\core\engine\lights\LightProbe.h">
      <Filter>Header Files\Engine\Core\Lights</Filter>
    </ClInclude>
    <ClInclude Include="Engine\src\core\engine\utils\Logger.h">
      <Filter>Header Files\Engine\Core\Utils</Filter>
    </ClInclude>
    <ClInclude Include="Engine\src\core\engine\containers\Freelist.h">
      <Filter>Header Files\Engine\Core\Containers</Filter>
    </ClInclude>
    <ClInclude Include="Engine\src\core\engine\resources\ResourcePool.h">
      <Filter>Header Files\Engine\Core\Resources</Filter>
    </ClInclude>
    <ClInclude Include="Engine\src\core\engine\model\ModelInstanceAnimation.h">
      <Filter>Header Files\Engine\Core\Model</Filter>
    </ClInclude>
    <ClInclude Include="Engine\src\core\engine\mesh\AnimationData.h">
      <Filter>Header Files\Engine\Core\Mesh</Filter>
    </ClInclude>
    <ClInclude Include="Engine\src\core\engine\mesh\AnimationIncludes.h">
      <Filter>Header Files\Engine\Core\Mesh</Filter>
    </ClInclude>
    <ClInclude Include="Engine\src\core\engine\containers\Queue_ts.h">
      <Filter>Header Files\Engine\Core\Containers</Filter>
    </ClInclude>
    <ClInclude Include="Engine\src\core\engine\containers\SparseSet.h">
      <Filter>Header Files\Engine\Core\Containers</Filter>
    </ClInclude>
    <ClInclude Include="Engine\src\core\engine\renderer\opengl\OpenGL.h">
      <Filter>Header Files\Engine\Core\Renderer\opengl</Filter>
    </ClInclude>
    <ClInclude Include="Engine\src\core\engine\system\EngineMisc.h">
      <Filter>Header Files\Engine\Core\System</Filter>
    </ClInclude>
    <ClInclude Include="Engine\src\core\engine\networking\SocketManager.h">
      <Filter>Header Files\Engine\Core\Networking</Filter>
    </ClInclude>
    <ClInclude Include="Engine\src\core\engine\networking\server\Server.h">
      <Filter>Header Files\Engine\Core\Networking\Server</Filter>
    </ClInclude>
    <ClInclude Include="Engine\src\core\engine\networking\server\ServerThread.h">
      <Filter>Header Files\Engine\Core\Networking\Server</Filter>
    </ClInclude>
    <ClInclude Include="Engine\src\core\engine\networking\server\ServerClient.h">
      <Filter>Header Files\Engine\Core\Networking\Server</Filter>
    </ClInclude>
    <ClInclude Include="Engine\src\core\engine\networking\Packet.h">
      <Filter>Header Files\Engine\Core\Networking</Filter>
    </ClInclude>
    <ClInclude Include="Engine\src\core\engine\math\BigNumbers.h">
      <Filter>Header Files\Engine\Core\Math</Filter>
    </ClInclude>
    <ClInclude Include="Engine\src\core\engine\physics\PhysicsPipeline.h">
      <Filter>Header Files\Engine\Core\Physics</Filter>
    </ClInclude>
  </ItemGroup>
  <ItemGroup>
    <ClCompile Include="Engine\src\ecs\ComponentBody.cpp">
      <Filter>Source Files\Engine\Core\ECS\Components</Filter>
    </ClCompile>
    <ClCompile Include="Engine\src\ecs\ComponentCamera.cpp">
      <Filter>Source Files\Engine\Core\ECS\Components</Filter>
    </ClCompile>
    <ClCompile Include="Engine\src\ecs\ComponentLogic.cpp">
      <Filter>Source Files\Engine\Core\ECS\Components</Filter>
    </ClCompile>
    <ClCompile Include="Engine\src\ecs\ComponentLogic1.cpp">
      <Filter>Source Files\Engine\Core\ECS\Components</Filter>
    </ClCompile>
    <ClCompile Include="Engine\src\ecs\ComponentLogic2.cpp">
      <Filter>Source Files\Engine\Core\ECS\Components</Filter>
    </ClCompile>
    <ClCompile Include="Engine\src\ecs\ComponentLogic3.cpp">
      <Filter>Source Files\Engine\Core\ECS\Components</Filter>
    </ClCompile>
    <ClCompile Include="Engine\src\ecs\ComponentModel.cpp">
      <Filter>Source Files\Engine\Core\ECS\Components</Filter>
    </ClCompile>
    <ClCompile Include="Engine\src\ecs\ComponentName.cpp">
      <Filter>Source Files\Engine\Core\ECS\Components</Filter>
    </ClCompile>
    <ClCompile Include="Engine\src\ecs\ECSRegistry.cpp">
      <Filter>Source Files\Engine\Core\ECS</Filter>
    </ClCompile>
    <ClCompile Include="Engine\src\ecs\Entity.cpp">
      <Filter>Source Files\Engine\Core\ECS</Filter>
    </ClCompile>
    <ClCompile Include="Engine\src\core\engine\events\Engine_EventDispatcher.cpp">
      <Filter>Source Files\Engine\Core\Events</Filter>
    </ClCompile>
    <ClCompile Include="Engine\src\core\engine\events\Engine_EventObject.cpp">
      <Filter>Source Files\Engine\Core\Events</Filter>
    </ClCompile>
    <ClCompile Include="Engine\src\core\engine\events\Engine_Events.cpp">
      <Filter>Source Files\Engine\Core\Events</Filter>
    </ClCompile>
    <ClCompile Include="Engine\src\core\engine\lights\DirectionalLight.cpp">
      <Filter>Source Files\Engine\Core\Lights</Filter>
    </ClCompile>
    <ClCompile Include="Engine\src\core\engine\lights\PointLight.cpp">
      <Filter>Source Files\Engine\Core\Lights</Filter>
    </ClCompile>
    <ClCompile Include="Engine\src\core\engine\lights\RodLight.cpp">
      <Filter>Source Files\Engine\Core\Lights</Filter>
    </ClCompile>
    <ClCompile Include="Engine\src\core\engine\lights\SpotLight.cpp">
      <Filter>Source Files\Engine\Core\Lights</Filter>
    </ClCompile>
    <ClCompile Include="Engine\src\core\engine\lights\SunLight.cpp">
      <Filter>Source Files\Engine\Core\Lights</Filter>
    </ClCompile>
    <ClCompile Include="Engine\src\core\engine\mesh\Mesh.cpp">
      <Filter>Source Files\Engine\Core\Mesh</Filter>
    </ClCompile>
    <ClCompile Include="Engine\src\core\engine\mesh\MeshCollisionFactory.cpp">
      <Filter>Source Files\Engine\Core\Mesh</Filter>
    </ClCompile>
    <ClCompile Include="Engine\src\core\engine\mesh\MeshImportedData.cpp">
      <Filter>Source Files\Engine\Core\Mesh</Filter>
    </ClCompile>
    <ClCompile Include="Engine\src\core\engine\mesh\MeshLoading.cpp">
      <Filter>Source Files\Engine\Core\Mesh</Filter>
    </ClCompile>
    <ClCompile Include="Engine\src\core\engine\mesh\MeshRequest.cpp">
      <Filter>Source Files\Engine\Core\Mesh</Filter>
    </ClCompile>
    <ClCompile Include="Engine\src\core\engine\mesh\Skeleton.cpp">
      <Filter>Source Files\Engine\Core\Mesh</Filter>
    </ClCompile>
    <ClCompile Include="Engine\src\core\engine\mesh\VertexBufferObject.cpp">
      <Filter>Source Files\Engine\Core\Mesh</Filter>
    </ClCompile>
    <ClCompile Include="Engine\src\core\engine\mesh\VertexData.cpp">
      <Filter>Source Files\Engine\Core\Mesh</Filter>
    </ClCompile>
    <ClCompile Include="Engine\src\core\engine\mesh\VertexDataFormat.cpp">
      <Filter>Source Files\Engine\Core\Mesh</Filter>
    </ClCompile>
    <ClCompile Include="Engine\src\core\engine\renderer\FramebufferObject.cpp">
      <Filter>Source Files\Engine\Core\Renderer</Filter>
    </ClCompile>
    <ClCompile Include="Engine\src\core\engine\renderer\GBuffer.cpp">
      <Filter>Source Files\Engine\Core\Renderer</Filter>
    </ClCompile>
    <ClCompile Include="Engine\src\core\engine\renderer\RenderGraph.cpp">
      <Filter>Source Files\Engine\Core\Renderer</Filter>
    </ClCompile>
    <ClCompile Include="Engine\src\core\engine\resources\Engine_BuiltInShaders.cpp">
      <Filter>Source Files\Engine\Core\Resources</Filter>
    </ClCompile>
    <ClCompile Include="Engine\src\core\engine\resources\Engine_ResourceBasic.cpp">
      <Filter>Source Files\Engine\Core\Resources</Filter>
    </ClCompile>
    <ClCompile Include="Engine\src\core\engine\resources\Engine_Resources.cpp">
      <Filter>Source Files\Engine\Core\Resources</Filter>
    </ClCompile>
    <ClCompile Include="Engine\src\core\engine\resources\Handle.cpp">
      <Filter>Source Files\Engine\Core\Resources</Filter>
    </ClCompile>
    <ClCompile Include="Engine\src\core\engine\textures\Texture.cpp">
      <Filter>Source Files\Engine\Core\Textures</Filter>
    </ClCompile>
    <ClCompile Include="Engine\src\core\engine\textures\TextureIncludes.cpp">
      <Filter>Source Files\Engine\Core\Textures</Filter>
    </ClCompile>
    <ClCompile Include="Engine\src\core\Constraint.cpp">
      <Filter>Source Files\Engine\Objects</Filter>
    </ClCompile>
    <ClCompile Include="Engine\src\ecs\EntityDataRequest.cpp">
      <Filter>Source Files\Engine\Core\ECS</Filter>
    </ClCompile>
    <ClCompile Include="Engine\src\core\Terrain.cpp">
      <Filter>Source Files\Engine\Objects</Filter>
    </ClCompile>
    <ClCompile Include="Engine\src\core\engine\renderer\postprocess\SSAO.cpp">
      <Filter>Source Files\Engine\Core\Renderer\postprocess</Filter>
    </ClCompile>
    <ClCompile Include="Engine\src\core\engine\renderer\postprocess\HDR.cpp">
      <Filter>Source Files\Engine\Core\Renderer\postprocess</Filter>
    </ClCompile>
    <ClCompile Include="Engine\src\core\engine\renderer\postprocess\DepthOfField.cpp">
      <Filter>Source Files\Engine\Core\Renderer\postprocess</Filter>
    </ClCompile>
    <ClCompile Include="Engine\src\core\engine\renderer\postprocess\Bloom.cpp">
      <Filter>Source Files\Engine\Core\Renderer\postprocess</Filter>
    </ClCompile>
    <ClCompile Include="Engine\src\core\engine\lua\LuaEngine.cpp">
      <Filter>Source Files\Engine\Core\LUA</Filter>
    </ClCompile>
    <ClCompile Include="Engine\src\core\engine\lua\LuaScript.cpp">
      <Filter>Source Files\Engine\Core\LUA</Filter>
    </ClCompile>
    <ClCompile Include="Engine\src\core\engine\renderer\postprocess\FXAA.cpp">
      <Filter>Source Files\Engine\Core\Renderer\postprocess</Filter>
    </ClCompile>
    <ClCompile Include="Engine\src\core\engine\renderer\postprocess\GodRays.cpp">
      <Filter>Source Files\Engine\Core\Renderer\postprocess</Filter>
    </ClCompile>
    <ClCompile Include="Engine\src\core\engine\renderer\postprocess\SMAA.cpp">
      <Filter>Source Files\Engine\Core\Renderer\postprocess</Filter>
    </ClCompile>
    <ClCompile Include="Engine\src\core\engine\renderer\postprocess\Fog.cpp">
      <Filter>Source Files\Engine\Core\Renderer\postprocess</Filter>
    </ClCompile>
    <ClCompile Include="Engine\src\core\engine\threading\Engine_ThreadManager.cpp">
      <Filter>Source Files\Engine\Core\Threading</Filter>
    </ClCompile>
    <ClCompile Include="Engine\src\core\engine\sounds\Engine_Sounds.cpp">
      <Filter>Source Files\Engine\Core\Sounds</Filter>
    </ClCompile>
    <ClCompile Include="Engine\src\core\engine\physics\Engine_Physics.cpp">
      <Filter>Source Files\Engine\Core\Physics</Filter>
    </ClCompile>
    <ClCompile Include="Engine\src\core\engine\renderer\FullscreenItems.cpp">
      <Filter>Source Files\Engine\Core\Renderer</Filter>
    </ClCompile>
    <ClCompile Include="Engine\src\core\engine\networking\SocketTCP.cpp">
      <Filter>Source Files\Engine\Core\Networking</Filter>
    </ClCompile>
    <ClCompile Include="Engine\src\core\engine\networking\SocketUDP.cpp">
      <Filter>Source Files\Engine\Core\Networking</Filter>
    </ClCompile>
    <ClCompile Include="Engine\src\core\engine\networking\ListenerTCP.cpp">
      <Filter>Source Files\Engine\Core\Networking</Filter>
    </ClCompile>
    <ClCompile Include="Engine\src\core\engine\fonts\Font.cpp">
      <Filter>Source Files\Engine\Core\Fonts</Filter>
    </ClCompile>
    <ClCompile Include="Engine\src\core\engine\math\Engine_Math.cpp">
      <Filter>Source Files\Engine\Core\Math</Filter>
    </ClCompile>
    <ClCompile Include="Engine\src\core\engine\math\SimplexNoise.cpp">
      <Filter>Source Files\Engine\Core\Math</Filter>
    </ClCompile>
    <ClCompile Include="Engine\src\core\engine\scene\Scene.cpp">
      <Filter>Source Files\Engine\Core\Scene</Filter>
    </ClCompile>
    <ClCompile Include="Engine\src\core\engine\scene\Skybox.cpp">
      <Filter>Source Files\Engine\Core\Scene</Filter>
    </ClCompile>
    <ClCompile Include="Engine\src\core\engine\scene\Camera.cpp">
      <Filter>Source Files\Engine\Core\Scene</Filter>
    </ClCompile>
    <ClCompile Include="Engine\src\core\engine\scene\Viewport.cpp">
      <Filter>Source Files\Engine\Core\Scene</Filter>
    </ClCompile>
    <ClCompile Include="Engine\src\core\engine\sounds\SoundData.cpp">
      <Filter>Source Files\Engine\Core\Sounds</Filter>
    </ClCompile>
    <ClCompile Include="Engine\src\core\engine\sounds\SoundEffect.cpp">
      <Filter>Source Files\Engine\Core\Sounds</Filter>
    </ClCompile>
    <ClCompile Include="Engine\src\core\engine\sounds\SoundMusic.cpp">
      <Filter>Source Files\Engine\Core\Sounds</Filter>
    </ClCompile>
    <ClCompile Include="Engine\src\core\engine\sounds\SoundBaseClass.cpp">
      <Filter>Source Files\Engine\Core\Sounds</Filter>
    </ClCompile>
    <ClCompile Include="Engine\src\core\engine\sounds\SoundQueue.cpp">
      <Filter>Source Files\Engine\Core\Sounds</Filter>
    </ClCompile>
    <ClCompile Include="Engine\src\core\engine\renderer\opengl\State.cpp">
      <Filter>Source Files\Engine\Core\Renderer\opengl</Filter>
    </ClCompile>
    <ClCompile Include="Engine\src\core\engine\renderer\opengl\UniformBufferObject.cpp">
      <Filter>Source Files\Engine\Core\Renderer\opengl</Filter>
    </ClCompile>
    <ClCompile Include="Engine\src\core\engine\renderer\opengl\Extensions.cpp">
      <Filter>Source Files\Engine\Core\Renderer\opengl</Filter>
    </ClCompile>
    <ClCompile Include="Engine\src\core\engine\physics\Collision.cpp">
      <Filter>Source Files\Engine\Core\Physics</Filter>
    </ClCompile>
    <ClCompile Include="Engine\src\core\engine\utils\Engine_Debugging.cpp">
      <Filter>Source Files\Engine\Core\Utils</Filter>
    </ClCompile>
    <ClCompile Include="Engine\src\core\engine\materials\Material.cpp">
      <Filter>Source Files\Engine\Core\Materials</Filter>
    </ClCompile>
    <ClCompile Include="Engine\src\core\engine\materials\MaterialComponent.cpp">
      <Filter>Source Files\Engine\Core\Materials</Filter>
    </ClCompile>
    <ClCompile Include="Engine\src\core\engine\materials\MaterialLayer.cpp">
      <Filter>Source Files\Engine\Core\Materials</Filter>
    </ClCompile>
    <ClCompile Include="Engine\src\core\engine\renderer\opengl\glsl\Common.cpp">
      <Filter>Source Files\Engine\Core\Renderer\opengl\glsl</Filter>
    </ClCompile>
    <ClCompile Include="Engine\src\core\engine\shaders\ShaderProgram.cpp">
      <Filter>Source Files\Engine\Core\Shaders</Filter>
    </ClCompile>
    <ClCompile Include="Engine\src\core\engine\shaders\ShaderHelper.cpp">
      <Filter>Source Files\Engine\Core\Shaders</Filter>
    </ClCompile>
    <ClCompile Include="Engine\src\core\engine\shaders\Shader.cpp">
      <Filter>Source Files\Engine\Core\Shaders</Filter>
    </ClCompile>
    <ClCompile Include="Engine\src\core\engine\renderer\opengl\glsl\VersionConversion.cpp">
      <Filter>Source Files\Engine\Core\Renderer\opengl\glsl</Filter>
    </ClCompile>
    <ClCompile Include="Engine\src\core\engine\renderer\opengl\glsl\Materials.cpp">
      <Filter>Source Files\Engine\Core\Renderer\opengl\glsl</Filter>
    </ClCompile>
    <ClCompile Include="Engine\src\core\engine\renderer\opengl\glsl\Lighting.cpp">
      <Filter>Source Files\Engine\Core\Renderer\opengl\glsl</Filter>
    </ClCompile>
    <ClCompile Include="Engine\src\core\engine\renderer\opengl\glsl\Compression.cpp">
      <Filter>Source Files\Engine\Core\Renderer\opengl\glsl</Filter>
    </ClCompile>
    <ClCompile Include="Engine\src\core\engine\renderer\opengl\glsl\SSAOCode.cpp">
      <Filter>Source Files\Engine\Core\Renderer\opengl\glsl</Filter>
    </ClCompile>
    <ClCompile Include="Engine\src\core\engine\physics\DebugDrawer.cpp">
      <Filter>Source Files\Engine\Core\Physics</Filter>
    </ClCompile>
    <ClCompile Include="Engine\src\core\engine\renderer\Decal.cpp">
      <Filter>Source Files\Engine\Core\Renderer</Filter>
    </ClCompile>
    <ClCompile Include="Engine\src\core\engine\threading\ThreadPool.cpp">
      <Filter>Source Files\Engine\Core\Threading</Filter>
    </ClCompile>
    <ClCompile Include="Engine\src\core\engine\textures\TextureLoader.cpp">
      <Filter>Source Files\Engine\Core\Textures</Filter>
    </ClCompile>
    <ClCompile Include="Engine\src\core\engine\textures\TextureRequest.cpp">
      <Filter>Source Files\Engine\Core\Textures</Filter>
    </ClCompile>
    <ClCompile Include="Engine\src\core\engine\materials\MaterialRequest.cpp">
      <Filter>Source Files\Engine\Core\Materials</Filter>
    </ClCompile>
    <ClCompile Include="Engine\src\core\engine\materials\MaterialLoader.cpp">
      <Filter>Source Files\Engine\Core\Materials</Filter>
    </ClCompile>
    <ClCompile Include="Engine\src\core\engine\renderer\opengl\glsl\DepthOfFieldCode.cpp">
      <Filter>Source Files\Engine\Core\Renderer\opengl\glsl</Filter>
    </ClCompile>
    <ClCompile Include="Engine\src\core\engine\renderer\pipelines\DeferredPipeline.cpp">
      <Filter>Source Files\Engine\Core\Renderer\pipelines</Filter>
    </ClCompile>
    <ClCompile Include="Engine\src\core\engine\renderer\particles\Particle.cpp">
      <Filter>Source Files\Engine\Core\Renderer\particles</Filter>
    </ClCompile>
    <ClCompile Include="Engine\src\core\engine\renderer\particles\ParticleEmitter.cpp">
      <Filter>Source Files\Engine\Core\Renderer\particles</Filter>
    </ClCompile>
    <ClCompile Include="Engine\src\core\engine\renderer\particles\ParticleEmissionProperties.cpp">
      <Filter>Source Files\Engine\Core\Renderer\particles</Filter>
    </ClCompile>
    <ClCompile Include="Engine\src\core\engine\renderer\particles\ParticleSystem.cpp">
      <Filter>Source Files\Engine\Core\Renderer\particles</Filter>
    </ClCompile>
    <ClCompile Include="Engine\src\core\engine\model\ModelInstance.cpp">
      <Filter>Source Files\Engine\Core\Model</Filter>
    </ClCompile>
    <ClCompile Include="Engine\src\core\engine\scene\SceneOptions.cpp">
      <Filter>Source Files\Engine\Core\Scene</Filter>
    </ClCompile>
    <ClCompile Include="Engine\src\core\engine\system\Engine.cpp">
      <Filter>Source Files\Engine\Core\System</Filter>
    </ClCompile>
    <ClCompile Include="Engine\src\core\engine\discord\Discord.cpp">
      <Filter>Source Files\Engine\Core\Discord</Filter>
    </ClCompile>
    <ClCompile Include="Engine\src\core\engine\discord\src\achievement_manager.cpp">
      <Filter>Source Files\Engine\Core\Discord\src</Filter>
    </ClCompile>
    <ClCompile Include="Engine\src\core\engine\discord\src\activity_manager.cpp">
      <Filter>Source Files\Engine\Core\Discord\src</Filter>
    </ClCompile>
    <ClCompile Include="Engine\src\core\engine\discord\src\application_manager.cpp">
      <Filter>Source Files\Engine\Core\Discord\src</Filter>
    </ClCompile>
    <ClCompile Include="Engine\src\core\engine\discord\src\core.cpp">
      <Filter>Source Files\Engine\Core\Discord\src</Filter>
    </ClCompile>
    <ClCompile Include="Engine\src\core\engine\discord\src\image_manager.cpp">
      <Filter>Source Files\Engine\Core\Discord\src</Filter>
    </ClCompile>
    <ClCompile Include="Engine\src\core\engine\discord\src\lobby_manager.cpp">
      <Filter>Source Files\Engine\Core\Discord\src</Filter>
    </ClCompile>
    <ClCompile Include="Engine\src\core\engine\discord\src\network_manager.cpp">
      <Filter>Source Files\Engine\Core\Discord\src</Filter>
    </ClCompile>
    <ClCompile Include="Engine\src\core\engine\discord\src\overlay_manager.cpp">
      <Filter>Source Files\Engine\Core\Discord\src</Filter>
    </ClCompile>
    <ClCompile Include="Engine\src\core\engine\discord\src\relationship_manager.cpp">
      <Filter>Source Files\Engine\Core\Discord\src</Filter>
    </ClCompile>
    <ClCompile Include="Engine\src\core\engine\discord\src\storage_manager.cpp">
      <Filter>Source Files\Engine\Core\Discord\src</Filter>
    </ClCompile>
    <ClCompile Include="Engine\src\core\engine\discord\src\store_manager.cpp">
      <Filter>Source Files\Engine\Core\Discord\src</Filter>
    </ClCompile>
    <ClCompile Include="Engine\src\core\engine\discord\src\types.cpp">
      <Filter>Source Files\Engine\Core\Discord\src</Filter>
    </ClCompile>
    <ClCompile Include="Engine\src\core\engine\discord\src\user_manager.cpp">
      <Filter>Source Files\Engine\Core\Discord\src</Filter>
    </ClCompile>
    <ClCompile Include="Engine\src\core\engine\discord\src\voice_manager.cpp">
      <Filter>Source Files\Engine\Core\Discord\src</Filter>
    </ClCompile>
    <ClCompile Include="Engine\src\core\engine\mesh\BuiltInMeshes.cpp">
      <Filter>Source Files\Engine\Core\Mesh</Filter>
    </ClCompile>
    <ClCompile Include="Engine\src\core\engine\system\window\Window.cpp">
      <Filter>Source Files\Engine\Core\System\Window</Filter>
    </ClCompile>
    <ClCompile Include="Engine\src\core\engine\renderer\Renderer.cpp">
      <Filter>Source Files\Engine\Core\Renderer</Filter>
    </ClCompile>
    <ClCompile Include="Engine\src\core\engine\lights\LightProbe.cpp">
      <Filter>Source Files\Engine\Core\Lights</Filter>
    </ClCompile>
    <ClCompile Include="Engine\src\core\engine\utils\Logger.cpp">
      <Filter>Source Files\Engine\Core\Utils</Filter>
    </ClCompile>
    <ClCompile Include="Engine\src\core\engine\events\Engine_EventIncludes.cpp">
      <Filter>Source Files\Engine\Core\Events</Filter>
    </ClCompile>
    <ClCompile Include="Engine\src\core\engine\utils\ForcedInclude.cpp">
      <Filter>Source Files\Engine\Core\Utils</Filter>
    </ClCompile>
    <ClCompile Include="Engine\src\core\engine\model\ModelInstanceAnimation.cpp">
      <Filter>Source Files\Engine\Core\Model</Filter>
    </ClCompile>
    <ClCompile Include="Engine\src\core\engine\mesh\AnimationData.cpp">
      <Filter>Source Files\Engine\Core\Mesh</Filter>
    </ClCompile>
    <ClCompile Include="Engine\src\core\engine\renderer\opengl\OpenGL.cpp">
      <Filter>Source Files\Engine\Core\Renderer\opengl</Filter>
    </ClCompile>
    <ClCompile Include="Engine\src\core\engine\system\EngineMisc.cpp">
      <Filter>Source Files\Engine\Core\System</Filter>
    </ClCompile>
    <ClCompile Include="Engine\src\core\engine\networking\SocketManager.cpp">
      <Filter>Source Files\Engine\Core\Networking</Filter>
    </ClCompile>
    <ClCompile Include="Engine\src\core\engine\networking\server\Server.cpp">
      <Filter>Source Files\Engine\Core\Networking\Server</Filter>
    </ClCompile>
    <ClCompile Include="Engine\src\core\engine\networking\server\ServerThread.cpp">
      <Filter>Source Files\Engine\Core\Networking\Server</Filter>
    </ClCompile>
    <ClCompile Include="Engine\src\core\engine\networking\server\ServerClient.cpp">
      <Filter>Source Files\Engine\Core\Networking\Server</Filter>
    </ClCompile>
    <ClCompile Include="Engine\src\core\engine\networking\Packet.cpp">
      <Filter>Source Files\Engine\Core\Networking</Filter>
    </ClCompile>
    <ClCompile Include="Engine\src\core\engine\physics\PhysicsPipeline.cpp">
      <Filter>Source Files\Engine\Core\Physics</Filter>
    </ClCompile>
  </ItemGroup>
</Project>